{
  "version": 4,
  "terraform_version": "1.13.5",
  "serial": 251,
  "lineage": "bf883151-915b-0d96-5a2b-e1d52b171472",
  "outputs": {
    "alb_dns": {
      "value": "cms-community-alb-1106724923.ap-northeast-1.elb.amazonaws.com",
      "type": "string"
    },
    "bastion_public_ip": {
      "value": "18.182.55.5",
      "type": "string"
    },
    "cloudfront_admin_domain": {
      "value": "d37tk95qr48u7v.cloudfront.net",
      "type": "string"
    },
    "cloudfront_media_domain": {
      "value": "di5bsi5o5bxxw.cloudfront.net",
      "type": "string"
    },
    "cloudfront_user_domain": {
      "value": "d3lhnf2yskh39w.cloudfront.net",
      "type": "string"
    },
    "cognito_admin_client_id": {
      "value": "7j918ehmcoad92d0lmq9c77hlp",
      "type": "string"
    },
    "cognito_domain": {
      "value": "cms-community.auth.ap-northeast-1.amazoncognito.com",
      "type": "string"
    },
    "cognito_user_client_id": {
      "value": "5j9aco32eeb6nmjhhgt4dptd1r",
      "type": "string"
    },
    "cognito_user_pool_id": {
      "value": "ap-northeast-1_EvALpmRmg",
      "type": "string"
    },
    "media_bucket": {
      "value": "cms-community-media-a283e378",
      "type": "string"
    },
    "monitoring_iam_instance_profile": {
      "value": "cms-community-monitoring",
      "type": "string"
    },
    "monitoring_iam_role_arn": {
      "value": "arn:aws:iam::897722691159:role/cms-community-monitoring",
      "type": "string"
    },
    "rds_endpoint": {
      "value": "cms-community-mysql.c7smuc224951.ap-northeast-1.rds.amazonaws.com",
      "type": "string"
    },
    "secrets": {
      "value": {
        "api_keys": "arn:aws:secretsmanager:ap-northeast-1:897722691159:secret:cms-community/s3-l5lSAw",
        "cognito": "arn:aws:secretsmanager:ap-northeast-1:897722691159:secret:cms-community/cognito-JRH8hr",
        "database": "arn:aws:secretsmanager:ap-northeast-1:897722691159:secret:cms-community/db-rzHia8"
      },
      "type": [
        "object",
        {
          "api_keys": "string",
          "cognito": "string",
          "database": "string"
        }
      ]
    }
  },
  "resources": [
    {
      "mode": "data",
      "type": "aws_ami",
      "name": "amazon_linux",
      "provider": "provider[\"registry.terraform.io/hashicorp/aws\"]",
      "instances": [
        {
          "schema_version": 0,
          "attributes": {
            "architecture": "x86_64",
            "arn": "arn:aws:ec2:ap-northeast-1::image/ami-0410627c95c2f007f",
            "block_device_mappings": [
              {
                "device_name": "/dev/xvda",
                "ebs": {
                  "delete_on_termination": "true",
                  "encrypted": "false",
                  "iops": "3000",
                  "snapshot_id": "snap-065c97491f8505eb1",
                  "throughput": "125",
                  "volume_initialization_rate": "0",
                  "volume_size": "30",
                  "volume_type": "gp3"
                },
                "no_device": "",
                "virtual_name": ""
              }
            ],
            "boot_mode": "uefi-preferred",
            "creation_date": "2025-11-20T01:18:40.000Z",
            "deprecation_time": "2027-11-20T01:18:40.000Z",
            "description": "Amazon Linux AMI 2023.0.20251119 x86_64 ECS HVM EBS",
            "ena_support": true,
            "executable_users": null,
            "filter": [
              {
                "name": "name",
                "values": [
                  "al2023-ami-*-kernel-6.1-x86_64"
                ]
              }
            ],
            "hypervisor": "xen",
            "id": "ami-0410627c95c2f007f",
            "image_id": "ami-0410627c95c2f007f",
            "image_location": "amazon/al2023-ami-ecs-hvm-2023.0.20251119-kernel-6.1-x86_64",
            "image_owner_alias": "amazon",
            "image_type": "machine",
            "imds_support": "v2.0",
            "include_deprecated": false,
            "kernel_id": "",
            "last_launched_time": "",
            "most_recent": true,
            "name": "al2023-ami-ecs-hvm-2023.0.20251119-kernel-6.1-x86_64",
            "name_regex": null,
            "owner_id": "591542846629",
            "owners": [
              "amazon"
            ],
            "platform": "",
            "platform_details": "Linux/UNIX",
            "product_codes": [],
            "public": true,
            "ramdisk_id": "",
            "root_device_name": "/dev/xvda",
            "root_device_type": "ebs",
            "root_snapshot_id": "snap-065c97491f8505eb1",
            "sriov_net_support": "simple",
            "state": "available",
            "state_reason": {
              "code": "UNSET",
              "message": "UNSET"
            },
            "tags": {},
            "timeouts": null,
            "tpm_support": "",
            "uefi_data": null,
            "usage_operation": "RunInstances",
            "virtualization_type": "hvm"
          },
          "sensitive_attributes": [],
          "identity_schema_version": 0
        }
      ]
    },
    {
      "mode": "data",
      "type": "aws_availability_zones",
      "name": "available",
      "provider": "provider[\"registry.terraform.io/hashicorp/aws\"]",
      "instances": [
        {
          "schema_version": 0,
          "attributes": {
            "all_availability_zones": null,
            "exclude_names": null,
            "exclude_zone_ids": null,
            "filter": null,
            "group_names": [
              "ap-northeast-1-zg-1"
            ],
            "id": "ap-northeast-1",
            "names": [
              "ap-northeast-1a",
              "ap-northeast-1c",
              "ap-northeast-1d"
            ],
            "state": "available",
            "timeouts": null,
            "zone_ids": [
              "apne1-az4",
              "apne1-az1",
              "apne1-az2"
            ]
          },
          "sensitive_attributes": [],
          "identity_schema_version": 0
        }
      ]
    },
    {
      "mode": "data",
      "type": "aws_route53_zone",
      "name": "primary",
      "provider": "provider[\"registry.terraform.io/hashicorp/aws\"]",
      "instances": [
        {
          "schema_version": 0,
          "attributes": {
            "arn": "arn:aws:route53:::hostedzone/Z06566151EZ4NNXKJ2HVE",
            "caller_reference": "RISWorkflow-RD:0be4f7cb-42ba-4325-8b87-aae72c9d5227",
            "comment": "HostedZone created by Route53 Registrar",
            "id": "Z06566151EZ4NNXKJ2HVE",
            "linked_service_description": null,
            "linked_service_principal": null,
            "name": "cms-community.com",
            "name_servers": [
              "ns-1262.awsdns-29.org",
              "ns-1720.awsdns-23.co.uk",
              "ns-163.awsdns-20.com",
              "ns-850.awsdns-42.net"
            ],
            "primary_name_server": "ns-1262.awsdns-29.org",
            "private_zone": false,
            "resource_record_set_count": 15,
            "tags": {},
            "vpc_id": null,
            "zone_id": "Z06566151EZ4NNXKJ2HVE"
          },
          "sensitive_attributes": [],
          "identity_schema_version": 0
        }
      ]
    },
    {
      "mode": "managed",
      "type": "aws_acm_certificate",
      "name": "alb",
      "provider": "provider[\"registry.terraform.io/hashicorp/aws\"]",
      "instances": [
        {
          "schema_version": 0,
          "attributes": {
            "arn": "arn:aws:acm:ap-northeast-1:897722691159:certificate/731845b9-5734-4fab-8a39-9b7b6639d03a",
            "certificate_authority_arn": "",
            "certificate_body": null,
            "certificate_chain": null,
            "domain_name": "api.cms-community.com",
            "domain_validation_options": [
              {
                "domain_name": "api.cms-community.com",
                "resource_record_name": "_8b90a63de8b861e92a21c56cddef5ebf.api.cms-community.com.",
                "resource_record_type": "CNAME",
                "resource_record_value": "_42c8ae506472e99f06d77e56e41a225b.jkddzztszm.acm-validations.aws."
              }
            ],
            "early_renewal_duration": "",
            "id": "arn:aws:acm:ap-northeast-1:897722691159:certificate/731845b9-5734-4fab-8a39-9b7b6639d03a",
            "key_algorithm": "RSA_2048",
            "not_after": "2026-12-17T23:59:59Z",
            "not_before": "2025-11-18T00:00:00Z",
            "options": [
              {
                "certificate_transparency_logging_preference": "ENABLED"
              }
            ],
            "pending_renewal": false,
            "private_key": null,
            "renewal_eligibility": "ELIGIBLE",
            "renewal_summary": [],
            "status": "ISSUED",
            "subject_alternative_names": [
              "api.cms-community.com"
            ],
            "tags": {
              "Environment": "prod",
              "Project": "cms-community"
            },
            "tags_all": {
              "Environment": "prod",
              "Project": "cms-community"
            },
            "type": "AMAZON_ISSUED",
            "validation_emails": [],
            "validation_method": "DNS",
            "validation_option": []
          },
          "sensitive_attributes": [
            [
              {
                "type": "get_attr",
                "value": "private_key"
              }
            ]
          ],
          "identity_schema_version": 0,
          "private": "bnVsbA=="
        }
      ]
    },
    {
      "mode": "managed",
      "type": "aws_acm_certificate",
      "name": "cloudfront",
      "provider": "provider[\"registry.terraform.io/hashicorp/aws\"].us-east-1",
      "instances": [
        {
          "schema_version": 0,
          "attributes": {
            "arn": "arn:aws:acm:us-east-1:897722691159:certificate/33bee8ce-fab9-4e7d-84fb-a614375aee6f",
            "certificate_authority_arn": "",
            "certificate_body": null,
            "certificate_chain": null,
            "domain_name": "cms-community.com",
            "domain_validation_options": [
              {
                "domain_name": "admin.cms-community.com",
                "resource_record_name": "_a3d92860a0b5a3604722ab64050d86da.admin.cms-community.com.",
                "resource_record_type": "CNAME",
                "resource_record_value": "_75cb1f64f5089b0579437d030cc73858.jkddzztszm.acm-validations.aws."
              },
              {
                "domain_name": "cms-community.com",
                "resource_record_name": "_641290a5b1812288c64cd236d3d0332b.cms-community.com.",
                "resource_record_type": "CNAME",
                "resource_record_value": "_238158f68981b3a960f6b47ff6b147ef.jkddzztszm.acm-validations.aws."
              },
              {
                "domain_name": "media.cms-community.com",
                "resource_record_name": "_18850ba11c3ee7c68c4f543d58dbde5e.media.cms-community.com.",
                "resource_record_type": "CNAME",
                "resource_record_value": "_9b10a21f86508973128248696316d2c0.jkddzztszm.acm-validations.aws."
              },
              {
                "domain_name": "user.cms-community.com",
                "resource_record_name": "_0a6a8e5da91284a7fb0fdcccefe0edf2.user.cms-community.com.",
                "resource_record_type": "CNAME",
                "resource_record_value": "_faecb998a847387c6512f18bde3a53da.jkddzztszm.acm-validations.aws."
              }
            ],
            "early_renewal_duration": "",
            "id": "arn:aws:acm:us-east-1:897722691159:certificate/33bee8ce-fab9-4e7d-84fb-a614375aee6f",
            "key_algorithm": "RSA_2048",
            "not_after": "2026-12-17T23:59:59Z",
            "not_before": "2025-11-18T00:00:00Z",
            "options": [
              {
                "certificate_transparency_logging_preference": "ENABLED"
              }
            ],
            "pending_renewal": false,
            "private_key": null,
            "renewal_eligibility": "ELIGIBLE",
            "renewal_summary": [],
            "status": "ISSUED",
            "subject_alternative_names": [
              "admin.cms-community.com",
              "cms-community.com",
              "media.cms-community.com",
              "user.cms-community.com"
            ],
            "tags": {
              "Environment": "prod",
              "Project": "cms-community"
            },
            "tags_all": {
              "Environment": "prod",
              "Project": "cms-community"
            },
            "type": "AMAZON_ISSUED",
            "validation_emails": [],
            "validation_method": "DNS",
            "validation_option": []
          },
          "sensitive_attributes": [
            [
              {
                "type": "get_attr",
                "value": "private_key"
              }
            ]
          ],
          "identity_schema_version": 0,
          "private": "bnVsbA==",
          "create_before_destroy": true
        }
      ]
    },
    {
      "mode": "managed",
      "type": "aws_acm_certificate_validation",
      "name": "alb",
      "provider": "provider[\"registry.terraform.io/hashicorp/aws\"]",
      "instances": [
        {
          "schema_version": 0,
          "attributes": {
            "certificate_arn": "arn:aws:acm:ap-northeast-1:897722691159:certificate/731845b9-5734-4fab-8a39-9b7b6639d03a",
            "id": "2025-11-18 01:48:49.446 +0000 UTC",
            "timeouts": null,
            "validation_record_fqdns": [
              "_8b90a63de8b861e92a21c56cddef5ebf.api.cms-community.com"
            ]
          },
          "sensitive_attributes": [],
          "identity_schema_version": 0,
          "private": "eyJlMmJmYjczMC1lY2FhLTExZTYtOGY4OC0zNDM2M2JjN2M0YzAiOnsiY3JlYXRlIjo0NTAwMDAwMDAwMDAwfX0=",
          "dependencies": [
            "aws_acm_certificate.alb",
            "aws_route53_record.alb_validation",
            "data.aws_route53_zone.primary"
          ]
        }
      ]
    },
    {
      "mode": "managed",
      "type": "aws_acm_certificate_validation",
      "name": "cloudfront",
      "provider": "provider[\"registry.terraform.io/hashicorp/aws\"].us-east-1",
      "instances": [
        {
          "schema_version": 0,
          "attributes": {
            "certificate_arn": "arn:aws:acm:us-east-1:897722691159:certificate/33bee8ce-fab9-4e7d-84fb-a614375aee6f",
            "id": "2025-11-18 01:48:51.163 +0000 UTC",
            "timeouts": null,
            "validation_record_fqdns": [
              "_0a6a8e5da91284a7fb0fdcccefe0edf2.user.cms-community.com",
              "_18850ba11c3ee7c68c4f543d58dbde5e.media.cms-community.com",
              "_641290a5b1812288c64cd236d3d0332b.cms-community.com",
              "_a3d92860a0b5a3604722ab64050d86da.admin.cms-community.com"
            ]
          },
          "sensitive_attributes": [],
          "identity_schema_version": 0,
          "private": "eyJlMmJmYjczMC1lY2FhLTExZTYtOGY4OC0zNDM2M2JjN2M0YzAiOnsiY3JlYXRlIjo0NTAwMDAwMDAwMDAwfX0=",
          "dependencies": [
            "aws_acm_certificate.cloudfront",
            "aws_route53_record.cf_validation",
            "data.aws_route53_zone.primary"
          ]
        }
      ]
    },
    {
      "mode": "managed",
      "type": "aws_cloudfront_distribution",
      "name": "admin",
      "provider": "provider[\"registry.terraform.io/hashicorp/aws\"]",
      "instances": [
        {
          "schema_version": 1,
          "attributes": {
            "aliases": [
              "admin.cms-community.com"
            ],
            "arn": "arn:aws:cloudfront::897722691159:distribution/E2650NO9CYI7HY",
            "caller_reference": "terraform-2025111802085988830000000a",
            "comment": null,
            "continuous_deployment_policy_id": "",
            "custom_error_response": [],
            "default_cache_behavior": [
              {
                "allowed_methods": [
                  "GET",
                  "HEAD"
                ],
                "cache_policy_id": "",
                "cached_methods": [
                  "GET",
                  "HEAD"
                ],
                "compress": true,
                "default_ttl": 0,
                "field_level_encryption_id": "",
                "forwarded_values": [
                  {
                    "cookies": [
                      {
                        "forward": "none",
                        "whitelisted_names": []
                      }
                    ],
                    "headers": [],
                    "query_string": false,
                    "query_string_cache_keys": []
                  }
                ],
                "function_association": [],
                "grpc_config": [
                  {
                    "enabled": false
                  }
                ],
                "lambda_function_association": [],
                "max_ttl": 0,
                "min_ttl": 0,
                "origin_request_policy_id": "",
                "realtime_log_config_arn": "",
                "response_headers_policy_id": "",
                "smooth_streaming": false,
                "target_origin_id": "admin",
                "trusted_key_groups": [],
                "trusted_signers": [],
                "viewer_protocol_policy": "redirect-to-https"
              }
            ],
            "default_root_object": "index.html",
            "domain_name": "d37tk95qr48u7v.cloudfront.net",
            "enabled": true,
            "etag": "E385Q9GR36UUH0",
            "hosted_zone_id": "Z2FDTNDATAQYW2",
            "http_version": "http2",
            "id": "E2650NO9CYI7HY",
            "in_progress_validation_batches": 0,
            "is_ipv6_enabled": false,
            "last_modified_time": "2025-11-18 02:09:00.506 +0000 UTC",
            "logging_config": [],
            "ordered_cache_behavior": [],
            "origin": [
              {
                "connection_attempts": 3,
                "connection_timeout": 10,
                "custom_header": [],
                "custom_origin_config": [],
                "domain_name": "cms-community-frontend-admin.s3.ap-northeast-1.amazonaws.com",
                "origin_access_control_id": "E3IFJO8IIMHE39",
                "origin_id": "admin",
                "origin_path": "",
                "origin_shield": [],
                "s3_origin_config": [],
                "vpc_origin_config": []
              }
            ],
            "origin_group": [],
            "price_class": "PriceClass_200",
            "restrictions": [
              {
                "geo_restriction": [
                  {
                    "locations": [],
                    "restriction_type": "none"
                  }
                ]
              }
            ],
            "retain_on_delete": false,
            "staging": false,
            "status": "Deployed",
            "tags": {
              "Environment": "prod",
              "Project": "cms-community"
            },
            "tags_all": {
              "Environment": "prod",
              "Project": "cms-community"
            },
            "trusted_key_groups": [
              {
                "enabled": false,
                "items": []
              }
            ],
            "trusted_signers": [
              {
                "enabled": false,
                "items": []
              }
            ],
            "viewer_certificate": [
              {
                "acm_certificate_arn": "arn:aws:acm:us-east-1:897722691159:certificate/33bee8ce-fab9-4e7d-84fb-a614375aee6f",
                "cloudfront_default_certificate": false,
                "iam_certificate_id": "",
                "minimum_protocol_version": "TLSv1",
                "ssl_support_method": "sni-only"
              }
            ],
            "wait_for_deployment": true,
            "web_acl_id": ""
          },
          "sensitive_attributes": [],
          "identity_schema_version": 0,
          "private": "eyJzY2hlbWFfdmVyc2lvbiI6IjEifQ==",
          "dependencies": [
            "aws_acm_certificate.cloudfront",
            "aws_acm_certificate_validation.cloudfront",
            "aws_cloudfront_origin_access_control.oac",
            "aws_route53_record.cf_validation",
            "aws_s3_bucket.frontend_admin",
            "data.aws_route53_zone.primary"
          ]
        }
      ]
    },
    {
      "mode": "managed",
      "type": "aws_cloudfront_distribution",
      "name": "media",
      "provider": "provider[\"registry.terraform.io/hashicorp/aws\"]",
      "instances": [
        {
          "schema_version": 1,
          "attributes": {
            "aliases": [
              "media.cms-community.com"
            ],
            "arn": "arn:aws:cloudfront::897722691159:distribution/E1L0ONQUMQ2H0A",
            "caller_reference": "terraform-20251118014912083700000009",
            "comment": null,
            "continuous_deployment_policy_id": "",
            "custom_error_response": [],
            "default_cache_behavior": [
              {
                "allowed_methods": [
                  "GET",
                  "HEAD"
                ],
                "cache_policy_id": "",
                "cached_methods": [
                  "GET",
                  "HEAD"
                ],
                "compress": true,
                "default_ttl": 0,
                "field_level_encryption_id": "",
                "forwarded_values": [
                  {
                    "cookies": [
                      {
                        "forward": "none",
                        "whitelisted_names": []
                      }
                    ],
                    "headers": [],
                    "query_string": false,
                    "query_string_cache_keys": []
                  }
                ],
                "function_association": [],
                "grpc_config": [
                  {
                    "enabled": false
                  }
                ],
                "lambda_function_association": [],
                "max_ttl": 0,
                "min_ttl": 0,
                "origin_request_policy_id": "",
                "realtime_log_config_arn": "",
                "response_headers_policy_id": "",
                "smooth_streaming": false,
                "target_origin_id": "media",
                "trusted_key_groups": [],
                "trusted_signers": [],
                "viewer_protocol_policy": "redirect-to-https"
              }
            ],
            "default_root_object": "",
            "domain_name": "di5bsi5o5bxxw.cloudfront.net",
            "enabled": true,
            "etag": "EPII7ILJWOZTF",
            "hosted_zone_id": "Z2FDTNDATAQYW2",
            "http_version": "http2",
            "id": "E1L0ONQUMQ2H0A",
            "in_progress_validation_batches": 0,
            "is_ipv6_enabled": false,
            "last_modified_time": "2025-11-18 01:49:12.686 +0000 UTC",
            "logging_config": [],
            "ordered_cache_behavior": [],
            "origin": [
              {
                "connection_attempts": 3,
                "connection_timeout": 10,
                "custom_header": [],
                "custom_origin_config": [],
                "domain_name": "cms-community-media-a283e378.s3.ap-northeast-1.amazonaws.com",
                "origin_access_control_id": "E3IFJO8IIMHE39",
                "origin_id": "media",
                "origin_path": "",
                "origin_shield": [],
                "s3_origin_config": [],
                "vpc_origin_config": []
              }
            ],
            "origin_group": [],
            "price_class": "PriceClass_200",
            "restrictions": [
              {
                "geo_restriction": [
                  {
                    "locations": [],
                    "restriction_type": "none"
                  }
                ]
              }
            ],
            "retain_on_delete": false,
            "staging": false,
            "status": "Deployed",
            "tags": {
              "Environment": "prod",
              "Project": "cms-community"
            },
            "tags_all": {
              "Environment": "prod",
              "Project": "cms-community"
            },
            "trusted_key_groups": [
              {
                "enabled": false,
                "items": []
              }
            ],
            "trusted_signers": [
              {
                "enabled": false,
                "items": []
              }
            ],
            "viewer_certificate": [
              {
                "acm_certificate_arn": "arn:aws:acm:us-east-1:897722691159:certificate/33bee8ce-fab9-4e7d-84fb-a614375aee6f",
                "cloudfront_default_certificate": false,
                "iam_certificate_id": "",
                "minimum_protocol_version": "TLSv1",
                "ssl_support_method": "sni-only"
              }
            ],
            "wait_for_deployment": true,
            "web_acl_id": ""
          },
          "sensitive_attributes": [],
          "identity_schema_version": 0,
          "private": "eyJzY2hlbWFfdmVyc2lvbiI6IjEifQ==",
          "dependencies": [
            "aws_acm_certificate.cloudfront",
            "aws_acm_certificate_validation.cloudfront",
            "aws_cloudfront_origin_access_control.oac",
            "aws_route53_record.cf_validation",
            "aws_s3_bucket.media",
            "data.aws_route53_zone.primary",
            "random_id.media"
          ]
        }
      ]
    },
    {
      "mode": "managed",
      "type": "aws_cloudfront_distribution",
      "name": "user",
      "provider": "provider[\"registry.terraform.io/hashicorp/aws\"]",
      "instances": [
        {
          "schema_version": 1,
          "attributes": {
            "aliases": [
              "user.cms-community.com"
            ],
            "arn": "arn:aws:cloudfront::897722691159:distribution/E5T21JIE159KX",
            "caller_reference": "terraform-2025111802090042060000000c",
            "comment": null,
            "continuous_deployment_policy_id": "",
            "custom_error_response": [],
            "default_cache_behavior": [
              {
                "allowed_methods": [
                  "GET",
                  "HEAD"
                ],
                "cache_policy_id": "",
                "cached_methods": [
                  "GET",
                  "HEAD"
                ],
                "compress": true,
                "default_ttl": 0,
                "field_level_encryption_id": "",
                "forwarded_values": [
                  {
                    "cookies": [
                      {
                        "forward": "none",
                        "whitelisted_names": []
                      }
                    ],
                    "headers": [],
                    "query_string": false,
                    "query_string_cache_keys": []
                  }
                ],
                "function_association": [],
                "grpc_config": [
                  {
                    "enabled": false
                  }
                ],
                "lambda_function_association": [],
                "max_ttl": 0,
                "min_ttl": 0,
                "origin_request_policy_id": "",
                "realtime_log_config_arn": "",
                "response_headers_policy_id": "",
                "smooth_streaming": false,
                "target_origin_id": "user",
                "trusted_key_groups": [],
                "trusted_signers": [],
                "viewer_protocol_policy": "redirect-to-https"
              }
            ],
            "default_root_object": "index.html",
            "domain_name": "d3lhnf2yskh39w.cloudfront.net",
            "enabled": true,
            "etag": "E1YASF9DP5SW00",
            "hosted_zone_id": "Z2FDTNDATAQYW2",
            "http_version": "http2",
            "id": "E5T21JIE159KX",
            "in_progress_validation_batches": 0,
            "is_ipv6_enabled": false,
            "last_modified_time": "2025-11-18 02:09:01.011 +0000 UTC",
            "logging_config": [],
            "ordered_cache_behavior": [],
            "origin": [
              {
                "connection_attempts": 3,
                "connection_timeout": 10,
                "custom_header": [],
                "custom_origin_config": [],
                "domain_name": "cms-community-frontend-user.s3.ap-northeast-1.amazonaws.com",
                "origin_access_control_id": "E3IFJO8IIMHE39",
                "origin_id": "user",
                "origin_path": "",
                "origin_shield": [],
                "s3_origin_config": [],
                "vpc_origin_config": []
              }
            ],
            "origin_group": [],
            "price_class": "PriceClass_200",
            "restrictions": [
              {
                "geo_restriction": [
                  {
                    "locations": [],
                    "restriction_type": "none"
                  }
                ]
              }
            ],
            "retain_on_delete": false,
            "staging": false,
            "status": "Deployed",
            "tags": {
              "Environment": "prod",
              "Project": "cms-community"
            },
            "tags_all": {
              "Environment": "prod",
              "Project": "cms-community"
            },
            "trusted_key_groups": [
              {
                "enabled": false,
                "items": []
              }
            ],
            "trusted_signers": [
              {
                "enabled": false,
                "items": []
              }
            ],
            "viewer_certificate": [
              {
                "acm_certificate_arn": "arn:aws:acm:us-east-1:897722691159:certificate/33bee8ce-fab9-4e7d-84fb-a614375aee6f",
                "cloudfront_default_certificate": false,
                "iam_certificate_id": "",
                "minimum_protocol_version": "TLSv1",
                "ssl_support_method": "sni-only"
              }
            ],
            "wait_for_deployment": true,
            "web_acl_id": ""
          },
          "sensitive_attributes": [],
          "identity_schema_version": 0,
          "private": "eyJzY2hlbWFfdmVyc2lvbiI6IjEifQ==",
          "dependencies": [
            "aws_acm_certificate.cloudfront",
            "aws_acm_certificate_validation.cloudfront",
            "aws_cloudfront_origin_access_control.oac",
            "aws_route53_record.cf_validation",
            "aws_s3_bucket.frontend_user",
            "data.aws_route53_zone.primary"
          ]
        }
      ]
    },
    {
      "mode": "managed",
      "type": "aws_cloudfront_origin_access_control",
      "name": "oac",
      "provider": "provider[\"registry.terraform.io/hashicorp/aws\"]",
      "instances": [
        {
          "schema_version": 0,
          "attributes": {
            "arn": "arn:aws:cloudfront::897722691159:origin-access-control/E3IFJO8IIMHE39",
            "description": "S3 access for CloudFront",
            "etag": "ETVPDKIKX0DER",
            "id": "E3IFJO8IIMHE39",
            "name": "cms-community-oac",
            "origin_access_control_origin_type": "s3",
            "signing_behavior": "always",
            "signing_protocol": "sigv4"
          },
          "sensitive_attributes": [],
          "identity_schema_version": 0,
          "private": "bnVsbA=="
        }
      ]
    },
    {
      "mode": "managed",
      "type": "aws_cloudwatch_log_group",
      "name": "ecs",
      "provider": "provider[\"registry.terraform.io/hashicorp/aws\"]",
      "instances": [
        {
          "schema_version": 0,
          "attributes": {
            "arn": "arn:aws:logs:ap-northeast-1:897722691159:log-group:/aws/ecs/cms-community",
            "id": "/aws/ecs/cms-community",
            "kms_key_id": "",
            "log_group_class": "STANDARD",
            "name": "/aws/ecs/cms-community",
            "name_prefix": "",
            "retention_in_days": 30,
            "skip_destroy": false,
            "tags": {
              "Environment": "prod",
              "Project": "cms-community"
            },
            "tags_all": {
              "Environment": "prod",
              "Project": "cms-community"
            }
          },
          "sensitive_attributes": [],
          "identity_schema_version": 0,
          "private": "bnVsbA=="
        }
      ]
    },
    {
      "mode": "managed",
      "type": "aws_cognito_resource_server",
      "name": "admin",
      "provider": "provider[\"registry.terraform.io/hashicorp/aws\"]",
      "instances": [
        {
          "schema_version": 0,
          "attributes": {
            "id": "ap-northeast-1_EvALpmRmg|cms-community.api",
            "identifier": "cms-community.api",
            "name": "cms-community-resource-server",
            "scope": [
              {
                "scope_description": "Administrator access",
                "scope_name": "admin"
              }
            ],
            "scope_identifiers": [
              "cms-community.api/admin"
            ],
            "user_pool_id": "ap-northeast-1_EvALpmRmg"
          },
          "sensitive_attributes": [],
          "identity_schema_version": 0,
          "private": "bnVsbA==",
          "dependencies": [
            "aws_cognito_user_pool.main"
          ]
        }
      ]
    },
    {
      "mode": "managed",
      "type": "aws_cognito_user_group",
      "name": "admin",
      "provider": "provider[\"registry.terraform.io/hashicorp/aws\"]",
      "instances": [
        {
          "schema_version": 0,
          "attributes": {
            "description": "Administrators",
            "id": "ap-northeast-1_EvALpmRmg/admin",
            "name": "admin",
            "precedence": 1,
            "role_arn": "",
            "user_pool_id": "ap-northeast-1_EvALpmRmg"
          },
          "sensitive_attributes": [],
          "identity_schema_version": 0,
          "private": "bnVsbA==",
          "dependencies": [
            "aws_cognito_user_pool.main"
          ]
        }
      ]
    },
    {
      "mode": "managed",
      "type": "aws_cognito_user_group",
      "name": "user",
      "provider": "provider[\"registry.terraform.io/hashicorp/aws\"]",
      "instances": [
        {
          "schema_version": 0,
          "attributes": {
            "description": "Regular users",
            "id": "ap-northeast-1_EvALpmRmg/user",
            "name": "user",
            "precedence": 5,
            "role_arn": "",
            "user_pool_id": "ap-northeast-1_EvALpmRmg"
          },
          "sensitive_attributes": [],
          "identity_schema_version": 0,
          "private": "bnVsbA==",
          "dependencies": [
            "aws_cognito_user_pool.main"
          ]
        }
      ]
    },
    {
      "mode": "managed",
      "type": "aws_cognito_user_pool",
      "name": "main",
      "provider": "provider[\"registry.terraform.io/hashicorp/aws\"]",
      "instances": [
        {
          "schema_version": 0,
          "attributes": {
            "account_recovery_setting": [
              {
                "recovery_mechanism": [
                  {
                    "name": "verified_email",
                    "priority": 1
                  },
                  {
                    "name": "verified_phone_number",
                    "priority": 2
                  }
                ]
              }
            ],
            "admin_create_user_config": [
              {
                "allow_admin_create_user_only": false,
                "invite_message_template": []
              }
            ],
            "alias_attributes": [
              "email"
            ],
            "arn": "arn:aws:cognito-idp:ap-northeast-1:897722691159:userpool/ap-northeast-1_EvALpmRmg",
            "auto_verified_attributes": [
              "email"
            ],
            "creation_date": "2025-11-18T01:48:29Z",
            "custom_domain": "",
            "deletion_protection": "INACTIVE",
            "device_configuration": [],
            "domain": "cms-community",
            "email_configuration": [
              {
                "configuration_set": "",
                "email_sending_account": "COGNITO_DEFAULT",
                "from_email_address": "",
                "reply_to_email_address": "",
                "source_arn": ""
              }
            ],
            "email_mfa_configuration": [],
            "email_verification_message": "",
            "email_verification_subject": "",
            "endpoint": "cognito-idp.ap-northeast-1.amazonaws.com/ap-northeast-1_EvALpmRmg",
            "estimated_number_of_users": 4,
            "id": "ap-northeast-1_EvALpmRmg",
            "lambda_config": [],
            "last_modified_date": "2025-11-18T01:48:29Z",
            "mfa_configuration": "OFF",
            "name": "cms-community-user-pool",
            "password_policy": [
              {
                "minimum_length": 8,
                "password_history_size": 0,
                "require_lowercase": true,
                "require_numbers": true,
                "require_symbols": false,
                "require_uppercase": true,
                "temporary_password_validity_days": 7
              }
            ],
            "schema": [
              {
                "attribute_data_type": "String",
                "developer_only_attribute": false,
                "mutable": true,
                "name": "email",
                "number_attribute_constraints": [],
                "required": true,
                "string_attribute_constraints": [
                  {
                    "max_length": "256",
                    "min_length": "5"
                  }
                ]
              },
              {
                "attribute_data_type": "String",
                "developer_only_attribute": false,
                "mutable": true,
                "name": "nickname",
                "number_attribute_constraints": [],
                "required": false,
                "string_attribute_constraints": [
                  {
                    "max_length": "50",
                    "min_length": "1"
                  }
                ]
              }
            ],
            "sign_in_policy": [
              {
                "allowed_first_auth_factors": [
                  "PASSWORD"
                ]
              }
            ],
            "sms_authentication_message": "",
            "sms_configuration": [],
            "sms_verification_message": "",
            "software_token_mfa_configuration": [],
            "tags": {
              "Environment": "prod",
              "Project": "cms-community"
            },
            "tags_all": {
              "Environment": "prod",
              "Project": "cms-community"
            },
            "user_attribute_update_settings": [],
            "user_pool_add_ons": [],
            "user_pool_tier": "ESSENTIALS",
            "username_attributes": [],
            "username_configuration": [
              {
                "case_sensitive": false
              }
            ],
            "verification_message_template": [
              {
                "default_email_option": "CONFIRM_WITH_CODE",
                "email_message": "",
                "email_message_by_link": "",
                "email_subject": "",
                "email_subject_by_link": "",
                "sms_message": ""
              }
            ],
            "web_authn_configuration": []
          },
          "sensitive_attributes": [],
          "identity_schema_version": 0,
          "private": "bnVsbA=="
        }
      ]
    },
    {
      "mode": "managed",
      "type": "aws_cognito_user_pool_client",
      "name": "admin",
      "provider": "provider[\"registry.terraform.io/hashicorp/aws\"]",
      "instances": [
        {
          "schema_version": 0,
          "attributes": {
            "access_token_validity": 60,
            "allowed_oauth_flows": [
              "code"
            ],
            "allowed_oauth_flows_user_pool_client": true,
            "allowed_oauth_scopes": [
              "cms-community.api/admin",
              "openid",
              "profile"
            ],
            "analytics_configuration": [],
            "auth_session_validity": 3,
            "callback_urls": [
              "https://admin.cms-community.com/",
              "https://admin.cms-community.com/auth/callback"
            ],
            "client_secret": "",
            "default_redirect_uri": "",
            "enable_propagate_additional_user_context_data": false,
            "enable_token_revocation": true,
            "explicit_auth_flows": [
              "ALLOW_ADMIN_USER_PASSWORD_AUTH",
              "ALLOW_REFRESH_TOKEN_AUTH",
              "ALLOW_USER_SRP_AUTH"
            ],
            "generate_secret": false,
            "id": "7j918ehmcoad92d0lmq9c77hlp",
            "id_token_validity": 60,
            "logout_urls": [
              "https://admin.cms-community.com/"
            ],
            "name": "cms-community-admin-client",
            "prevent_user_existence_errors": "ENABLED",
            "read_attributes": [],
            "refresh_token_rotation": [],
            "refresh_token_validity": 30,
            "supported_identity_providers": [
              "COGNITO"
            ],
            "token_validity_units": [
              {
                "access_token": "minutes",
                "id_token": "minutes",
                "refresh_token": "days"
              }
            ],
            "user_pool_id": "ap-northeast-1_EvALpmRmg",
            "write_attributes": []
          },
          "sensitive_attributes": [
            [
              {
                "type": "get_attr",
                "value": "client_secret"
              }
            ]
          ],
          "identity_schema_version": 0,
          "dependencies": [
            "aws_cognito_resource_server.admin",
            "aws_cognito_user_pool.main"
          ]
        }
      ]
    },
    {
      "mode": "managed",
      "type": "aws_cognito_user_pool_client",
      "name": "user",
      "provider": "provider[\"registry.terraform.io/hashicorp/aws\"]",
      "instances": [
        {
          "schema_version": 0,
          "attributes": {
            "access_token_validity": 60,
            "allowed_oauth_flows": [
              "code"
            ],
            "allowed_oauth_flows_user_pool_client": true,
            "allowed_oauth_scopes": [
              "openid",
              "profile"
            ],
            "analytics_configuration": [],
            "auth_session_validity": 3,
            "callback_urls": [
              "https://user.cms-community.com/",
              "https://user.cms-community.com/auth/callback"
            ],
            "client_secret": "",
            "default_redirect_uri": "",
            "enable_propagate_additional_user_context_data": false,
            "enable_token_revocation": true,
            "explicit_auth_flows": [
              "ALLOW_ADMIN_USER_PASSWORD_AUTH",
              "ALLOW_REFRESH_TOKEN_AUTH",
              "ALLOW_USER_PASSWORD_AUTH",
              "ALLOW_USER_SRP_AUTH"
            ],
            "generate_secret": false,
            "id": "5j9aco32eeb6nmjhhgt4dptd1r",
            "id_token_validity": 60,
            "logout_urls": [
              "https://user.cms-community.com/"
            ],
            "name": "cms-community-user-client",
            "prevent_user_existence_errors": "ENABLED",
            "read_attributes": [],
            "refresh_token_rotation": [],
            "refresh_token_validity": 30,
            "supported_identity_providers": [
              "COGNITO"
            ],
            "token_validity_units": [
              {
                "access_token": "minutes",
                "id_token": "minutes",
                "refresh_token": "days"
              }
            ],
            "user_pool_id": "ap-northeast-1_EvALpmRmg",
            "write_attributes": []
          },
          "sensitive_attributes": [
            [
              {
                "type": "get_attr",
                "value": "client_secret"
              }
            ]
          ],
          "identity_schema_version": 0,
          "dependencies": [
            "aws_cognito_user_pool.main"
          ]
        }
      ]
    },
    {
      "mode": "managed",
      "type": "aws_cognito_user_pool_domain",
      "name": "main",
      "provider": "provider[\"registry.terraform.io/hashicorp/aws\"]",
      "instances": [
        {
          "schema_version": 0,
          "attributes": {
            "aws_account_id": "897722691159",
            "certificate_arn": "",
            "cloudfront_distribution": "d3vhah7crmmd43.cloudfront.net",
            "cloudfront_distribution_arn": "d3vhah7crmmd43.cloudfront.net",
            "cloudfront_distribution_zone_id": "Z2FDTNDATAQYW2",
            "domain": "cms-community",
            "id": "cms-community",
            "managed_login_version": 1,
            "s3_bucket": "aws-cognito-prod-nrt-assets",
            "user_pool_id": "ap-northeast-1_EvALpmRmg",
            "version": "20251118014830"
          },
          "sensitive_attributes": [],
          "identity_schema_version": 0,
          "private": "bnVsbA==",
          "dependencies": [
            "aws_cognito_user_pool.main"
          ]
        }
      ]
    },
    {
      "mode": "managed",
      "type": "aws_db_instance",
      "name": "app",
      "provider": "provider[\"registry.terraform.io/hashicorp/aws\"]",
      "instances": [
        {
          "schema_version": 2,
          "attributes": {
            "address": "cms-community-mysql.c7smuc224951.ap-northeast-1.rds.amazonaws.com",
            "allocated_storage": 20,
            "allow_major_version_upgrade": null,
            "apply_immediately": true,
            "arn": "arn:aws:rds:ap-northeast-1:897722691159:db:cms-community-mysql",
            "auto_minor_version_upgrade": true,
            "availability_zone": "ap-northeast-1c",
            "backup_retention_period": 7,
            "backup_target": "region",
            "backup_window": "17:19-17:49",
            "blue_green_update": [],
            "ca_cert_identifier": "rds-ca-rsa2048-g1",
            "character_set_name": "",
            "copy_tags_to_snapshot": false,
            "custom_iam_instance_profile": "",
            "customer_owned_ip_enabled": false,
            "database_insights_mode": "standard",
            "db_name": "cmsdb",
            "db_subnet_group_name": "cms-community-rds-subnet",
            "dedicated_log_volume": false,
            "delete_automated_backups": true,
            "deletion_protection": false,
            "domain": "",
            "domain_auth_secret_arn": "",
            "domain_dns_ips": [],
            "domain_fqdn": "",
            "domain_iam_role_name": "",
            "domain_ou": "",
            "enabled_cloudwatch_logs_exports": [],
            "endpoint": "cms-community-mysql.c7smuc224951.ap-northeast-1.rds.amazonaws.com:3306",
            "engine": "mysql",
            "engine_lifecycle_support": "open-source-rds-extended-support",
            "engine_version": "8.0",
            "engine_version_actual": "8.0.43",
            "final_snapshot_identifier": null,
            "hosted_zone_id": "Z24O6O9L7SGTNB",
            "iam_database_authentication_enabled": false,
            "id": "db-CH3YHVCPEFABNOPKHUKMTNFHQA",
            "identifier": "cms-community-mysql",
            "identifier_prefix": "",
            "instance_class": "db.t3.micro",
            "iops": 0,
            "kms_key_id": "",
            "latest_restorable_time": "2025-11-26T14:35:00Z",
            "license_model": "general-public-license",
            "listener_endpoint": [],
            "maintenance_window": "wed:16:22-wed:16:52",
            "manage_master_user_password": null,
            "master_user_secret": [],
            "master_user_secret_kms_key_id": null,
            "max_allocated_storage": 0,
            "monitoring_interval": 0,
            "monitoring_role_arn": "",
            "multi_az": false,
            "nchar_character_set_name": "",
            "network_type": "IPV4",
            "option_group_name": "default:mysql-8-0",
            "parameter_group_name": "default.mysql8.0",
            "password": "Kopo1234!!",
            "password_wo": null,
            "password_wo_version": null,
            "performance_insights_enabled": false,
            "performance_insights_kms_key_id": "",
            "performance_insights_retention_period": 0,
            "port": 3306,
            "publicly_accessible": false,
            "replica_mode": "",
            "replicas": [],
            "replicate_source_db": "",
            "resource_id": "db-CH3YHVCPEFABNOPKHUKMTNFHQA",
            "restore_to_point_in_time": [],
            "s3_import": [],
            "skip_final_snapshot": true,
            "snapshot_identifier": null,
            "status": "available",
            "storage_encrypted": false,
            "storage_throughput": 0,
            "storage_type": "gp2",
            "tags": {
              "Environment": "prod",
              "Project": "cms-community"
            },
            "tags_all": {
              "Environment": "prod",
              "Project": "cms-community"
            },
            "timeouts": null,
            "timezone": "",
            "upgrade_storage_config": null,
            "username": "admin",
            "vpc_security_group_ids": [
              "sg-05a5e6845ec793275"
            ]
          },
          "sensitive_attributes": [
            [
              {
                "type": "get_attr",
                "value": "password"
              }
            ],
            [
              {
                "type": "get_attr",
                "value": "password_wo"
              }
            ]
          ],
          "identity_schema_version": 0,
          "private": "eyJlMmJmYjczMC1lY2FhLTExZTYtOGY4OC0zNDM2M2JjN2M0YzAiOnsiY3JlYXRlIjozMDAwMDAwMDAwMDAwLCJkZWxldGUiOjM2MDAwMDAwMDAwMDAsInVwZGF0ZSI6NDgwMDAwMDAwMDAwMH0sInNjaGVtYV92ZXJzaW9uIjoiMiJ9",
          "dependencies": [
            "aws_db_subnet_group.mysql",
            "aws_security_group.alb",
            "aws_security_group.bastion",
            "aws_security_group.ecs",
            "aws_security_group.rds",
            "aws_subnet.private",
            "aws_vpc.main",
            "data.aws_availability_zones.available"
          ]
        }
      ]
    },
    {
      "mode": "managed",
      "type": "aws_db_subnet_group",
      "name": "mysql",
      "provider": "provider[\"registry.terraform.io/hashicorp/aws\"]",
      "instances": [
        {
          "schema_version": 0,
          "attributes": {
            "arn": "arn:aws:rds:ap-northeast-1:897722691159:subgrp:cms-community-rds-subnet",
            "description": "Managed by Terraform",
            "id": "cms-community-rds-subnet",
            "name": "cms-community-rds-subnet",
            "name_prefix": "",
            "subnet_ids": [
              "subnet-04b7392b801def65b",
              "subnet-051eb100160b80207"
            ],
            "supported_network_types": [
              "IPV4"
            ],
            "tags": {
              "Environment": "prod",
              "Project": "cms-community"
            },
            "tags_all": {
              "Environment": "prod",
              "Project": "cms-community"
            },
            "vpc_id": "vpc-0d0de629c611f3f04"
          },
          "sensitive_attributes": [],
          "identity_schema_version": 0,
          "private": "bnVsbA==",
          "dependencies": [
            "aws_subnet.private",
            "aws_vpc.main",
            "data.aws_availability_zones.available"
          ]
        }
      ]
    },
    {
      "mode": "managed",
      "type": "aws_ecr_repository",
      "name": "backend",
      "provider": "provider[\"registry.terraform.io/hashicorp/aws\"]",
      "instances": [
        {
          "schema_version": 0,
          "attributes": {
            "arn": "arn:aws:ecr:ap-northeast-1:897722691159:repository/cms-community-backend",
            "encryption_configuration": [
              {
                "encryption_type": "AES256",
                "kms_key": ""
              }
            ],
            "force_delete": null,
            "id": "cms-community-backend",
            "image_scanning_configuration": [
              {
                "scan_on_push": true
              }
            ],
            "image_tag_mutability": "MUTABLE",
            "name": "cms-community-backend",
            "registry_id": "897722691159",
            "repository_url": "897722691159.dkr.ecr.ap-northeast-1.amazonaws.com/cms-community-backend",
            "tags": {
              "Environment": "prod",
              "Project": "cms-community"
            },
            "tags_all": {
              "Environment": "prod",
              "Project": "cms-community"
            },
            "timeouts": null
          },
          "sensitive_attributes": [],
          "identity_schema_version": 0,
          "private": "eyJlMmJmYjczMC1lY2FhLTExZTYtOGY4OC0zNDM2M2JjN2M0YzAiOnsiZGVsZXRlIjoxMjAwMDAwMDAwMDAwfX0="
        }
      ]
    },
    {
      "mode": "managed",
      "type": "aws_ecs_cluster",
      "name": "main",
      "provider": "provider[\"registry.terraform.io/hashicorp/aws\"]",
      "instances": [
        {
          "schema_version": 0,
          "attributes": {
            "arn": "arn:aws:ecs:ap-northeast-1:897722691159:cluster/cms-community-cluster",
            "configuration": [],
            "id": "arn:aws:ecs:ap-northeast-1:897722691159:cluster/cms-community-cluster",
            "name": "cms-community-cluster",
            "service_connect_defaults": [],
            "setting": [
              {
                "name": "containerInsights",
                "value": "disabled"
              }
            ],
            "tags": {
              "Environment": "prod",
              "Project": "cms-community"
            },
            "tags_all": {
              "Environment": "prod",
              "Project": "cms-community"
            }
          },
          "sensitive_attributes": [],
          "identity_schema_version": 0,
          "private": "bnVsbA=="
        }
      ]
    },
    {
      "mode": "managed",
      "type": "aws_ecs_service",
      "name": "backend",
      "provider": "provider[\"registry.terraform.io/hashicorp/aws\"]",
      "instances": [
        {
          "schema_version": 1,
          "attributes": {
            "alarms": [],
            "availability_zone_rebalancing": "DISABLED",
            "capacity_provider_strategy": [],
            "cluster": "arn:aws:ecs:ap-northeast-1:897722691159:cluster/cms-community-cluster",
            "deployment_circuit_breaker": [
              {
                "enable": false,
                "rollback": false
              }
            ],
            "deployment_controller": [
              {
                "type": "ECS"
              }
            ],
            "deployment_maximum_percent": 200,
            "deployment_minimum_healthy_percent": 100,
            "desired_count": 2,
            "enable_ecs_managed_tags": false,
            "enable_execute_command": false,
            "force_delete": null,
            "force_new_deployment": null,
            "health_check_grace_period_seconds": 0,
            "iam_role": "/aws-service-role/ecs.amazonaws.com/AWSServiceRoleForECS",
            "id": "arn:aws:ecs:ap-northeast-1:897722691159:service/cms-community-cluster/cms-community-service",
            "launch_type": "FARGATE",
            "load_balancer": [
              {
                "container_name": "backend",
                "container_port": 8080,
                "elb_name": "",
                "target_group_arn": "arn:aws:elasticloadbalancing:ap-northeast-1:897722691159:targetgroup/cms-community-tg/29a29cb8637b51b4"
              }
            ],
            "name": "cms-community-service",
            "network_configuration": [
              {
                "assign_public_ip": false,
                "security_groups": [
                  "sg-02bcbc38acb908bc3"
                ],
                "subnets": [
                  "subnet-04b7392b801def65b",
                  "subnet-051eb100160b80207"
                ]
              }
            ],
            "ordered_placement_strategy": [],
            "placement_constraints": [],
            "platform_version": "LATEST",
            "propagate_tags": "NONE",
            "scheduling_strategy": "REPLICA",
            "service_connect_configuration": [],
            "service_registries": [],
            "tags": {
              "Environment": "prod",
              "Project": "cms-community"
            },
            "tags_all": {
              "Environment": "prod",
              "Project": "cms-community"
            },
            "task_definition": "arn:aws:ecs:ap-northeast-1:897722691159:task-definition/cms-community-task:11",
            "timeouts": null,
            "triggers": {},
            "volume_configuration": [],
            "vpc_lattice_configurations": [],
            "wait_for_steady_state": false
          },
          "sensitive_attributes": [],
          "identity_schema_version": 0,
          "private": "eyJlMmJmYjczMC1lY2FhLTExZTYtOGY4OC0zNDM2M2JjN2M0YzAiOnsiY3JlYXRlIjoxMjAwMDAwMDAwMDAwLCJkZWxldGUiOjEyMDAwMDAwMDAwMDAsInVwZGF0ZSI6MTIwMDAwMDAwMDAwMH0sInNjaGVtYV92ZXJzaW9uIjoiMSJ9",
          "dependencies": [
            "aws_acm_certificate.alb",
            "aws_acm_certificate_validation.alb",
            "aws_cloudwatch_log_group.ecs",
            "aws_ecr_repository.backend",
            "aws_ecs_cluster.main",
            "aws_ecs_task_definition.backend",
            "aws_iam_role.ecs_task_execution",
            "aws_iam_role.ecs_task_role",
            "aws_instance.bastion",
            "aws_key_pair.bastion",
            "aws_lb.app",
            "aws_lb.monitoring",
            "aws_lb_listener.https",
            "aws_lb_target_group.ecs",
            "aws_route53_record.alb_validation",
            "aws_s3_bucket.media",
            "aws_security_group.alb",
            "aws_security_group.bastion",
            "aws_security_group.ecs",
            "aws_subnet.private",
            "aws_subnet.public",
            "aws_vpc.main",
            "data.aws_ami.amazon_linux",
            "data.aws_availability_zones.available",
            "data.aws_route53_zone.primary",
            "random_id.media"
          ]
        }
      ]
    },
    {
      "mode": "managed",
      "type": "aws_ecs_service",
      "name": "monitoring",
      "provider": "provider[\"registry.terraform.io/hashicorp/aws\"]",
      "instances": [
        {
          "schema_version": 1,
          "attributes": {
            "alarms": [],
            "availability_zone_rebalancing": "DISABLED",
            "capacity_provider_strategy": [],
            "cluster": "arn:aws:ecs:ap-northeast-1:897722691159:cluster/cms-community-cluster",
            "deployment_circuit_breaker": [
              {
                "enable": false,
                "rollback": false
              }
            ],
            "deployment_controller": [
              {
                "type": "ECS"
              }
            ],
            "deployment_maximum_percent": 200,
            "deployment_minimum_healthy_percent": 100,
            "desired_count": 2,
            "enable_ecs_managed_tags": false,
            "enable_execute_command": false,
            "force_delete": null,
            "force_new_deployment": null,
            "health_check_grace_period_seconds": 0,
            "iam_role": "/aws-service-role/ecs.amazonaws.com/AWSServiceRoleForECS",
            "id": "arn:aws:ecs:ap-northeast-1:897722691159:service/cms-community-cluster/cms-community-monitoring",
            "launch_type": "FARGATE",
            "load_balancer": [
              {
                "container_name": "grafana",
                "container_port": 3000,
                "elb_name": "",
                "target_group_arn": "arn:aws:elasticloadbalancing:ap-northeast-1:897722691159:targetgroup/cms-community-mon-gf3/89977b3c1b96ced7"
              },
              {
                "container_name": "prometheus",
                "container_port": 9090,
                "elb_name": "",
                "target_group_arn": "arn:aws:elasticloadbalancing:ap-northeast-1:897722691159:targetgroup/cms-community-mon-pr3/07837d31a328460c"
              }
            ],
            "name": "cms-community-monitoring",
            "network_configuration": [
              {
                "assign_public_ip": false,
                "security_groups": [
                  "sg-0d58c9f0dab55028d"
                ],
                "subnets": [
                  "subnet-04b7392b801def65b",
                  "subnet-051eb100160b80207"
                ]
              }
            ],
            "ordered_placement_strategy": [],
            "placement_constraints": [],
            "platform_version": "LATEST",
            "propagate_tags": "NONE",
            "scheduling_strategy": "REPLICA",
            "service_connect_configuration": [],
            "service_registries": [],
            "tags": {
              "Environment": "prod",
              "Project": "cms-community"
            },
            "tags_all": {
              "Environment": "prod",
              "Project": "cms-community"
            },
            "task_definition": "arn:aws:ecs:ap-northeast-1:897722691159:task-definition/cms-community-monitoring:14",
            "timeouts": null,
            "triggers": {},
            "volume_configuration": [],
            "vpc_lattice_configurations": [],
            "wait_for_steady_state": false
          },
          "sensitive_attributes": [],
          "identity_schema_version": 0,
          "private": "eyJlMmJmYjczMC1lY2FhLTExZTYtOGY4OC0zNDM2M2JjN2M0YzAiOnsiY3JlYXRlIjoxMjAwMDAwMDAwMDAwLCJkZWxldGUiOjEyMDAwMDAwMDAwMDAsInVwZGF0ZSI6MTIwMDAwMDAwMDAwMH0sInNjaGVtYV92ZXJzaW9uIjoiMSJ9",
          "dependencies": [
            "aws_cloudwatch_log_group.ecs",
            "aws_ecs_cluster.main",
            "aws_ecs_task_definition.monitoring",
            "aws_iam_role.ecs_task_execution",
            "aws_iam_role.ecs_task_role",
            "aws_lb.app",
            "aws_lb.monitoring",
            "aws_lb_listener.monitoring_grafana",
            "aws_lb_listener.monitoring_prometheus",
            "aws_lb_target_group.monitoring_grafana",
            "aws_lb_target_group.monitoring_prometheus",
            "aws_security_group.alb",
            "aws_security_group.ecs",
            "aws_security_group.monitoring",
            "aws_subnet.private",
            "aws_subnet.public",
            "aws_vpc.main",
            "data.aws_availability_zones.available"
          ]
        }
      ]
    },
    {
      "mode": "managed",
      "type": "aws_ecs_task_definition",
      "name": "backend",
      "provider": "provider[\"registry.terraform.io/hashicorp/aws\"]",
      "instances": [
        {
          "schema_version": 1,
          "attributes": {
            "arn": "arn:aws:ecs:ap-northeast-1:897722691159:task-definition/cms-community-task:11",
            "arn_without_revision": "arn:aws:ecs:ap-northeast-1:897722691159:task-definition/cms-community-task",
            "container_definitions": "[{\"environment\":[{\"name\":\"AWS_REGION\",\"value\":\"ap-northeast-1\"},{\"name\":\"CLOUDFRONT_DOMAIN\",\"value\":\"media.cms-community.com\"},{\"name\":\"CMS_MEDIA_BUCKET\",\"value\":\"cms-community-media-a283e378\"},{\"name\":\"GRAFANA_URL\",\"value\":\"http://cms-community-mon-nlb-ffbff355b06c0244.elb.ap-northeast-1.amazonaws.com:3000\"},{\"name\":\"MONITORING_EC2_INSTANCE_ID\",\"value\":\"i-0e9716db577c75857\"},{\"name\":\"PROMETHEUS_SERVER_URL\",\"value\":\"http://cms-community-mon-nlb-ffbff355b06c0244.elb.ap-northeast-1.amazonaws.com:9090\"},{\"name\":\"SPRING_PROFILES_ACTIVE\",\"value\":\"prod\"}],\"essential\":true,\"image\":\"897722691159.dkr.ecr.ap-northeast-1.amazonaws.com/cms-community-backend:latest\",\"logConfiguration\":{\"logDriver\":\"awslogs\",\"options\":{\"awslogs-stream-prefix\":\"cms\",\"awslogs-group\":\"/aws/ecs/cms-community\",\"awslogs-region\":\"ap-northeast-1\"}},\"mountPoints\":[],\"name\":\"backend\",\"portMappings\":[{\"containerPort\":8080,\"hostPort\":8080,\"protocol\":\"tcp\"}],\"systemControls\":[],\"volumesFrom\":[]}]",
            "cpu": "512",
            "enable_fault_injection": false,
            "ephemeral_storage": [],
            "execution_role_arn": "arn:aws:iam::897722691159:role/cms-community-ecs-task-exec",
            "family": "cms-community-task",
            "id": "cms-community-task",
            "inference_accelerator": [],
            "ipc_mode": "",
            "memory": "1024",
            "network_mode": "awsvpc",
            "pid_mode": "",
            "placement_constraints": [],
            "proxy_configuration": [],
            "requires_compatibilities": [
              "FARGATE"
            ],
            "revision": 11,
            "runtime_platform": [
              {
                "cpu_architecture": "X86_64",
                "operating_system_family": "LINUX"
              }
            ],
            "skip_destroy": false,
            "tags": {
              "Environment": "prod",
              "Project": "cms-community"
            },
            "tags_all": {
              "Environment": "prod",
              "Project": "cms-community"
            },
            "task_role_arn": "arn:aws:iam::897722691159:role/cms-community-ecs-task-role",
            "track_latest": false,
            "volume": []
          },
          "sensitive_attributes": [],
          "identity_schema_version": 0,
          "private": "eyJzY2hlbWFfdmVyc2lvbiI6IjEifQ==",
          "dependencies": [
            "aws_cloudwatch_log_group.ecs",
            "aws_ecr_repository.backend",
            "aws_iam_role.ecs_task_execution",
            "aws_iam_role.ecs_task_role",
            "aws_instance.bastion",
            "aws_key_pair.bastion",
            "aws_lb.monitoring",
            "aws_s3_bucket.media",
            "aws_security_group.alb",
            "aws_security_group.bastion",
            "aws_security_group.ecs",
            "aws_subnet.private",
            "aws_subnet.public",
            "aws_vpc.main",
            "data.aws_ami.amazon_linux",
            "data.aws_availability_zones.available",
            "random_id.media"
          ]
        }
      ]
    },
    {
      "mode": "managed",
      "type": "aws_ecs_task_definition",
      "name": "monitoring",
      "provider": "provider[\"registry.terraform.io/hashicorp/aws\"]",
      "instances": [
        {
          "schema_version": 1,
          "attributes": {
            "arn": "arn:aws:ecs:ap-northeast-1:897722691159:task-definition/cms-community-monitoring:14",
            "arn_without_revision": "arn:aws:ecs:ap-northeast-1:897722691159:task-definition/cms-community-monitoring",
            "container_definitions": "[{\"command\":[\"mkdir -p /etc/grafana/provisioning/datasources /etc/grafana/provisioning/dashboards/json\\ncat \u003c\u003c'EOF' \u003e/etc/grafana/provisioning/datasources/datasource.yml\\napiVersion: 1\\ndatasources:\\n  - name: Prometheus\\n    type: prometheus\\n    access: proxy\\n    url: http://localhost:9090\\n    isDefault: true\\n\\nEOF\\ncat \u003c\u003c'EOF' \u003e/etc/grafana/provisioning/dashboards/dashboard.yml\\napiVersion: 1\\nproviders:\\n  - name: cms-community\\n    orgId: 1\\n    folder: cms-community\\n    type: file\\n    disableDeletion: false\\n    updateIntervalSeconds: 10\\n    options:\\n      path: /etc/grafana/provisioning/dashboards/json\\n\\nEOF\\ncat \u003c\u003c'EOF' \u003e/etc/grafana/provisioning/dashboards/json/spring.json\\n{\\n  \\\"id\\\": null,\\n  \\\"uid\\\": \\\"cms-spring\\\",\\n  \\\"title\\\": \\\"Spring Boot Observability\\\",\\n  \\\"tags\\\": [\\\"spring\\\", \\\"cms-community\\\"],\\n  \\\"timezone\\\": \\\"browser\\\",\\n  \\\"schemaVersion\\\": 39,\\n  \\\"version\\\": 2,\\n  \\\"panels\\\": [\\n    {\\n      \\\"id\\\": 1,\\n      \\\"type\\\": \\\"timeseries\\\",\\n      \\\"title\\\": \\\"CPU 사용률 (%)\\\",\\n      \\\"gridPos\\\": {\\\"x\\\": 0, \\\"y\\\": 0, \\\"w\\\": 12, \\\"h\\\": 8},\\n      \\\"datasource\\\": {\\\"type\\\": \\\"prometheus\\\", \\\"uid\\\": \\\"PBFA97CFB590B2093\\\"},\\n      \\\"fieldConfig\\\": {\\n        \\\"defaults\\\": {\\n          \\\"unit\\\": \\\"percent\\\",\\n          \\\"color\\\": {\\\"mode\\\": \\\"palette-classic\\\"}\\n        },\\n        \\\"overrides\\\": []\\n      },\\n      \\\"targets\\\": [\\n        {\\n          \\\"refId\\\": \\\"A\\\",\\n          \\\"expr\\\": \\\"avg(system_cpu_usage) * 100\\\",\\n          \\\"legendFormat\\\": \\\"CPU\\\"\\n        }\\n      ]\\n    },\\n    {\\n      \\\"id\\\": 2,\\n      \\\"type\\\": \\\"timeseries\\\",\\n      \\\"title\\\": \\\"JVM 메모리 사용량 (MB)\\\",\\n      \\\"gridPos\\\": {\\\"x\\\": 12, \\\"y\\\": 0, \\\"w\\\": 12, \\\"h\\\": 8},\\n      \\\"datasource\\\": {\\\"type\\\": \\\"prometheus\\\", \\\"uid\\\": \\\"PBFA97CFB590B2093\\\"},\\n      \\\"fieldConfig\\\": {\\n        \\\"defaults\\\": {\\n          \\\"unit\\\": \\\"megabytes\\\",\\n          \\\"color\\\": {\\\"mode\\\": \\\"palette-classic\\\"}\\n        },\\n        \\\"overrides\\\": []\\n      },\\n      \\\"targets\\\": [\\n        {\\n          \\\"refId\\\": \\\"A\\\",\\n          \\\"expr\\\": \\\"sum(jvm_memory_used_bytes{area=\\\\\\\"heap\\\\\\\"}) / 1024 / 1024\\\",\\n          \\\"legendFormat\\\": \\\"Heap\\\"\\n        }\\n      ]\\n    },\\n    {\\n      \\\"id\\\": 3,\\n      \\\"type\\\": \\\"timeseries\\\",\\n      \\\"title\\\": \\\"요청 수 (req/s)\\\",\\n      \\\"gridPos\\\": {\\\"x\\\": 0, \\\"y\\\": 8, \\\"w\\\": 12, \\\"h\\\": 8},\\n      \\\"datasource\\\": {\\\"type\\\": \\\"prometheus\\\", \\\"uid\\\": \\\"PBFA97CFB590B2093\\\"},\\n      \\\"fieldConfig\\\": {\\n        \\\"defaults\\\": {\\n          \\\"unit\\\": \\\"reqps\\\",\\n          \\\"color\\\": {\\\"mode\\\": \\\"palette-classic\\\"}\\n        },\\n        \\\"overrides\\\": []\\n      },\\n      \\\"targets\\\": [\\n        {\\n          \\\"refId\\\": \\\"A\\\",\\n          \\\"expr\\\": \\\"sum(rate(http_server_requests_seconds_count[5m]))\\\",\\n          \\\"legendFormat\\\": \\\"요청\\\"\\n        }\\n      ]\\n    },\\n    {\\n      \\\"id\\\": 4,\\n      \\\"type\\\": \\\"timeseries\\\",\\n      \\\"title\\\": \\\"에러율 (%)\\\",\\n      \\\"gridPos\\\": {\\\"x\\\": 12, \\\"y\\\": 8, \\\"w\\\": 12, \\\"h\\\": 8},\\n      \\\"datasource\\\": {\\\"type\\\": \\\"prometheus\\\", \\\"uid\\\": \\\"PBFA97CFB590B2093\\\"},\\n      \\\"fieldConfig\\\": {\\n        \\\"defaults\\\": {\\n          \\\"unit\\\": \\\"percent\\\",\\n          \\\"color\\\": {\\\"mode\\\": \\\"continuous-RdYlGr\\\"}\\n        },\\n        \\\"overrides\\\": []\\n      },\\n      \\\"targets\\\": [\\n        {\\n          \\\"refId\\\": \\\"A\\\",\\n          \\\"expr\\\": \\\"100 * ( (sum(rate(http_server_requests_seconds_count{status=~\\\\\\\"5..\\\\\\\"}[5m])) OR on() vector(0)) / (sum(rate(http_server_requests_seconds_count[5m])) OR on() vector(1e-9)) )\\\",\\n          \\\"legendFormat\\\": \\\"에러율\\\"\\n        }\\n      ]\\n    },\\n    {\\n      \\\"id\\\": 6,\\n      \\\"type\\\": \\\"stat\\\",\\n      \\\"title\\\": \\\"EC2 인스턴스 상태\\\",\\n      \\\"gridPos\\\": {\\\"x\\\": 8, \\\"y\\\": 16, \\\"w\\\": 8, \\\"h\\\": 6},\\n      \\\"datasource\\\": {\\\"type\\\": \\\"prometheus\\\", \\\"uid\\\": \\\"PBFA97CFB590B2093\\\"},\\n      \\\"fieldConfig\\\": {\\n        \\\"defaults\\\": {\\n          \\\"unit\\\": \\\"none\\\",\\n          \\\"color\\\": {\\\"mode\\\": \\\"thresholds\\\"},\\n          \\\"thresholds\\\": {\\n            \\\"mode\\\": \\\"absolute\\\",\\n            \\\"steps\\\": [\\n              {\\\"color\\\": \\\"red\\\", \\\"value\\\": null},\\n              {\\\"color\\\": \\\"green\\\", \\\"value\\\": 0.5}\\n            ]\\n          },\\n          \\\"mappings\\\": [\\n            {\\n              \\\"type\\\": \\\"value\\\",\\n              \\\"options\\\": {\\n                \\\"0\\\": {\\\"text\\\": \\\"DOWN\\\"},\\n                \\\"1\\\": {\\\"text\\\": \\\"UP\\\"}\\n              }\\n            }\\n          ]\\n        },\\n        \\\"overrides\\\": []\\n      },\\n      \\\"options\\\": {\\n        \\\"reduceOptions\\\": {\\\"calcs\\\": [\\\"last\\\"], \\\"fields\\\": \\\"\\\", \\\"values\\\": false},\\n        \\\"colorMode\\\": \\\"value\\\",\\n        \\\"graphMode\\\": \\\"none\\\",\\n        \\\"justifyMode\\\": \\\"center\\\"\\n      },\\n      \\\"targets\\\": [\\n        {\\n          \\\"refId\\\": \\\"A\\\",\\n          \\\"expr\\\": \\\"community_ec2_status\\\"\\n        }\\n      ]\\n    },\\n    {\\n      \\\"id\\\": 7,\\n      \\\"type\\\": \\\"stat\\\",\\n      \\\"title\\\": \\\"RDS 연결 상태\\\",\\n      \\\"gridPos\\\": {\\\"x\\\": 16, \\\"y\\\": 16, \\\"w\\\": 8, \\\"h\\\": 6},\\n      \\\"datasource\\\": {\\\"type\\\": \\\"prometheus\\\", \\\"uid\\\": \\\"PBFA97CFB590B2093\\\"},\\n      \\\"fieldConfig\\\": {\\n        \\\"defaults\\\": {\\n          \\\"unit\\\": \\\"none\\\",\\n          \\\"color\\\": {\\\"mode\\\": \\\"thresholds\\\"},\\n          \\\"thresholds\\\": {\\n            \\\"mode\\\": \\\"absolute\\\",\\n            \\\"steps\\\": [\\n              {\\\"color\\\": \\\"red\\\", \\\"value\\\": null},\\n              {\\\"color\\\": \\\"green\\\", \\\"value\\\": 0.5}\\n            ]\\n          },\\n          \\\"mappings\\\": [\\n            {\\n              \\\"type\\\": \\\"value\\\",\\n              \\\"options\\\": {\\n                \\\"0\\\": {\\\"text\\\": \\\"DOWN\\\"},\\n                \\\"1\\\": {\\\"text\\\": \\\"UP\\\"}\\n              }\\n            }\\n          ]\\n        },\\n        \\\"overrides\\\": []\\n      },\\n      \\\"options\\\": {\\n        \\\"reduceOptions\\\": {\\\"calcs\\\": [\\\"last\\\"], \\\"fields\\\": \\\"\\\", \\\"values\\\": false},\\n        \\\"colorMode\\\": \\\"value\\\",\\n        \\\"graphMode\\\": \\\"none\\\",\\n        \\\"justifyMode\\\": \\\"center\\\"\\n      },\\n      \\\"targets\\\": [\\n        {\\n          \\\"refId\\\": \\\"A\\\",\\n          \\\"expr\\\": \\\"community_rds_status\\\"\\n        }\\n      ]\\n    },\\n    {\\n      \\\"id\\\": 8,\\n      \\\"type\\\": \\\"timeseries\\\",\\n      \\\"title\\\": \\\"유해 게시물 추이 (건)\\\",\\n      \\\"gridPos\\\": {\\\"x\\\": 0, \\\"y\\\": 22, \\\"w\\\": 24, \\\"h\\\": 8},\\n      \\\"datasource\\\": {\\\"type\\\": \\\"prometheus\\\", \\\"uid\\\": \\\"PBFA97CFB590B2093\\\"},\\n      \\\"fieldConfig\\\": {\\n        \\\"defaults\\\": {\\n          \\\"unit\\\": \\\"none\\\",\\n          \\\"color\\\": {\\\"mode\\\": \\\"palette-classic\\\"}\\n        },\\n        \\\"overrides\\\": []\\n      },\\n      \\\"targets\\\": [\\n        {\\n          \\\"refId\\\": \\\"A\\\",\\n          \\\"expr\\\": \\\"community_harmful_posts_today_posts or vector(0)\\\",\\n          \\\"legendFormat\\\": \\\"오늘 감지됨\\\"\\n        }\\n      ]\\n    }\\n  ],\\n  \\\"templating\\\": {\\\"list\\\": []}\\n}\\n\\nEOF\\nexec /run.sh\\n\"],\"entryPoint\":[\"/bin/sh\",\"-c\"],\"environment\":[{\"name\":\"GF_AUTH_ANONYMOUS_ENABLED\",\"value\":\"true\"},{\"name\":\"GF_AUTH_ANONYMOUS_ORG_ROLE\",\"value\":\"Viewer\"},{\"name\":\"GF_LIVE_ENABLED\",\"value\":\"false\"},{\"name\":\"GF_SECURITY_ADMIN_PASSWORD\",\"value\":\"admin\"},{\"name\":\"GF_SECURITY_ALLOW_EMBEDDING\",\"value\":\"true\"},{\"name\":\"GF_SERVER_ROOT_URL\",\"value\":\"https://api.cms-community.com/api/admin/monitoring/grafana/proxy/\"},{\"name\":\"GF_SERVER_SERVE_FROM_SUB_PATH\",\"value\":\"true\"}],\"essential\":true,\"image\":\"grafana/grafana:10.4.2\",\"logConfiguration\":{\"logDriver\":\"awslogs\",\"options\":{\"awslogs-group\":\"/aws/ecs/cms-community\",\"awslogs-region\":\"ap-northeast-1\",\"awslogs-stream-prefix\":\"monitoring\"}},\"mountPoints\":[],\"name\":\"grafana\",\"portMappings\":[{\"containerPort\":3000,\"hostPort\":3000,\"protocol\":\"tcp\"}],\"systemControls\":[],\"volumesFrom\":[]},{\"command\":[\"cat \u003c\u003c'EOF' \u003e/etc/prometheus/prometheus.yml\\nglobal:\\n  scrape_interval: 15s\\nscrape_configs:\\n  - job_name: \\\"cms-community-backend\\\"\\n    scheme: https\\n    metrics_path: /actuator/prometheus\\n    tls_config:\\n      insecure_skip_verify: true\\n    static_configs:\\n      - targets: [\\\"cms-community-alb-1106724923.ap-northeast-1.elb.amazonaws.com\\\"]\\n\\nEOF\\nexec /bin/prometheus --config.file=/etc/prometheus/prometheus.yml --storage.tsdb.path=/prometheus --web.enable-lifecycle\\n\"],\"entryPoint\":[\"/bin/sh\",\"-c\"],\"environment\":[],\"essential\":true,\"image\":\"prom/prometheus:v2.51.2\",\"logConfiguration\":{\"logDriver\":\"awslogs\",\"options\":{\"awslogs-group\":\"/aws/ecs/cms-community\",\"awslogs-region\":\"ap-northeast-1\",\"awslogs-stream-prefix\":\"monitoring\"}},\"mountPoints\":[],\"name\":\"prometheus\",\"portMappings\":[{\"containerPort\":9090,\"hostPort\":9090,\"protocol\":\"tcp\"}],\"systemControls\":[],\"volumesFrom\":[]}]",
            "cpu": "1024",
            "enable_fault_injection": false,
            "ephemeral_storage": [],
            "execution_role_arn": "arn:aws:iam::897722691159:role/cms-community-ecs-task-exec",
            "family": "cms-community-monitoring",
            "id": "cms-community-monitoring",
            "inference_accelerator": [],
            "ipc_mode": "",
            "memory": "2048",
            "network_mode": "awsvpc",
            "pid_mode": "",
            "placement_constraints": [],
            "proxy_configuration": [],
            "requires_compatibilities": [
              "FARGATE"
            ],
            "revision": 14,
            "runtime_platform": [
              {
                "cpu_architecture": "X86_64",
                "operating_system_family": "LINUX"
              }
            ],
            "skip_destroy": false,
            "tags": {
              "Environment": "prod",
              "Project": "cms-community"
            },
            "tags_all": {
              "Environment": "prod",
              "Project": "cms-community"
            },
            "task_role_arn": "arn:aws:iam::897722691159:role/cms-community-ecs-task-role",
            "track_latest": false,
            "volume": []
          },
          "sensitive_attributes": [],
          "identity_schema_version": 0,
          "private": "eyJzY2hlbWFfdmVyc2lvbiI6IjEifQ==",
          "dependencies": [
            "aws_cloudwatch_log_group.ecs",
            "aws_iam_role.ecs_task_execution",
            "aws_iam_role.ecs_task_role",
            "aws_lb.app",
            "aws_security_group.alb",
            "aws_subnet.public",
            "aws_vpc.main",
            "data.aws_availability_zones.available"
          ]
        }
      ]
    },
    {
      "mode": "managed",
      "type": "aws_eip",
      "name": "nat",
      "provider": "provider[\"registry.terraform.io/hashicorp/aws\"]",
      "instances": [
        {
          "schema_version": 0,
          "attributes": {
            "address": null,
            "allocation_id": "eipalloc-0a9f0f6fdc532d65e",
            "arn": "arn:aws:ec2:ap-northeast-1:897722691159:elastic-ip/eipalloc-0a9f0f6fdc532d65e",
            "associate_with_private_ip": null,
            "association_id": "eipassoc-0d7dc530dae50f336",
            "carrier_ip": "",
            "customer_owned_ip": "",
            "customer_owned_ipv4_pool": "",
            "domain": "vpc",
            "id": "eipalloc-0a9f0f6fdc532d65e",
            "instance": "",
            "ipam_pool_id": null,
            "network_border_group": "ap-northeast-1",
            "network_interface": "eni-01bc705603b56d17e",
            "private_dns": "ip-10-30-1-82.ap-northeast-1.compute.internal",
            "private_ip": "10.30.1.82",
            "ptr_record": "",
            "public_dns": "ec2-18-178-29-31.ap-northeast-1.compute.amazonaws.com",
            "public_ip": "18.178.29.31",
            "public_ipv4_pool": "amazon",
            "tags": {
              "Environment": "prod",
              "Name": "cms-community-nat-eip",
              "Project": "cms-community"
            },
            "tags_all": {
              "Environment": "prod",
              "Name": "cms-community-nat-eip",
              "Project": "cms-community"
            },
            "timeouts": null,
            "vpc": true
          },
          "sensitive_attributes": [],
          "identity_schema_version": 0,
          "private": "eyJlMmJmYjczMC1lY2FhLTExZTYtOGY4OC0zNDM2M2JjN2M0YzAiOnsiZGVsZXRlIjoxODAwMDAwMDAwMDAsInJlYWQiOjkwMDAwMDAwMDAwMCwidXBkYXRlIjozMDAwMDAwMDAwMDB9fQ=="
        }
      ]
    },
    {
      "mode": "managed",
      "type": "aws_iam_instance_profile",
      "name": "monitoring",
      "provider": "provider[\"registry.terraform.io/hashicorp/aws\"]",
      "instances": [
        {
          "schema_version": 0,
          "attributes": {
            "arn": "arn:aws:iam::897722691159:instance-profile/cms-community-monitoring",
            "create_date": "2025-11-18T06:13:52Z",
            "id": "cms-community-monitoring",
            "name": "cms-community-monitoring",
            "name_prefix": "",
            "path": "/",
            "role": "cms-community-monitoring",
            "tags": {},
            "tags_all": {},
            "unique_id": "AIPA5CBDRFZL6GMGBCYFA"
          },
          "sensitive_attributes": [],
          "identity_schema_version": 0,
          "private": "bnVsbA==",
          "dependencies": [
            "aws_iam_role.monitoring"
          ]
        }
      ]
    },
    {
      "mode": "managed",
      "type": "aws_iam_role",
      "name": "ecs_task_execution",
      "provider": "provider[\"registry.terraform.io/hashicorp/aws\"]",
      "instances": [
        {
          "schema_version": 0,
          "attributes": {
            "arn": "arn:aws:iam::897722691159:role/cms-community-ecs-task-exec",
            "assume_role_policy": "{\"Statement\":[{\"Action\":\"sts:AssumeRole\",\"Effect\":\"Allow\",\"Principal\":{\"Service\":\"ecs-tasks.amazonaws.com\"}}],\"Version\":\"2012-10-17\"}",
            "create_date": "2025-11-18T01:48:29Z",
            "description": "",
            "force_detach_policies": false,
            "id": "cms-community-ecs-task-exec",
            "inline_policy": [],
            "managed_policy_arns": [
              "arn:aws:iam::aws:policy/service-role/AmazonECSTaskExecutionRolePolicy"
            ],
            "max_session_duration": 3600,
            "name": "cms-community-ecs-task-exec",
            "name_prefix": "",
            "path": "/",
            "permissions_boundary": "",
            "tags": {},
            "tags_all": {},
            "unique_id": "AROA5CBDRFZLV6BDDLX63"
          },
          "sensitive_attributes": [],
          "identity_schema_version": 0,
          "private": "bnVsbA=="
        }
      ]
    },
    {
      "mode": "managed",
      "type": "aws_iam_role",
      "name": "ecs_task_role",
      "provider": "provider[\"registry.terraform.io/hashicorp/aws\"]",
      "instances": [
        {
          "schema_version": 0,
          "attributes": {
            "arn": "arn:aws:iam::897722691159:role/cms-community-ecs-task-role",
            "assume_role_policy": "{\"Statement\":[{\"Action\":\"sts:AssumeRole\",\"Effect\":\"Allow\",\"Principal\":{\"Service\":\"ecs-tasks.amazonaws.com\"}}],\"Version\":\"2012-10-17\"}",
            "create_date": "2025-11-18T01:48:29Z",
            "description": "",
            "force_detach_policies": false,
            "id": "cms-community-ecs-task-role",
            "inline_policy": [
              {
                "name": "cms-community-task-secrets",
                "policy": "{\"Version\":\"2012-10-17\",\"Statement\":[{\"Action\":[\"secretsmanager:GetSecretValue\",\"secretsmanager:DescribeSecret\"],\"Effect\":\"Allow\",\"Resource\":[\"arn:aws:secretsmanager:ap-northeast-1:897722691159:secret:cms-community/db-rzHia8\",\"arn:aws:secretsmanager:ap-northeast-1:897722691159:secret:cms-community/cognito-JRH8hr\",\"arn:aws:secretsmanager:ap-northeast-1:897722691159:secret:cms-community/s3-l5lSAw\"]},{\"Action\":[\"logs:CreateLogGroup\",\"logs:CreateLogStream\",\"logs:PutLogEvents\"],\"Effect\":\"Allow\",\"Resource\":\"*\"},{\"Action\":[\"s3:PutObject\",\"s3:GetObject\",\"s3:DeleteObject\",\"s3:DeleteObjectVersion\",\"s3:AbortMultipartUpload\",\"s3:ListMultipartUploadParts\",\"s3:ListBucket\"],\"Effect\":\"Allow\",\"Resource\":[\"arn:aws:s3:::cms-community-media-a283e378/*\",\"arn:aws:s3:::cms-community-media-a283e378\"]},{\"Action\":[\"comprehend:DetectSentiment\",\"comprehend:DetectPiiEntities\",\"translate:TranslateText\"],\"Effect\":\"Allow\",\"Resource\":\"*\"},{\"Action\":[\"rekognition:DetectModerationLabels\",\"rekognition:StartContentModeration\",\"rekognition:GetContentModeration\"],\"Effect\":\"Allow\",\"Resource\":\"*\"},{\"Action\":[\"cognito-idp:AdminInitiateAuth\",\"cognito-idp:AdminDisableUser\",\"cognito-idp:AdminEnableUser\",\"cognito-idp:AdminListGroupsForUser\",\"cognito-idp:AdminAddUserToGroup\"],\"Effect\":\"Allow\",\"Resource\":[\"*\",\"arn:aws:cognito-idp:ap-northeast-1:897722691159:userpool/ap-northeast-1_EvALpmRmg\"]},{\"Action\":[\"ec2:DescribeInstanceStatus\"],\"Effect\":\"Allow\",\"Resource\":\"*\"}]}"
              }
            ],
            "managed_policy_arns": [],
            "max_session_duration": 3600,
            "name": "cms-community-ecs-task-role",
            "name_prefix": "",
            "path": "/",
            "permissions_boundary": "",
            "tags": {},
            "tags_all": {},
            "unique_id": "AROA5CBDRFZLS244AXP6G"
          },
          "sensitive_attributes": [],
          "identity_schema_version": 0,
          "private": "bnVsbA=="
        }
      ]
    },
    {
      "mode": "managed",
      "type": "aws_iam_role",
      "name": "lambda",
      "provider": "provider[\"registry.terraform.io/hashicorp/aws\"]",
      "instances": [
        {
          "schema_version": 0,
          "attributes": {
            "arn": "arn:aws:iam::897722691159:role/cms-community-lambda",
            "assume_role_policy": "{\"Statement\":[{\"Action\":\"sts:AssumeRole\",\"Effect\":\"Allow\",\"Principal\":{\"Service\":\"lambda.amazonaws.com\"}}],\"Version\":\"2012-10-17\"}",
            "create_date": "2025-11-18T01:48:29Z",
            "description": "",
            "force_detach_policies": false,
            "id": "cms-community-lambda",
            "inline_policy": [
              {
                "name": "cms-community-lambda-moderation",
                "policy": "{\"Version\":\"2012-10-17\",\"Statement\":[{\"Action\":[\"sqs:ReceiveMessage\",\"sqs:DeleteMessage\",\"sqs:GetQueueAttributes\"],\"Effect\":\"Allow\",\"Resource\":\"arn:aws:sqs:ap-northeast-1:897722691159:cms-community-moderation\"},{\"Action\":[\"sns:Publish\"],\"Effect\":\"Allow\",\"Resource\":\"arn:aws:sns:ap-northeast-1:897722691159:cms-community-moderation\"},{\"Action\":[\"s3:GetObject\"],\"Effect\":\"Allow\",\"Resource\":\"arn:aws:s3:::cms-community-media-a283e378/*\"},{\"Action\":[\"comprehend:DetectSentiment\",\"rekognition:DetectModerationLabels\"],\"Effect\":\"Allow\",\"Resource\":\"*\"},{\"Action\":[\"secretsmanager:GetSecretValue\"],\"Effect\":\"Allow\",\"Resource\":[\"arn:aws:secretsmanager:ap-northeast-1:897722691159:secret:cms-community/s3-l5lSAw\",\"arn:aws:secretsmanager:ap-northeast-1:897722691159:secret:cms-community/cognito-JRH8hr\",\"arn:aws:secretsmanager:ap-northeast-1:897722691159:secret:cms-community/db-rzHia8\"]}]}"
              }
            ],
            "managed_policy_arns": [
              "arn:aws:iam::aws:policy/service-role/AWSLambdaBasicExecutionRole"
            ],
            "max_session_duration": 3600,
            "name": "cms-community-lambda",
            "name_prefix": "",
            "path": "/",
            "permissions_boundary": "",
            "tags": {},
            "tags_all": {},
            "unique_id": "AROA5CBDRFZLYFPS434AN"
          },
          "sensitive_attributes": [],
          "identity_schema_version": 0,
          "private": "bnVsbA=="
        }
      ]
    },
    {
      "mode": "managed",
      "type": "aws_iam_role",
      "name": "monitoring",
      "provider": "provider[\"registry.terraform.io/hashicorp/aws\"]",
      "instances": [
        {
          "schema_version": 0,
          "attributes": {
            "arn": "arn:aws:iam::897722691159:role/cms-community-monitoring",
            "assume_role_policy": "{\"Statement\":[{\"Action\":\"sts:AssumeRole\",\"Effect\":\"Allow\",\"Principal\":{\"Service\":\"ec2.amazonaws.com\"}}],\"Version\":\"2012-10-17\"}",
            "create_date": "2025-11-18T06:13:51Z",
            "description": "",
            "force_detach_policies": false,
            "id": "cms-community-monitoring",
            "inline_policy": [
              {
                "name": "cms-community-monitoring-cloudwatch",
                "policy": "{\"Version\":\"2012-10-17\",\"Statement\":[{\"Action\":[\"cloudwatch:GetMetricData\",\"cloudwatch:GetMetricStatistics\",\"cloudwatch:ListMetrics\",\"cloudwatch:DescribeAlarms\",\"cloudwatch:DescribeAlarmHistory\"],\"Effect\":\"Allow\",\"Resource\":\"*\"},{\"Action\":[\"elasticloadbalancing:DescribeLoadBalancers\",\"elasticloadbalancing:DescribeTargetGroups\",\"elasticloadbalancing:DescribeListeners\",\"elasticloadbalancing:DescribeRules\"],\"Effect\":\"Allow\",\"Resource\":\"*\"},{\"Action\":[\"tag:GetResources\"],\"Effect\":\"Allow\",\"Resource\":\"*\"}]}"
              }
            ],
            "managed_policy_arns": [],
            "max_session_duration": 3600,
            "name": "cms-community-monitoring",
            "name_prefix": "",
            "path": "/",
            "permissions_boundary": "",
            "tags": {
              "Environment": "prod",
              "Project": "cms-community"
            },
            "tags_all": {
              "Environment": "prod",
              "Project": "cms-community"
            },
            "unique_id": "AROA5CBDRFZL3WSQU3ED4"
          },
          "sensitive_attributes": [],
          "identity_schema_version": 0,
          "private": "bnVsbA=="
        }
      ]
    },
    {
      "mode": "managed",
      "type": "aws_iam_role_policy",
      "name": "ecs_task_secrets",
      "provider": "provider[\"registry.terraform.io/hashicorp/aws\"]",
      "instances": [
        {
          "schema_version": 0,
          "attributes": {
            "id": "cms-community-ecs-task-role:cms-community-task-secrets",
            "name": "cms-community-task-secrets",
            "name_prefix": "",
            "policy": "{\"Version\":\"2012-10-17\",\"Statement\":[{\"Action\":[\"secretsmanager:GetSecretValue\",\"secretsmanager:DescribeSecret\"],\"Effect\":\"Allow\",\"Resource\":[\"arn:aws:secretsmanager:ap-northeast-1:897722691159:secret:cms-community/db-rzHia8\",\"arn:aws:secretsmanager:ap-northeast-1:897722691159:secret:cms-community/cognito-JRH8hr\",\"arn:aws:secretsmanager:ap-northeast-1:897722691159:secret:cms-community/s3-l5lSAw\"]},{\"Action\":[\"logs:CreateLogGroup\",\"logs:CreateLogStream\",\"logs:PutLogEvents\"],\"Effect\":\"Allow\",\"Resource\":\"*\"},{\"Action\":[\"s3:PutObject\",\"s3:GetObject\",\"s3:DeleteObject\",\"s3:DeleteObjectVersion\",\"s3:AbortMultipartUpload\",\"s3:ListMultipartUploadParts\",\"s3:ListBucket\"],\"Effect\":\"Allow\",\"Resource\":[\"arn:aws:s3:::cms-community-media-a283e378/*\",\"arn:aws:s3:::cms-community-media-a283e378\"]},{\"Action\":[\"comprehend:DetectSentiment\",\"comprehend:DetectPiiEntities\",\"translate:TranslateText\"],\"Effect\":\"Allow\",\"Resource\":\"*\"},{\"Action\":[\"rekognition:DetectModerationLabels\",\"rekognition:StartContentModeration\",\"rekognition:GetContentModeration\"],\"Effect\":\"Allow\",\"Resource\":\"*\"},{\"Action\":[\"cognito-idp:AdminInitiateAuth\",\"cognito-idp:AdminDisableUser\",\"cognito-idp:AdminEnableUser\",\"cognito-idp:AdminListGroupsForUser\",\"cognito-idp:AdminAddUserToGroup\"],\"Effect\":\"Allow\",\"Resource\":[\"*\",\"arn:aws:cognito-idp:ap-northeast-1:897722691159:userpool/ap-northeast-1_EvALpmRmg\"]},{\"Action\":[\"ec2:DescribeInstanceStatus\"],\"Effect\":\"Allow\",\"Resource\":\"*\"}]}",
            "role": "cms-community-ecs-task-role"
          },
          "sensitive_attributes": [],
          "identity_schema_version": 0,
          "private": "bnVsbA==",
          "dependencies": [
            "aws_cognito_user_pool.main",
            "aws_iam_role.ecs_task_role",
            "aws_s3_bucket.media",
            "aws_secretsmanager_secret.api_keys",
            "aws_secretsmanager_secret.cognito",
            "aws_secretsmanager_secret.database",
            "random_id.media"
          ]
        }
      ]
    },
    {
      "mode": "managed",
      "type": "aws_iam_role_policy",
      "name": "lambda_moderation",
      "provider": "provider[\"registry.terraform.io/hashicorp/aws\"]",
      "instances": [
        {
          "schema_version": 0,
          "attributes": {
            "id": "cms-community-lambda:cms-community-lambda-moderation",
            "name": "cms-community-lambda-moderation",
            "name_prefix": "",
            "policy": "{\"Version\":\"2012-10-17\",\"Statement\":[{\"Action\":[\"sqs:ReceiveMessage\",\"sqs:DeleteMessage\",\"sqs:GetQueueAttributes\"],\"Effect\":\"Allow\",\"Resource\":\"arn:aws:sqs:ap-northeast-1:897722691159:cms-community-moderation\"},{\"Action\":[\"sns:Publish\"],\"Effect\":\"Allow\",\"Resource\":\"arn:aws:sns:ap-northeast-1:897722691159:cms-community-moderation\"},{\"Action\":[\"s3:GetObject\"],\"Effect\":\"Allow\",\"Resource\":\"arn:aws:s3:::cms-community-media-a283e378/*\"},{\"Action\":[\"comprehend:DetectSentiment\",\"rekognition:DetectModerationLabels\"],\"Effect\":\"Allow\",\"Resource\":\"*\"},{\"Action\":[\"secretsmanager:GetSecretValue\"],\"Effect\":\"Allow\",\"Resource\":[\"arn:aws:secretsmanager:ap-northeast-1:897722691159:secret:cms-community/s3-l5lSAw\",\"arn:aws:secretsmanager:ap-northeast-1:897722691159:secret:cms-community/cognito-JRH8hr\",\"arn:aws:secretsmanager:ap-northeast-1:897722691159:secret:cms-community/db-rzHia8\"]}]}",
            "role": "cms-community-lambda"
          },
          "sensitive_attributes": [],
          "identity_schema_version": 0,
          "private": "bnVsbA==",
          "dependencies": [
            "aws_iam_role.lambda",
            "aws_s3_bucket.media",
            "aws_secretsmanager_secret.api_keys",
            "aws_secretsmanager_secret.cognito",
            "aws_secretsmanager_secret.database",
            "aws_sns_topic.moderation",
            "aws_sqs_queue.moderation",
            "random_id.media"
          ]
        }
      ]
    },
    {
      "mode": "managed",
      "type": "aws_iam_role_policy",
      "name": "monitoring_cloudwatch",
      "provider": "provider[\"registry.terraform.io/hashicorp/aws\"]",
      "instances": [
        {
          "schema_version": 0,
          "attributes": {
            "id": "cms-community-monitoring:cms-community-monitoring-cloudwatch",
            "name": "cms-community-monitoring-cloudwatch",
            "name_prefix": "",
            "policy": "{\"Version\":\"2012-10-17\",\"Statement\":[{\"Action\":[\"cloudwatch:GetMetricData\",\"cloudwatch:GetMetricStatistics\",\"cloudwatch:ListMetrics\",\"cloudwatch:DescribeAlarms\",\"cloudwatch:DescribeAlarmHistory\"],\"Effect\":\"Allow\",\"Resource\":\"*\"},{\"Action\":[\"elasticloadbalancing:DescribeLoadBalancers\",\"elasticloadbalancing:DescribeTargetGroups\",\"elasticloadbalancing:DescribeListeners\",\"elasticloadbalancing:DescribeRules\"],\"Effect\":\"Allow\",\"Resource\":\"*\"},{\"Action\":[\"tag:GetResources\"],\"Effect\":\"Allow\",\"Resource\":\"*\"}]}",
            "role": "cms-community-monitoring"
          },
          "sensitive_attributes": [],
          "identity_schema_version": 0,
          "private": "bnVsbA==",
          "dependencies": [
            "aws_iam_role.monitoring"
          ]
        }
      ]
    },
    {
      "mode": "managed",
      "type": "aws_iam_role_policy_attachment",
      "name": "ecs_task_execution",
      "provider": "provider[\"registry.terraform.io/hashicorp/aws\"]",
      "instances": [
        {
          "schema_version": 0,
          "attributes": {
            "id": "cms-community-ecs-task-exec-20251118014830910400000005",
            "policy_arn": "arn:aws:iam::aws:policy/service-role/AmazonECSTaskExecutionRolePolicy",
            "role": "cms-community-ecs-task-exec"
          },
          "sensitive_attributes": [],
          "identity_schema_version": 0,
          "private": "bnVsbA==",
          "dependencies": [
            "aws_iam_role.ecs_task_execution"
          ]
        }
      ]
    },
    {
      "mode": "managed",
      "type": "aws_iam_role_policy_attachment",
      "name": "lambda_basic",
      "provider": "provider[\"registry.terraform.io/hashicorp/aws\"]",
      "instances": [
        {
          "schema_version": 0,
          "attributes": {
            "id": "cms-community-lambda-20251118014831352200000006",
            "policy_arn": "arn:aws:iam::aws:policy/service-role/AWSLambdaBasicExecutionRole",
            "role": "cms-community-lambda"
          },
          "sensitive_attributes": [],
          "identity_schema_version": 0,
          "private": "bnVsbA==",
          "dependencies": [
            "aws_iam_role.lambda"
          ]
        }
      ]
    },
    {
      "mode": "managed",
      "type": "aws_instance",
      "name": "bastion",
      "provider": "provider[\"registry.terraform.io/hashicorp/aws\"]",
      "instances": [
        {
          "schema_version": 1,
          "attributes": {
            "ami": "ami-0410627c95c2f007f",
            "arn": "arn:aws:ec2:ap-northeast-1:897722691159:instance/i-0e9716db577c75857",
            "associate_public_ip_address": true,
            "availability_zone": "ap-northeast-1a",
            "capacity_reservation_specification": [
              {
                "capacity_reservation_preference": "open",
                "capacity_reservation_target": []
              }
            ],
            "cpu_core_count": 1,
            "cpu_options": [
              {
                "amd_sev_snp": "",
                "core_count": 1,
                "threads_per_core": 2
              }
            ],
            "cpu_threads_per_core": 2,
            "credit_specification": [
              {
                "cpu_credits": "unlimited"
              }
            ],
            "disable_api_stop": false,
            "disable_api_termination": false,
            "ebs_block_device": [],
            "ebs_optimized": false,
            "enable_primary_ipv6": null,
            "enclave_options": [
              {
                "enabled": false
              }
            ],
            "ephemeral_block_device": [],
            "get_password_data": false,
            "hibernation": false,
            "host_id": "",
            "host_resource_group_arn": null,
            "iam_instance_profile": "",
            "id": "i-0e9716db577c75857",
            "instance_initiated_shutdown_behavior": "stop",
            "instance_lifecycle": "",
            "instance_market_options": [],
            "instance_state": "running",
            "instance_type": "t3.micro",
            "ipv6_address_count": 0,
            "ipv6_addresses": [],
            "key_name": "cms-project-tokyo",
            "launch_template": [],
            "maintenance_options": [
              {
                "auto_recovery": "default"
              }
            ],
            "metadata_options": [
              {
                "http_endpoint": "enabled",
                "http_protocol_ipv6": "disabled",
                "http_put_response_hop_limit": 2,
                "http_tokens": "required",
                "instance_metadata_tags": "disabled"
              }
            ],
            "monitoring": false,
            "network_interface": [],
            "outpost_arn": "",
            "password_data": "",
            "placement_group": "",
            "placement_partition_number": 0,
            "primary_network_interface_id": "eni-01e2ebe15e3f5993b",
            "private_dns": "ip-10-30-1-141.ap-northeast-1.compute.internal",
            "private_dns_name_options": [
              {
                "enable_resource_name_dns_a_record": false,
                "enable_resource_name_dns_aaaa_record": false,
                "hostname_type": "ip-name"
              }
            ],
            "private_ip": "10.30.1.141",
            "public_dns": "ec2-18-182-55-5.ap-northeast-1.compute.amazonaws.com",
            "public_ip": "18.182.55.5",
            "root_block_device": [
              {
                "delete_on_termination": true,
                "device_name": "/dev/xvda",
                "encrypted": false,
                "iops": 3000,
                "kms_key_id": "",
                "tags": {},
                "tags_all": {},
                "throughput": 125,
                "volume_id": "vol-05ca382da963452c5",
                "volume_size": 30,
                "volume_type": "gp3"
              }
            ],
            "secondary_private_ips": [],
            "security_groups": [],
            "source_dest_check": true,
            "spot_instance_request_id": "",
            "subnet_id": "subnet-0407a839893680951",
            "tags": {
              "Environment": "prod",
              "Name": "cms-community-bastion",
              "Project": "cms-community"
            },
            "tags_all": {
              "Environment": "prod",
              "Name": "cms-community-bastion",
              "Project": "cms-community"
            },
            "tenancy": "default",
            "timeouts": null,
            "user_data": null,
            "user_data_base64": null,
            "user_data_replace_on_change": false,
            "volume_tags": null,
            "vpc_security_group_ids": [
              "sg-099c2c16e36f7229d"
            ]
          },
          "sensitive_attributes": [],
          "identity_schema_version": 0,
          "private": "eyJlMmJmYjczMC1lY2FhLTExZTYtOGY4OC0zNDM2M2JjN2M0YzAiOnsiY3JlYXRlIjo2MDAwMDAwMDAwMDAsImRlbGV0ZSI6MTIwMDAwMDAwMDAwMCwicmVhZCI6OTAwMDAwMDAwMDAwLCJ1cGRhdGUiOjYwMDAwMDAwMDAwMH0sInNjaGVtYV92ZXJzaW9uIjoiMSJ9",
          "dependencies": [
            "aws_key_pair.bastion",
            "aws_security_group.alb",
            "aws_security_group.bastion",
            "aws_security_group.ecs",
            "aws_subnet.public",
            "aws_vpc.main",
            "data.aws_ami.amazon_linux",
            "data.aws_availability_zones.available"
          ]
        }
      ]
    },
    {
      "mode": "managed",
      "type": "aws_internet_gateway",
      "name": "igw",
      "provider": "provider[\"registry.terraform.io/hashicorp/aws\"]",
      "instances": [
        {
          "schema_version": 0,
          "attributes": {
            "arn": "arn:aws:ec2:ap-northeast-1:897722691159:internet-gateway/igw-06cfd820afad0dc1d",
            "id": "igw-06cfd820afad0dc1d",
            "owner_id": "897722691159",
            "tags": {
              "Environment": "prod",
              "Name": "cms-community-igw",
              "Project": "cms-community"
            },
            "tags_all": {
              "Environment": "prod",
              "Name": "cms-community-igw",
              "Project": "cms-community"
            },
            "timeouts": null,
            "vpc_id": "vpc-0d0de629c611f3f04"
          },
          "sensitive_attributes": [],
          "identity_schema_version": 0,
          "private": "eyJlMmJmYjczMC1lY2FhLTExZTYtOGY4OC0zNDM2M2JjN2M0YzAiOnsiY3JlYXRlIjoxMjAwMDAwMDAwMDAwLCJkZWxldGUiOjEyMDAwMDAwMDAwMDAsInVwZGF0ZSI6MTIwMDAwMDAwMDAwMH19",
          "dependencies": [
            "aws_vpc.main"
          ]
        }
      ]
    },
    {
      "mode": "managed",
      "type": "aws_lambda_event_source_mapping",
      "name": "moderation",
      "provider": "provider[\"registry.terraform.io/hashicorp/aws\"]",
      "instances": [
        {
          "schema_version": 0,
          "attributes": {
            "amazon_managed_kafka_event_source_config": [],
            "arn": "arn:aws:lambda:ap-northeast-1:897722691159:event-source-mapping:bbd80f42-dee9-4366-b6e9-0afd18f5daa2",
            "batch_size": 10,
            "bisect_batch_on_function_error": false,
            "destination_config": [],
            "document_db_event_source_config": [],
            "enabled": true,
            "event_source_arn": "arn:aws:sqs:ap-northeast-1:897722691159:cms-community-moderation",
            "filter_criteria": [],
            "function_arn": "arn:aws:lambda:ap-northeast-1:897722691159:function:cms-community-moderation",
            "function_name": "arn:aws:lambda:ap-northeast-1:897722691159:function:cms-community-moderation",
            "function_response_types": [],
            "id": "bbd80f42-dee9-4366-b6e9-0afd18f5daa2",
            "kms_key_arn": "",
            "last_modified": "2025-11-18T01:49:10Z",
            "last_processing_result": "",
            "maximum_batching_window_in_seconds": 0,
            "maximum_record_age_in_seconds": 0,
            "maximum_retry_attempts": 0,
            "metrics_config": [],
            "parallelization_factor": 0,
            "provisioned_poller_config": [],
            "queues": [],
            "scaling_config": [],
            "self_managed_event_source": [],
            "self_managed_kafka_event_source_config": [],
            "source_access_configuration": [],
            "starting_position": "",
            "starting_position_timestamp": "",
            "state": "Enabled",
            "state_transition_reason": "USER_INITIATED",
            "tags": {},
            "tags_all": {},
            "topics": [],
            "tumbling_window_in_seconds": 0,
            "uuid": "bbd80f42-dee9-4366-b6e9-0afd18f5daa2"
          },
          "sensitive_attributes": [],
          "identity_schema_version": 0,
          "private": "bnVsbA==",
          "dependencies": [
            "aws_iam_role.lambda",
            "aws_lambda_function.moderation",
            "aws_sns_topic.moderation",
            "aws_sqs_queue.moderation"
          ]
        }
      ]
    },
    {
      "mode": "managed",
      "type": "aws_lambda_function",
      "name": "moderation",
      "provider": "provider[\"registry.terraform.io/hashicorp/aws\"]",
      "instances": [
        {
          "schema_version": 0,
          "attributes": {
            "architectures": [
              "x86_64"
            ],
            "arn": "arn:aws:lambda:ap-northeast-1:897722691159:function:cms-community-moderation",
            "code_sha256": "MkHKWdMui2ee6L1pgmBoUdTJwvWop2fbWpWoOhfSRJg=",
            "code_signing_config_arn": "",
            "dead_letter_config": [],
            "description": "",
            "environment": [
              {
                "variables": {
                  "CMS_COMMUNITY_SNS_TOPIC": "arn:aws:sns:ap-northeast-1:897722691159:cms-community-moderation",
                  "MODERATION_THRESHOLD": "0.8"
                }
              }
            ],
            "ephemeral_storage": [
              {
                "size": 512
              }
            ],
            "file_system_config": [],
            "filename": "../lambda/moderation.zip",
            "function_name": "cms-community-moderation",
            "handler": "moderation_handler.lambda_handler",
            "id": "cms-community-moderation",
            "image_config": [],
            "image_uri": "",
            "invoke_arn": "arn:aws:apigateway:ap-northeast-1:lambda:path/2015-03-31/functions/arn:aws:lambda:ap-northeast-1:897722691159:function:cms-community-moderation/invocations",
            "kms_key_arn": "",
            "last_modified": "2025-11-18T01:48:40.012+0000",
            "layers": [],
            "logging_config": [
              {
                "application_log_level": "",
                "log_format": "Text",
                "log_group": "/aws/lambda/cms-community-moderation",
                "system_log_level": ""
              }
            ],
            "memory_size": 128,
            "package_type": "Zip",
            "publish": false,
            "qualified_arn": "arn:aws:lambda:ap-northeast-1:897722691159:function:cms-community-moderation:$LATEST",
            "qualified_invoke_arn": "arn:aws:apigateway:ap-northeast-1:lambda:path/2015-03-31/functions/arn:aws:lambda:ap-northeast-1:897722691159:function:cms-community-moderation:$LATEST/invocations",
            "replace_security_groups_on_destroy": null,
            "replacement_security_group_ids": null,
            "reserved_concurrent_executions": -1,
            "role": "arn:aws:iam::897722691159:role/cms-community-lambda",
            "runtime": "python3.11",
            "s3_bucket": null,
            "s3_key": null,
            "s3_object_version": null,
            "signing_job_arn": "",
            "signing_profile_version_arn": "",
            "skip_destroy": false,
            "snap_start": [],
            "source_code_hash": "MkHKWdMui2ee6L1pgmBoUdTJwvWop2fbWpWoOhfSRJg=",
            "source_code_size": 1147,
            "tags": {
              "Environment": "prod",
              "Project": "cms-community"
            },
            "tags_all": {
              "Environment": "prod",
              "Project": "cms-community"
            },
            "timeout": 3,
            "timeouts": null,
            "tracing_config": [
              {
                "mode": "PassThrough"
              }
            ],
            "version": "$LATEST",
            "vpc_config": []
          },
          "sensitive_attributes": [],
          "identity_schema_version": 0,
          "private": "eyJlMmJmYjczMC1lY2FhLTExZTYtOGY4OC0zNDM2M2JjN2M0YzAiOnsiY3JlYXRlIjo2MDAwMDAwMDAwMDAsImRlbGV0ZSI6NjAwMDAwMDAwMDAwLCJ1cGRhdGUiOjYwMDAwMDAwMDAwMH19",
          "dependencies": [
            "aws_iam_role.lambda",
            "aws_sns_topic.moderation"
          ]
        }
      ]
    },
    {
      "mode": "managed",
      "type": "aws_lb",
      "name": "app",
      "provider": "provider[\"registry.terraform.io/hashicorp/aws\"]",
      "instances": [
        {
          "schema_version": 0,
          "attributes": {
            "access_logs": [
              {
                "bucket": "",
                "enabled": false,
                "prefix": ""
              }
            ],
            "arn": "arn:aws:elasticloadbalancing:ap-northeast-1:897722691159:loadbalancer/app/cms-community-alb/001efe9617020d30",
            "arn_suffix": "app/cms-community-alb/001efe9617020d30",
            "client_keep_alive": 3600,
            "connection_logs": [
              {
                "bucket": "",
                "enabled": false,
                "prefix": ""
              }
            ],
            "customer_owned_ipv4_pool": "",
            "desync_mitigation_mode": "defensive",
            "dns_name": "cms-community-alb-1106724923.ap-northeast-1.elb.amazonaws.com",
            "dns_record_client_routing_policy": null,
            "drop_invalid_header_fields": false,
            "enable_cross_zone_load_balancing": true,
            "enable_deletion_protection": false,
            "enable_http2": true,
            "enable_tls_version_and_cipher_suite_headers": false,
            "enable_waf_fail_open": false,
            "enable_xff_client_port": false,
            "enable_zonal_shift": false,
            "enforce_security_group_inbound_rules_on_private_link_traffic": "",
            "id": "arn:aws:elasticloadbalancing:ap-northeast-1:897722691159:loadbalancer/app/cms-community-alb/001efe9617020d30",
            "idle_timeout": 60,
            "internal": false,
            "ip_address_type": "ipv4",
            "ipam_pools": [],
            "load_balancer_type": "application",
            "minimum_load_balancer_capacity": [],
            "name": "cms-community-alb",
            "name_prefix": "",
            "preserve_host_header": false,
            "security_groups": [
              "sg-06e488be9db3677ec"
            ],
            "subnet_mapping": [
              {
                "allocation_id": "",
                "ipv6_address": "",
                "outpost_id": "",
                "private_ipv4_address": "",
                "subnet_id": "subnet-0407a839893680951"
              },
              {
                "allocation_id": "",
                "ipv6_address": "",
                "outpost_id": "",
                "private_ipv4_address": "",
                "subnet_id": "subnet-069a672da59928c14"
              }
            ],
            "subnets": [
              "subnet-0407a839893680951",
              "subnet-069a672da59928c14"
            ],
            "tags": {
              "Environment": "prod",
              "Project": "cms-community"
            },
            "tags_all": {
              "Environment": "prod",
              "Project": "cms-community"
            },
            "timeouts": null,
            "vpc_id": "vpc-0d0de629c611f3f04",
            "xff_header_processing_mode": "append",
            "zone_id": "Z14GRHDCWA56QT"
          },
          "sensitive_attributes": [],
          "identity_schema_version": 0,
          "private": "eyJlMmJmYjczMC1lY2FhLTExZTYtOGY4OC0zNDM2M2JjN2M0YzAiOnsiY3JlYXRlIjo2MDAwMDAwMDAwMDAsImRlbGV0ZSI6NjAwMDAwMDAwMDAwLCJ1cGRhdGUiOjYwMDAwMDAwMDAwMH19",
          "dependencies": [
            "aws_security_group.alb",
            "aws_subnet.public",
            "aws_vpc.main",
            "data.aws_availability_zones.available"
          ]
        }
      ]
    },
    {
      "mode": "managed",
      "type": "aws_lb",
      "name": "monitoring",
      "provider": "provider[\"registry.terraform.io/hashicorp/aws\"]",
      "instances": [
        {
          "schema_version": 0,
          "attributes": {
            "access_logs": [
              {
                "bucket": "",
                "enabled": false,
                "prefix": ""
              }
            ],
            "arn": "arn:aws:elasticloadbalancing:ap-northeast-1:897722691159:loadbalancer/net/cms-community-mon-nlb/ffbff355b06c0244",
            "arn_suffix": "net/cms-community-mon-nlb/ffbff355b06c0244",
            "client_keep_alive": null,
            "connection_logs": [],
            "customer_owned_ipv4_pool": "",
            "desync_mitigation_mode": null,
            "dns_name": "cms-community-mon-nlb-ffbff355b06c0244.elb.ap-northeast-1.amazonaws.com",
            "dns_record_client_routing_policy": "any_availability_zone",
            "drop_invalid_header_fields": null,
            "enable_cross_zone_load_balancing": false,
            "enable_deletion_protection": false,
            "enable_http2": null,
            "enable_tls_version_and_cipher_suite_headers": null,
            "enable_waf_fail_open": null,
            "enable_xff_client_port": null,
            "enable_zonal_shift": false,
            "enforce_security_group_inbound_rules_on_private_link_traffic": "",
            "id": "arn:aws:elasticloadbalancing:ap-northeast-1:897722691159:loadbalancer/net/cms-community-mon-nlb/ffbff355b06c0244",
            "idle_timeout": null,
            "internal": true,
            "ip_address_type": "ipv4",
            "ipam_pools": [],
            "load_balancer_type": "network",
            "minimum_load_balancer_capacity": [],
            "name": "cms-community-mon-nlb",
            "name_prefix": "",
            "preserve_host_header": null,
            "security_groups": [],
            "subnet_mapping": [
              {
                "allocation_id": "",
                "ipv6_address": "",
                "outpost_id": "",
                "private_ipv4_address": "",
                "subnet_id": "subnet-04b7392b801def65b"
              },
              {
                "allocation_id": "",
                "ipv6_address": "",
                "outpost_id": "",
                "private_ipv4_address": "",
                "subnet_id": "subnet-051eb100160b80207"
              }
            ],
            "subnets": [
              "subnet-04b7392b801def65b",
              "subnet-051eb100160b80207"
            ],
            "tags": {
              "Environment": "prod",
              "Project": "cms-community"
            },
            "tags_all": {
              "Environment": "prod",
              "Project": "cms-community"
            },
            "timeouts": null,
            "vpc_id": "vpc-0d0de629c611f3f04",
            "xff_header_processing_mode": null,
            "zone_id": "Z31USIVHYNEOWT"
          },
          "sensitive_attributes": [],
          "identity_schema_version": 0,
          "private": "eyJlMmJmYjczMC1lY2FhLTExZTYtOGY4OC0zNDM2M2JjN2M0YzAiOnsiY3JlYXRlIjo2MDAwMDAwMDAwMDAsImRlbGV0ZSI6NjAwMDAwMDAwMDAwLCJ1cGRhdGUiOjYwMDAwMDAwMDAwMH19",
          "dependencies": [
            "aws_subnet.private",
            "aws_vpc.main",
            "data.aws_availability_zones.available"
          ]
        }
      ]
    },
    {
      "mode": "managed",
      "type": "aws_lb_listener",
      "name": "https",
      "provider": "provider[\"registry.terraform.io/hashicorp/aws\"]",
      "instances": [
        {
          "schema_version": 0,
          "attributes": {
            "alpn_policy": null,
            "arn": "arn:aws:elasticloadbalancing:ap-northeast-1:897722691159:listener/app/cms-community-alb/001efe9617020d30/0fd14ce24e8a71c8",
            "certificate_arn": "arn:aws:acm:ap-northeast-1:897722691159:certificate/731845b9-5734-4fab-8a39-9b7b6639d03a",
            "default_action": [
              {
                "authenticate_cognito": [],
                "authenticate_oidc": [],
                "fixed_response": [],
                "forward": [],
                "order": 1,
                "redirect": [],
                "target_group_arn": "arn:aws:elasticloadbalancing:ap-northeast-1:897722691159:targetgroup/cms-community-tg/29a29cb8637b51b4",
                "type": "forward"
              }
            ],
            "id": "arn:aws:elasticloadbalancing:ap-northeast-1:897722691159:listener/app/cms-community-alb/001efe9617020d30/0fd14ce24e8a71c8",
            "load_balancer_arn": "arn:aws:elasticloadbalancing:ap-northeast-1:897722691159:loadbalancer/app/cms-community-alb/001efe9617020d30",
            "mutual_authentication": [
              {
                "advertise_trust_store_ca_names": "",
                "ignore_client_certificate_expiry": false,
                "mode": "off",
                "trust_store_arn": ""
              }
            ],
            "port": 443,
            "protocol": "HTTPS",
            "routing_http_request_x_amzn_mtls_clientcert_header_name": "",
            "routing_http_request_x_amzn_mtls_clientcert_issuer_header_name": "",
            "routing_http_request_x_amzn_mtls_clientcert_leaf_header_name": "",
            "routing_http_request_x_amzn_mtls_clientcert_serial_number_header_name": "",
            "routing_http_request_x_amzn_mtls_clientcert_subject_header_name": "",
            "routing_http_request_x_amzn_mtls_clientcert_validity_header_name": "",
            "routing_http_request_x_amzn_tls_cipher_suite_header_name": "",
            "routing_http_request_x_amzn_tls_version_header_name": "",
            "routing_http_response_access_control_allow_credentials_header_value": "",
            "routing_http_response_access_control_allow_headers_header_value": "",
            "routing_http_response_access_control_allow_methods_header_value": "",
            "routing_http_response_access_control_allow_origin_header_value": "",
            "routing_http_response_access_control_expose_headers_header_value": "",
            "routing_http_response_access_control_max_age_header_value": "",
            "routing_http_response_content_security_policy_header_value": "",
            "routing_http_response_server_enabled": true,
            "routing_http_response_strict_transport_security_header_value": "",
            "routing_http_response_x_content_type_options_header_value": "",
            "routing_http_response_x_frame_options_header_value": "",
            "ssl_policy": "ELBSecurityPolicy-TLS13-1-2-2021-06",
            "tags": {},
            "tags_all": {},
            "tcp_idle_timeout_seconds": null,
            "timeouts": null
          },
          "sensitive_attributes": [],
          "identity_schema_version": 0,
          "private": "eyJlMmJmYjczMC1lY2FhLTExZTYtOGY4OC0zNDM2M2JjN2M0YzAiOnsiY3JlYXRlIjozMDAwMDAwMDAwMDAsInVwZGF0ZSI6MzAwMDAwMDAwMDAwfX0=",
          "dependencies": [
            "aws_acm_certificate.alb",
            "aws_acm_certificate_validation.alb",
            "aws_lb.app",
            "aws_lb_target_group.ecs",
            "aws_route53_record.alb_validation",
            "aws_security_group.alb",
            "aws_subnet.public",
            "aws_vpc.main",
            "data.aws_availability_zones.available",
            "data.aws_route53_zone.primary"
          ]
        }
      ]
    },
    {
      "mode": "managed",
      "type": "aws_lb_listener",
      "name": "monitoring_grafana",
      "provider": "provider[\"registry.terraform.io/hashicorp/aws\"]",
      "instances": [
        {
          "schema_version": 0,
          "attributes": {
            "alpn_policy": null,
            "arn": "arn:aws:elasticloadbalancing:ap-northeast-1:897722691159:listener/net/cms-community-mon-nlb/ffbff355b06c0244/5e7afad62aff471e",
            "certificate_arn": null,
            "default_action": [
              {
                "authenticate_cognito": [],
                "authenticate_oidc": [],
                "fixed_response": [],
                "forward": [],
                "order": 1,
                "redirect": [],
                "target_group_arn": "arn:aws:elasticloadbalancing:ap-northeast-1:897722691159:targetgroup/cms-community-mon-gf3/89977b3c1b96ced7",
                "type": "forward"
              }
            ],
            "id": "arn:aws:elasticloadbalancing:ap-northeast-1:897722691159:listener/net/cms-community-mon-nlb/ffbff355b06c0244/5e7afad62aff471e",
            "load_balancer_arn": "arn:aws:elasticloadbalancing:ap-northeast-1:897722691159:loadbalancer/net/cms-community-mon-nlb/ffbff355b06c0244",
            "mutual_authentication": [],
            "port": 3000,
            "protocol": "TCP",
            "routing_http_request_x_amzn_mtls_clientcert_header_name": null,
            "routing_http_request_x_amzn_mtls_clientcert_issuer_header_name": null,
            "routing_http_request_x_amzn_mtls_clientcert_leaf_header_name": null,
            "routing_http_request_x_amzn_mtls_clientcert_serial_number_header_name": null,
            "routing_http_request_x_amzn_mtls_clientcert_subject_header_name": null,
            "routing_http_request_x_amzn_mtls_clientcert_validity_header_name": null,
            "routing_http_request_x_amzn_tls_cipher_suite_header_name": null,
            "routing_http_request_x_amzn_tls_version_header_name": null,
            "routing_http_response_access_control_allow_credentials_header_value": null,
            "routing_http_response_access_control_allow_headers_header_value": null,
            "routing_http_response_access_control_allow_methods_header_value": null,
            "routing_http_response_access_control_allow_origin_header_value": null,
            "routing_http_response_access_control_expose_headers_header_value": null,
            "routing_http_response_access_control_max_age_header_value": null,
            "routing_http_response_content_security_policy_header_value": null,
            "routing_http_response_server_enabled": null,
            "routing_http_response_strict_transport_security_header_value": null,
            "routing_http_response_x_content_type_options_header_value": null,
            "routing_http_response_x_frame_options_header_value": null,
            "ssl_policy": "",
            "tags": {},
            "tags_all": {},
            "tcp_idle_timeout_seconds": 350,
            "timeouts": null
          },
          "sensitive_attributes": [],
          "identity_schema_version": 0,
          "private": "eyJlMmJmYjczMC1lY2FhLTExZTYtOGY4OC0zNDM2M2JjN2M0YzAiOnsiY3JlYXRlIjozMDAwMDAwMDAwMDAsInVwZGF0ZSI6MzAwMDAwMDAwMDAwfX0=",
          "dependencies": [
            "aws_lb.monitoring",
            "aws_lb_target_group.monitoring_grafana",
            "aws_subnet.private",
            "aws_vpc.main",
            "data.aws_availability_zones.available"
          ]
        }
      ]
    },
    {
      "mode": "managed",
      "type": "aws_lb_listener",
      "name": "monitoring_prometheus",
      "provider": "provider[\"registry.terraform.io/hashicorp/aws\"]",
      "instances": [
        {
          "schema_version": 0,
          "attributes": {
            "alpn_policy": null,
            "arn": "arn:aws:elasticloadbalancing:ap-northeast-1:897722691159:listener/net/cms-community-mon-nlb/ffbff355b06c0244/73411d28a898e7d9",
            "certificate_arn": null,
            "default_action": [
              {
                "authenticate_cognito": [],
                "authenticate_oidc": [],
                "fixed_response": [],
                "forward": [],
                "order": 1,
                "redirect": [],
                "target_group_arn": "arn:aws:elasticloadbalancing:ap-northeast-1:897722691159:targetgroup/cms-community-mon-pr3/07837d31a328460c",
                "type": "forward"
              }
            ],
            "id": "arn:aws:elasticloadbalancing:ap-northeast-1:897722691159:listener/net/cms-community-mon-nlb/ffbff355b06c0244/73411d28a898e7d9",
            "load_balancer_arn": "arn:aws:elasticloadbalancing:ap-northeast-1:897722691159:loadbalancer/net/cms-community-mon-nlb/ffbff355b06c0244",
            "mutual_authentication": [],
            "port": 9090,
            "protocol": "TCP",
            "routing_http_request_x_amzn_mtls_clientcert_header_name": null,
            "routing_http_request_x_amzn_mtls_clientcert_issuer_header_name": null,
            "routing_http_request_x_amzn_mtls_clientcert_leaf_header_name": null,
            "routing_http_request_x_amzn_mtls_clientcert_serial_number_header_name": null,
            "routing_http_request_x_amzn_mtls_clientcert_subject_header_name": null,
            "routing_http_request_x_amzn_mtls_clientcert_validity_header_name": null,
            "routing_http_request_x_amzn_tls_cipher_suite_header_name": null,
            "routing_http_request_x_amzn_tls_version_header_name": null,
            "routing_http_response_access_control_allow_credentials_header_value": null,
            "routing_http_response_access_control_allow_headers_header_value": null,
            "routing_http_response_access_control_allow_methods_header_value": null,
            "routing_http_response_access_control_allow_origin_header_value": null,
            "routing_http_response_access_control_expose_headers_header_value": null,
            "routing_http_response_access_control_max_age_header_value": null,
            "routing_http_response_content_security_policy_header_value": null,
            "routing_http_response_server_enabled": null,
            "routing_http_response_strict_transport_security_header_value": null,
            "routing_http_response_x_content_type_options_header_value": null,
            "routing_http_response_x_frame_options_header_value": null,
            "ssl_policy": "",
            "tags": {},
            "tags_all": {},
            "tcp_idle_timeout_seconds": 350,
            "timeouts": null
          },
          "sensitive_attributes": [],
          "identity_schema_version": 0,
          "private": "eyJlMmJmYjczMC1lY2FhLTExZTYtOGY4OC0zNDM2M2JjN2M0YzAiOnsiY3JlYXRlIjozMDAwMDAwMDAwMDAsInVwZGF0ZSI6MzAwMDAwMDAwMDAwfX0=",
          "dependencies": [
            "aws_lb.monitoring",
            "aws_lb_target_group.monitoring_prometheus",
            "aws_subnet.private",
            "aws_vpc.main",
            "data.aws_availability_zones.available"
          ]
        }
      ]
    },
    {
      "mode": "managed",
      "type": "aws_lb_target_group",
      "name": "ecs",
      "provider": "provider[\"registry.terraform.io/hashicorp/aws\"]",
      "instances": [
        {
          "schema_version": 0,
          "attributes": {
            "arn": "arn:aws:elasticloadbalancing:ap-northeast-1:897722691159:targetgroup/cms-community-tg/29a29cb8637b51b4",
            "arn_suffix": "targetgroup/cms-community-tg/29a29cb8637b51b4",
            "connection_termination": null,
            "deregistration_delay": "300",
            "health_check": [
              {
                "enabled": true,
                "healthy_threshold": 3,
                "interval": 30,
                "matcher": "200",
                "path": "/actuator/health",
                "port": "traffic-port",
                "protocol": "HTTP",
                "timeout": 5,
                "unhealthy_threshold": 3
              }
            ],
            "id": "arn:aws:elasticloadbalancing:ap-northeast-1:897722691159:targetgroup/cms-community-tg/29a29cb8637b51b4",
            "ip_address_type": "ipv4",
            "lambda_multi_value_headers_enabled": false,
            "load_balancer_arns": [
              "arn:aws:elasticloadbalancing:ap-northeast-1:897722691159:loadbalancer/app/cms-community-alb/001efe9617020d30"
            ],
            "load_balancing_algorithm_type": "round_robin",
            "load_balancing_anomaly_mitigation": "off",
            "load_balancing_cross_zone_enabled": "use_load_balancer_configuration",
            "name": "cms-community-tg",
            "name_prefix": "",
            "port": 8080,
            "preserve_client_ip": null,
            "protocol": "HTTP",
            "protocol_version": "HTTP1",
            "proxy_protocol_v2": false,
            "slow_start": 0,
            "stickiness": [
              {
                "cookie_duration": 86400,
                "cookie_name": "",
                "enabled": false,
                "type": "lb_cookie"
              }
            ],
            "tags": {
              "Environment": "prod",
              "Project": "cms-community"
            },
            "tags_all": {
              "Environment": "prod",
              "Project": "cms-community"
            },
            "target_failover": [
              {
                "on_deregistration": null,
                "on_unhealthy": null
              }
            ],
            "target_group_health": [
              {
                "dns_failover": [
                  {
                    "minimum_healthy_targets_count": "1",
                    "minimum_healthy_targets_percentage": "off"
                  }
                ],
                "unhealthy_state_routing": [
                  {
                    "minimum_healthy_targets_count": 1,
                    "minimum_healthy_targets_percentage": "off"
                  }
                ]
              }
            ],
            "target_health_state": [
              {
                "enable_unhealthy_connection_termination": null,
                "unhealthy_draining_interval": null
              }
            ],
            "target_type": "ip",
            "vpc_id": "vpc-0d0de629c611f3f04"
          },
          "sensitive_attributes": [],
          "identity_schema_version": 0,
          "private": "bnVsbA==",
          "dependencies": [
            "aws_vpc.main"
          ]
        }
      ]
    },
    {
      "mode": "managed",
      "type": "aws_lb_target_group",
      "name": "monitoring_grafana",
      "provider": "provider[\"registry.terraform.io/hashicorp/aws\"]",
      "instances": [
        {
          "schema_version": 0,
          "attributes": {
            "arn": "arn:aws:elasticloadbalancing:ap-northeast-1:897722691159:targetgroup/cms-community-mon-gf3/89977b3c1b96ced7",
            "arn_suffix": "targetgroup/cms-community-mon-gf3/89977b3c1b96ced7",
            "connection_termination": false,
            "deregistration_delay": "300",
            "health_check": [
              {
                "enabled": true,
                "healthy_threshold": 5,
                "interval": 30,
                "matcher": "",
                "path": "",
                "port": "traffic-port",
                "protocol": "TCP",
                "timeout": 10,
                "unhealthy_threshold": 2
              }
            ],
            "id": "arn:aws:elasticloadbalancing:ap-northeast-1:897722691159:targetgroup/cms-community-mon-gf3/89977b3c1b96ced7",
            "ip_address_type": "ipv4",
            "lambda_multi_value_headers_enabled": false,
            "load_balancer_arns": [
              "arn:aws:elasticloadbalancing:ap-northeast-1:897722691159:loadbalancer/net/cms-community-mon-nlb/ffbff355b06c0244"
            ],
            "load_balancing_algorithm_type": null,
            "load_balancing_anomaly_mitigation": null,
            "load_balancing_cross_zone_enabled": "use_load_balancer_configuration",
            "name": "cms-community-mon-gf3",
            "name_prefix": "",
            "port": 3000,
            "preserve_client_ip": "false",
            "protocol": "TCP",
            "protocol_version": null,
            "proxy_protocol_v2": false,
            "slow_start": 0,
            "stickiness": [
              {
                "cookie_duration": 0,
                "cookie_name": "",
                "enabled": false,
                "type": "source_ip"
              }
            ],
            "tags": {
              "Environment": "prod",
              "Project": "cms-community"
            },
            "tags_all": {
              "Environment": "prod",
              "Project": "cms-community"
            },
            "target_failover": [
              {
                "on_deregistration": null,
                "on_unhealthy": null
              }
            ],
            "target_group_health": [
              {
                "dns_failover": [
                  {
                    "minimum_healthy_targets_count": "1",
                    "minimum_healthy_targets_percentage": "off"
                  }
                ],
                "unhealthy_state_routing": [
                  {
                    "minimum_healthy_targets_count": 1,
                    "minimum_healthy_targets_percentage": "off"
                  }
                ]
              }
            ],
            "target_health_state": [
              {
                "enable_unhealthy_connection_termination": true,
                "unhealthy_draining_interval": 0
              }
            ],
            "target_type": "ip",
            "vpc_id": "vpc-0d0de629c611f3f04"
          },
          "sensitive_attributes": [],
          "identity_schema_version": 0,
          "private": "bnVsbA==",
          "dependencies": [
            "aws_vpc.main"
          ],
          "create_before_destroy": true
        }
      ]
    },
    {
      "mode": "managed",
      "type": "aws_lb_target_group",
      "name": "monitoring_prometheus",
      "provider": "provider[\"registry.terraform.io/hashicorp/aws\"]",
      "instances": [
        {
          "schema_version": 0,
          "attributes": {
            "arn": "arn:aws:elasticloadbalancing:ap-northeast-1:897722691159:targetgroup/cms-community-mon-pr3/07837d31a328460c",
            "arn_suffix": "targetgroup/cms-community-mon-pr3/07837d31a328460c",
            "connection_termination": false,
            "deregistration_delay": "300",
            "health_check": [
              {
                "enabled": true,
                "healthy_threshold": 5,
                "interval": 30,
                "matcher": "",
                "path": "",
                "port": "traffic-port",
                "protocol": "TCP",
                "timeout": 10,
                "unhealthy_threshold": 2
              }
            ],
            "id": "arn:aws:elasticloadbalancing:ap-northeast-1:897722691159:targetgroup/cms-community-mon-pr3/07837d31a328460c",
            "ip_address_type": "ipv4",
            "lambda_multi_value_headers_enabled": false,
            "load_balancer_arns": [
              "arn:aws:elasticloadbalancing:ap-northeast-1:897722691159:loadbalancer/net/cms-community-mon-nlb/ffbff355b06c0244"
            ],
            "load_balancing_algorithm_type": null,
            "load_balancing_anomaly_mitigation": null,
            "load_balancing_cross_zone_enabled": "use_load_balancer_configuration",
            "name": "cms-community-mon-pr3",
            "name_prefix": "",
            "port": 9090,
            "preserve_client_ip": "false",
            "protocol": "TCP",
            "protocol_version": null,
            "proxy_protocol_v2": false,
            "slow_start": 0,
            "stickiness": [
              {
                "cookie_duration": 0,
                "cookie_name": "",
                "enabled": false,
                "type": "source_ip"
              }
            ],
            "tags": {
              "Environment": "prod",
              "Project": "cms-community"
            },
            "tags_all": {
              "Environment": "prod",
              "Project": "cms-community"
            },
            "target_failover": [
              {
                "on_deregistration": null,
                "on_unhealthy": null
              }
            ],
            "target_group_health": [
              {
                "dns_failover": [
                  {
                    "minimum_healthy_targets_count": "1",
                    "minimum_healthy_targets_percentage": "off"
                  }
                ],
                "unhealthy_state_routing": [
                  {
                    "minimum_healthy_targets_count": 1,
                    "minimum_healthy_targets_percentage": "off"
                  }
                ]
              }
            ],
            "target_health_state": [
              {
                "enable_unhealthy_connection_termination": true,
                "unhealthy_draining_interval": 0
              }
            ],
            "target_type": "ip",
            "vpc_id": "vpc-0d0de629c611f3f04"
          },
          "sensitive_attributes": [],
          "identity_schema_version": 0,
          "private": "bnVsbA==",
          "dependencies": [
            "aws_vpc.main"
          ],
          "create_before_destroy": true
        }
      ]
    },
    {
      "mode": "managed",
      "type": "aws_nat_gateway",
      "name": "nat",
      "provider": "provider[\"registry.terraform.io/hashicorp/aws\"]",
      "instances": [
        {
          "schema_version": 0,
          "attributes": {
            "allocation_id": "eipalloc-0a9f0f6fdc532d65e",
            "association_id": "eipassoc-0d7dc530dae50f336",
            "connectivity_type": "public",
            "id": "nat-074240373a725c712",
            "network_interface_id": "eni-01bc705603b56d17e",
            "private_ip": "10.30.1.82",
            "public_ip": "18.178.29.31",
            "secondary_allocation_ids": [],
            "secondary_private_ip_address_count": 0,
            "secondary_private_ip_addresses": [],
            "subnet_id": "subnet-0407a839893680951",
            "tags": {
              "Environment": "prod",
              "Name": "cms-community-nat",
              "Project": "cms-community"
            },
            "tags_all": {
              "Environment": "prod",
              "Name": "cms-community-nat",
              "Project": "cms-community"
            },
            "timeouts": null
          },
          "sensitive_attributes": [],
          "identity_schema_version": 0,
          "private": "eyJlMmJmYjczMC1lY2FhLTExZTYtOGY4OC0zNDM2M2JjN2M0YzAiOnsiY3JlYXRlIjo2MDAwMDAwMDAwMDAsImRlbGV0ZSI6MTgwMDAwMDAwMDAwMCwidXBkYXRlIjo2MDAwMDAwMDAwMDB9fQ==",
          "dependencies": [
            "aws_eip.nat",
            "aws_subnet.public",
            "aws_vpc.main",
            "data.aws_availability_zones.available"
          ]
        }
      ]
    },
    {
      "mode": "managed",
      "type": "aws_route53_record",
      "name": "admin",
      "provider": "provider[\"registry.terraform.io/hashicorp/aws\"]",
      "instances": [
        {
          "schema_version": 2,
          "attributes": {
            "alias": [
              {
                "evaluate_target_health": false,
                "name": "d37tk95qr48u7v.cloudfront.net",
                "zone_id": "Z2FDTNDATAQYW2"
              }
            ],
            "allow_overwrite": true,
            "cidr_routing_policy": [],
            "failover_routing_policy": [],
            "fqdn": "admin.cms-community.com",
            "geolocation_routing_policy": [],
            "geoproximity_routing_policy": [],
            "health_check_id": "",
            "id": "Z06566151EZ4NNXKJ2HVE_admin.cms-community.com_A",
            "latency_routing_policy": [],
            "multivalue_answer_routing_policy": false,
            "name": "admin.cms-community.com",
            "records": [],
            "set_identifier": "",
            "timeouts": null,
            "ttl": 0,
            "type": "A",
            "weighted_routing_policy": [],
            "zone_id": "Z06566151EZ4NNXKJ2HVE"
          },
          "sensitive_attributes": [],
          "identity_schema_version": 0,
          "private": "eyJlMmJmYjczMC1lY2FhLTExZTYtOGY4OC0zNDM2M2JjN2M0YzAiOnsiY3JlYXRlIjoxODAwMDAwMDAwMDAwLCJkZWxldGUiOjE4MDAwMDAwMDAwMDAsInVwZGF0ZSI6MTgwMDAwMDAwMDAwMH0sInNjaGVtYV92ZXJzaW9uIjoiMiJ9",
          "dependencies": [
            "aws_acm_certificate.cloudfront",
            "aws_acm_certificate_validation.cloudfront",
            "aws_cloudfront_distribution.admin",
            "aws_cloudfront_origin_access_control.oac",
            "aws_route53_record.cf_validation",
            "aws_s3_bucket.frontend_admin",
            "data.aws_route53_zone.primary"
          ]
        }
      ]
    },
    {
      "mode": "managed",
      "type": "aws_route53_record",
      "name": "alb_validation",
      "provider": "provider[\"registry.terraform.io/hashicorp/aws\"]",
      "instances": [
        {
          "index_key": "api.cms-community.com",
          "schema_version": 2,
          "attributes": {
            "alias": [],
            "allow_overwrite": true,
            "cidr_routing_policy": [],
            "failover_routing_policy": [],
            "fqdn": "_8b90a63de8b861e92a21c56cddef5ebf.api.cms-community.com",
            "geolocation_routing_policy": [],
            "geoproximity_routing_policy": [],
            "health_check_id": "",
            "id": "Z06566151EZ4NNXKJ2HVE__8b90a63de8b861e92a21c56cddef5ebf.api.cms-community.com._CNAME",
            "latency_routing_policy": [],
            "multivalue_answer_routing_policy": false,
            "name": "_8b90a63de8b861e92a21c56cddef5ebf.api.cms-community.com",
            "records": [
              "_42c8ae506472e99f06d77e56e41a225b.jkddzztszm.acm-validations.aws."
            ],
            "set_identifier": "",
            "timeouts": null,
            "ttl": 60,
            "type": "CNAME",
            "weighted_routing_policy": [],
            "zone_id": "Z06566151EZ4NNXKJ2HVE"
          },
          "sensitive_attributes": [],
          "identity_schema_version": 0,
          "private": "eyJlMmJmYjczMC1lY2FhLTExZTYtOGY4OC0zNDM2M2JjN2M0YzAiOnsiY3JlYXRlIjoxODAwMDAwMDAwMDAwLCJkZWxldGUiOjE4MDAwMDAwMDAwMDAsInVwZGF0ZSI6MTgwMDAwMDAwMDAwMH0sInNjaGVtYV92ZXJzaW9uIjoiMiJ9",
          "dependencies": [
            "aws_acm_certificate.alb",
            "data.aws_route53_zone.primary"
          ]
        }
      ]
    },
    {
      "mode": "managed",
      "type": "aws_route53_record",
      "name": "api",
      "provider": "provider[\"registry.terraform.io/hashicorp/aws\"]",
      "instances": [
        {
          "schema_version": 2,
          "attributes": {
            "alias": [
              {
                "evaluate_target_health": true,
                "name": "cms-community-alb-1106724923.ap-northeast-1.elb.amazonaws.com",
                "zone_id": "Z14GRHDCWA56QT"
              }
            ],
            "allow_overwrite": true,
            "cidr_routing_policy": [],
            "failover_routing_policy": [],
            "fqdn": "api.cms-community.com",
            "geolocation_routing_policy": [],
            "geoproximity_routing_policy": [],
            "health_check_id": "",
            "id": "Z06566151EZ4NNXKJ2HVE_api.cms-community.com_A",
            "latency_routing_policy": [],
            "multivalue_answer_routing_policy": false,
            "name": "api.cms-community.com",
            "records": [],
            "set_identifier": "",
            "timeouts": null,
            "ttl": 0,
            "type": "A",
            "weighted_routing_policy": [],
            "zone_id": "Z06566151EZ4NNXKJ2HVE"
          },
          "sensitive_attributes": [],
          "identity_schema_version": 0,
          "private": "eyJlMmJmYjczMC1lY2FhLTExZTYtOGY4OC0zNDM2M2JjN2M0YzAiOnsiY3JlYXRlIjoxODAwMDAwMDAwMDAwLCJkZWxldGUiOjE4MDAwMDAwMDAwMDAsInVwZGF0ZSI6MTgwMDAwMDAwMDAwMH0sInNjaGVtYV92ZXJzaW9uIjoiMiJ9",
          "dependencies": [
            "aws_lb.app",
            "aws_security_group.alb",
            "aws_subnet.public",
            "aws_vpc.main",
            "data.aws_availability_zones.available",
            "data.aws_route53_zone.primary"
          ]
        }
      ]
    },
    {
      "mode": "managed",
      "type": "aws_route53_record",
      "name": "cf_validation",
      "provider": "provider[\"registry.terraform.io/hashicorp/aws\"]",
      "instances": [
        {
          "index_key": "admin.cms-community.com",
          "schema_version": 2,
          "attributes": {
            "alias": [],
            "allow_overwrite": true,
            "cidr_routing_policy": [],
            "failover_routing_policy": [],
            "fqdn": "_a3d92860a0b5a3604722ab64050d86da.admin.cms-community.com",
            "geolocation_routing_policy": [],
            "geoproximity_routing_policy": [],
            "health_check_id": "",
            "id": "Z06566151EZ4NNXKJ2HVE__a3d92860a0b5a3604722ab64050d86da.admin.cms-community.com._CNAME",
            "latency_routing_policy": [],
            "multivalue_answer_routing_policy": false,
            "name": "_a3d92860a0b5a3604722ab64050d86da.admin.cms-community.com",
            "records": [
              "_75cb1f64f5089b0579437d030cc73858.jkddzztszm.acm-validations.aws."
            ],
            "set_identifier": "",
            "timeouts": null,
            "ttl": 60,
            "type": "CNAME",
            "weighted_routing_policy": [],
            "zone_id": "Z06566151EZ4NNXKJ2HVE"
          },
          "sensitive_attributes": [],
          "identity_schema_version": 0,
          "private": "eyJlMmJmYjczMC1lY2FhLTExZTYtOGY4OC0zNDM2M2JjN2M0YzAiOnsiY3JlYXRlIjoxODAwMDAwMDAwMDAwLCJkZWxldGUiOjE4MDAwMDAwMDAwMDAsInVwZGF0ZSI6MTgwMDAwMDAwMDAwMH0sInNjaGVtYV92ZXJzaW9uIjoiMiJ9",
          "dependencies": [
            "aws_acm_certificate.cloudfront",
            "data.aws_route53_zone.primary"
          ]
        },
        {
          "index_key": "cms-community.com",
          "schema_version": 2,
          "attributes": {
            "alias": [],
            "allow_overwrite": true,
            "cidr_routing_policy": [],
            "failover_routing_policy": [],
            "fqdn": "_641290a5b1812288c64cd236d3d0332b.cms-community.com",
            "geolocation_routing_policy": [],
            "geoproximity_routing_policy": [],
            "health_check_id": "",
            "id": "Z06566151EZ4NNXKJ2HVE__641290a5b1812288c64cd236d3d0332b.cms-community.com._CNAME",
            "latency_routing_policy": [],
            "multivalue_answer_routing_policy": false,
            "name": "_641290a5b1812288c64cd236d3d0332b.cms-community.com",
            "records": [
              "_238158f68981b3a960f6b47ff6b147ef.jkddzztszm.acm-validations.aws."
            ],
            "set_identifier": "",
            "timeouts": null,
            "ttl": 60,
            "type": "CNAME",
            "weighted_routing_policy": [],
            "zone_id": "Z06566151EZ4NNXKJ2HVE"
          },
          "sensitive_attributes": [],
          "identity_schema_version": 0,
          "private": "eyJlMmJmYjczMC1lY2FhLTExZTYtOGY4OC0zNDM2M2JjN2M0YzAiOnsiY3JlYXRlIjoxODAwMDAwMDAwMDAwLCJkZWxldGUiOjE4MDAwMDAwMDAwMDAsInVwZGF0ZSI6MTgwMDAwMDAwMDAwMH0sInNjaGVtYV92ZXJzaW9uIjoiMiJ9",
          "dependencies": [
            "aws_acm_certificate.cloudfront",
            "data.aws_route53_zone.primary"
          ]
        },
        {
          "index_key": "media.cms-community.com",
          "schema_version": 2,
          "attributes": {
            "alias": [],
            "allow_overwrite": true,
            "cidr_routing_policy": [],
            "failover_routing_policy": [],
            "fqdn": "_18850ba11c3ee7c68c4f543d58dbde5e.media.cms-community.com",
            "geolocation_routing_policy": [],
            "geoproximity_routing_policy": [],
            "health_check_id": "",
            "id": "Z06566151EZ4NNXKJ2HVE__18850ba11c3ee7c68c4f543d58dbde5e.media.cms-community.com._CNAME",
            "latency_routing_policy": [],
            "multivalue_answer_routing_policy": false,
            "name": "_18850ba11c3ee7c68c4f543d58dbde5e.media.cms-community.com",
            "records": [
              "_9b10a21f86508973128248696316d2c0.jkddzztszm.acm-validations.aws."
            ],
            "set_identifier": "",
            "timeouts": null,
            "ttl": 60,
            "type": "CNAME",
            "weighted_routing_policy": [],
            "zone_id": "Z06566151EZ4NNXKJ2HVE"
          },
          "sensitive_attributes": [],
          "identity_schema_version": 0,
          "private": "eyJlMmJmYjczMC1lY2FhLTExZTYtOGY4OC0zNDM2M2JjN2M0YzAiOnsiY3JlYXRlIjoxODAwMDAwMDAwMDAwLCJkZWxldGUiOjE4MDAwMDAwMDAwMDAsInVwZGF0ZSI6MTgwMDAwMDAwMDAwMH0sInNjaGVtYV92ZXJzaW9uIjoiMiJ9",
          "dependencies": [
            "aws_acm_certificate.cloudfront",
            "data.aws_route53_zone.primary"
          ]
        },
        {
          "index_key": "user.cms-community.com",
          "schema_version": 2,
          "attributes": {
            "alias": [],
            "allow_overwrite": true,
            "cidr_routing_policy": [],
            "failover_routing_policy": [],
            "fqdn": "_0a6a8e5da91284a7fb0fdcccefe0edf2.user.cms-community.com",
            "geolocation_routing_policy": [],
            "geoproximity_routing_policy": [],
            "health_check_id": "",
            "id": "Z06566151EZ4NNXKJ2HVE__0a6a8e5da91284a7fb0fdcccefe0edf2.user.cms-community.com._CNAME",
            "latency_routing_policy": [],
            "multivalue_answer_routing_policy": false,
            "name": "_0a6a8e5da91284a7fb0fdcccefe0edf2.user.cms-community.com",
            "records": [
              "_faecb998a847387c6512f18bde3a53da.jkddzztszm.acm-validations.aws."
            ],
            "set_identifier": "",
            "timeouts": null,
            "ttl": 60,
            "type": "CNAME",
            "weighted_routing_policy": [],
            "zone_id": "Z06566151EZ4NNXKJ2HVE"
          },
          "sensitive_attributes": [],
          "identity_schema_version": 0,
          "private": "eyJlMmJmYjczMC1lY2FhLTExZTYtOGY4OC0zNDM2M2JjN2M0YzAiOnsiY3JlYXRlIjoxODAwMDAwMDAwMDAwLCJkZWxldGUiOjE4MDAwMDAwMDAwMDAsInVwZGF0ZSI6MTgwMDAwMDAwMDAwMH0sInNjaGVtYV92ZXJzaW9uIjoiMiJ9",
          "dependencies": [
            "aws_acm_certificate.cloudfront",
            "data.aws_route53_zone.primary"
          ]
        }
      ]
    },
    {
      "mode": "managed",
      "type": "aws_route53_record",
      "name": "media",
      "provider": "provider[\"registry.terraform.io/hashicorp/aws\"]",
      "instances": [
        {
          "schema_version": 2,
          "attributes": {
            "alias": [
              {
                "evaluate_target_health": false,
                "name": "di5bsi5o5bxxw.cloudfront.net",
                "zone_id": "Z2FDTNDATAQYW2"
              }
            ],
            "allow_overwrite": true,
            "cidr_routing_policy": [],
            "failover_routing_policy": [],
            "fqdn": "media.cms-community.com",
            "geolocation_routing_policy": [],
            "geoproximity_routing_policy": [],
            "health_check_id": "",
            "id": "Z06566151EZ4NNXKJ2HVE_media.cms-community.com_A",
            "latency_routing_policy": [],
            "multivalue_answer_routing_policy": false,
            "name": "media.cms-community.com",
            "records": [],
            "set_identifier": "",
            "timeouts": null,
            "ttl": 0,
            "type": "A",
            "weighted_routing_policy": [],
            "zone_id": "Z06566151EZ4NNXKJ2HVE"
          },
          "sensitive_attributes": [],
          "identity_schema_version": 0,
          "private": "eyJlMmJmYjczMC1lY2FhLTExZTYtOGY4OC0zNDM2M2JjN2M0YzAiOnsiY3JlYXRlIjoxODAwMDAwMDAwMDAwLCJkZWxldGUiOjE4MDAwMDAwMDAwMDAsInVwZGF0ZSI6MTgwMDAwMDAwMDAwMH0sInNjaGVtYV92ZXJzaW9uIjoiMiJ9",
          "dependencies": [
            "aws_acm_certificate.cloudfront",
            "aws_acm_certificate_validation.cloudfront",
            "aws_cloudfront_distribution.media",
            "aws_cloudfront_origin_access_control.oac",
            "aws_route53_record.cf_validation",
            "aws_s3_bucket.media",
            "data.aws_route53_zone.primary",
            "random_id.media"
          ]
        }
      ]
    },
    {
      "mode": "managed",
      "type": "aws_route53_record",
      "name": "user",
      "provider": "provider[\"registry.terraform.io/hashicorp/aws\"]",
      "instances": [
        {
          "schema_version": 2,
          "attributes": {
            "alias": [
              {
                "evaluate_target_health": false,
                "name": "d3lhnf2yskh39w.cloudfront.net",
                "zone_id": "Z2FDTNDATAQYW2"
              }
            ],
            "allow_overwrite": true,
            "cidr_routing_policy": [],
            "failover_routing_policy": [],
            "fqdn": "user.cms-community.com",
            "geolocation_routing_policy": [],
            "geoproximity_routing_policy": [],
            "health_check_id": "",
            "id": "Z06566151EZ4NNXKJ2HVE_user.cms-community.com_A",
            "latency_routing_policy": [],
            "multivalue_answer_routing_policy": false,
            "name": "user.cms-community.com",
            "records": [],
            "set_identifier": "",
            "timeouts": null,
            "ttl": 0,
            "type": "A",
            "weighted_routing_policy": [],
            "zone_id": "Z06566151EZ4NNXKJ2HVE"
          },
          "sensitive_attributes": [],
          "identity_schema_version": 0,
          "private": "eyJlMmJmYjczMC1lY2FhLTExZTYtOGY4OC0zNDM2M2JjN2M0YzAiOnsiY3JlYXRlIjoxODAwMDAwMDAwMDAwLCJkZWxldGUiOjE4MDAwMDAwMDAwMDAsInVwZGF0ZSI6MTgwMDAwMDAwMDAwMH0sInNjaGVtYV92ZXJzaW9uIjoiMiJ9",
          "dependencies": [
            "aws_acm_certificate.cloudfront",
            "aws_acm_certificate_validation.cloudfront",
            "aws_cloudfront_distribution.user",
            "aws_cloudfront_origin_access_control.oac",
            "aws_route53_record.cf_validation",
            "aws_s3_bucket.frontend_user",
            "data.aws_route53_zone.primary"
          ]
        }
      ]
    },
    {
      "mode": "managed",
      "type": "aws_route_table",
      "name": "private",
      "provider": "provider[\"registry.terraform.io/hashicorp/aws\"]",
      "instances": [
        {
          "schema_version": 0,
          "attributes": {
            "arn": "arn:aws:ec2:ap-northeast-1:897722691159:route-table/rtb-09c3c6d871e92ca38",
            "id": "rtb-09c3c6d871e92ca38",
            "owner_id": "897722691159",
            "propagating_vgws": [],
            "route": [
              {
                "carrier_gateway_id": "",
                "cidr_block": "0.0.0.0/0",
                "core_network_arn": "",
                "destination_prefix_list_id": "",
                "egress_only_gateway_id": "",
                "gateway_id": "",
                "ipv6_cidr_block": "",
                "local_gateway_id": "",
                "nat_gateway_id": "nat-074240373a725c712",
                "network_interface_id": "",
                "transit_gateway_id": "",
                "vpc_endpoint_id": "",
                "vpc_peering_connection_id": ""
              }
            ],
            "tags": {
              "Environment": "prod",
              "Name": "cms-community-private-rt",
              "Project": "cms-community"
            },
            "tags_all": {
              "Environment": "prod",
              "Name": "cms-community-private-rt",
              "Project": "cms-community"
            },
            "timeouts": null,
            "vpc_id": "vpc-0d0de629c611f3f04"
          },
          "sensitive_attributes": [],
          "identity_schema_version": 0,
          "private": "eyJlMmJmYjczMC1lY2FhLTExZTYtOGY4OC0zNDM2M2JjN2M0YzAiOnsiY3JlYXRlIjozMDAwMDAwMDAwMDAsImRlbGV0ZSI6MzAwMDAwMDAwMDAwLCJ1cGRhdGUiOjEyMDAwMDAwMDAwMH19",
          "dependencies": [
            "aws_eip.nat",
            "aws_nat_gateway.nat",
            "aws_subnet.public",
            "aws_vpc.main",
            "data.aws_availability_zones.available"
          ]
        }
      ]
    },
    {
      "mode": "managed",
      "type": "aws_route_table",
      "name": "public",
      "provider": "provider[\"registry.terraform.io/hashicorp/aws\"]",
      "instances": [
        {
          "schema_version": 0,
          "attributes": {
            "arn": "arn:aws:ec2:ap-northeast-1:897722691159:route-table/rtb-03b38f36ee3c25b17",
            "id": "rtb-03b38f36ee3c25b17",
            "owner_id": "897722691159",
            "propagating_vgws": [],
            "route": [
              {
                "carrier_gateway_id": "",
                "cidr_block": "0.0.0.0/0",
                "core_network_arn": "",
                "destination_prefix_list_id": "",
                "egress_only_gateway_id": "",
                "gateway_id": "igw-06cfd820afad0dc1d",
                "ipv6_cidr_block": "",
                "local_gateway_id": "",
                "nat_gateway_id": "",
                "network_interface_id": "",
                "transit_gateway_id": "",
                "vpc_endpoint_id": "",
                "vpc_peering_connection_id": ""
              }
            ],
            "tags": {
              "Environment": "prod",
              "Name": "cms-community-public-rt",
              "Project": "cms-community"
            },
            "tags_all": {
              "Environment": "prod",
              "Name": "cms-community-public-rt",
              "Project": "cms-community"
            },
            "timeouts": null,
            "vpc_id": "vpc-0d0de629c611f3f04"
          },
          "sensitive_attributes": [],
          "identity_schema_version": 0,
          "private": "eyJlMmJmYjczMC1lY2FhLTExZTYtOGY4OC0zNDM2M2JjN2M0YzAiOnsiY3JlYXRlIjozMDAwMDAwMDAwMDAsImRlbGV0ZSI6MzAwMDAwMDAwMDAwLCJ1cGRhdGUiOjEyMDAwMDAwMDAwMH19",
          "dependencies": [
            "aws_internet_gateway.igw",
            "aws_vpc.main"
          ]
        }
      ]
    },
    {
      "mode": "managed",
      "type": "aws_route_table_association",
      "name": "private",
      "provider": "provider[\"registry.terraform.io/hashicorp/aws\"]",
      "instances": [
        {
          "index_key": "10.30.11.0/24",
          "schema_version": 0,
          "attributes": {
            "gateway_id": "",
            "id": "rtbassoc-0e1059fa3bddd314d",
            "route_table_id": "rtb-09c3c6d871e92ca38",
            "subnet_id": "subnet-04b7392b801def65b",
            "timeouts": null
          },
          "sensitive_attributes": [],
          "identity_schema_version": 0,
          "private": "eyJlMmJmYjczMC1lY2FhLTExZTYtOGY4OC0zNDM2M2JjN2M0YzAiOnsiY3JlYXRlIjozMDAwMDAwMDAwMDAsImRlbGV0ZSI6MzAwMDAwMDAwMDAwLCJ1cGRhdGUiOjEyMDAwMDAwMDAwMH19",
          "dependencies": [
            "aws_eip.nat",
            "aws_nat_gateway.nat",
            "aws_route_table.private",
            "aws_subnet.private",
            "aws_subnet.public",
            "aws_vpc.main",
            "data.aws_availability_zones.available"
          ]
        },
        {
          "index_key": "10.30.12.0/24",
          "schema_version": 0,
          "attributes": {
            "gateway_id": "",
            "id": "rtbassoc-02da54386313618bc",
            "route_table_id": "rtb-09c3c6d871e92ca38",
            "subnet_id": "subnet-051eb100160b80207",
            "timeouts": null
          },
          "sensitive_attributes": [],
          "identity_schema_version": 0,
          "private": "eyJlMmJmYjczMC1lY2FhLTExZTYtOGY4OC0zNDM2M2JjN2M0YzAiOnsiY3JlYXRlIjozMDAwMDAwMDAwMDAsImRlbGV0ZSI6MzAwMDAwMDAwMDAwLCJ1cGRhdGUiOjEyMDAwMDAwMDAwMH19",
          "dependencies": [
            "aws_eip.nat",
            "aws_nat_gateway.nat",
            "aws_route_table.private",
            "aws_subnet.private",
            "aws_subnet.public",
            "aws_vpc.main",
            "data.aws_availability_zones.available"
          ]
        }
      ]
    },
    {
      "mode": "managed",
      "type": "aws_route_table_association",
      "name": "public",
      "provider": "provider[\"registry.terraform.io/hashicorp/aws\"]",
      "instances": [
        {
          "index_key": "10.30.1.0/24",
          "schema_version": 0,
          "attributes": {
            "gateway_id": "",
            "id": "rtbassoc-01a1cb3d3c769bc6d",
            "route_table_id": "rtb-03b38f36ee3c25b17",
            "subnet_id": "subnet-0407a839893680951",
            "timeouts": null
          },
          "sensitive_attributes": [],
          "identity_schema_version": 0,
          "private": "eyJlMmJmYjczMC1lY2FhLTExZTYtOGY4OC0zNDM2M2JjN2M0YzAiOnsiY3JlYXRlIjozMDAwMDAwMDAwMDAsImRlbGV0ZSI6MzAwMDAwMDAwMDAwLCJ1cGRhdGUiOjEyMDAwMDAwMDAwMH19",
          "dependencies": [
            "aws_internet_gateway.igw",
            "aws_route_table.public",
            "aws_subnet.public",
            "aws_vpc.main",
            "data.aws_availability_zones.available"
          ]
        },
        {
          "index_key": "10.30.2.0/24",
          "schema_version": 0,
          "attributes": {
            "gateway_id": "",
            "id": "rtbassoc-0c8a88eca46568725",
            "route_table_id": "rtb-03b38f36ee3c25b17",
            "subnet_id": "subnet-069a672da59928c14",
            "timeouts": null
          },
          "sensitive_attributes": [],
          "identity_schema_version": 0,
          "private": "eyJlMmJmYjczMC1lY2FhLTExZTYtOGY4OC0zNDM2M2JjN2M0YzAiOnsiY3JlYXRlIjozMDAwMDAwMDAwMDAsImRlbGV0ZSI6MzAwMDAwMDAwMDAwLCJ1cGRhdGUiOjEyMDAwMDAwMDAwMH19",
          "dependencies": [
            "aws_internet_gateway.igw",
            "aws_route_table.public",
            "aws_subnet.public",
            "aws_vpc.main",
            "data.aws_availability_zones.available"
          ]
        }
      ]
    },
    {
      "mode": "managed",
      "type": "aws_s3_bucket",
      "name": "frontend_admin",
      "provider": "provider[\"registry.terraform.io/hashicorp/aws\"]",
      "instances": [
        {
          "schema_version": 0,
          "attributes": {
            "acceleration_status": "",
            "acl": null,
            "arn": "arn:aws:s3:::cms-community-frontend-admin",
            "bucket": "cms-community-frontend-admin",
            "bucket_domain_name": "cms-community-frontend-admin.s3.amazonaws.com",
            "bucket_prefix": "",
            "bucket_regional_domain_name": "cms-community-frontend-admin.s3.ap-northeast-1.amazonaws.com",
            "cors_rule": [],
            "force_destroy": true,
            "grant": [
              {
                "id": "7f26bea069a14c41a6a522a9bad9e6885de5ccc880d7be889c6f3e259e54bcaa",
                "permissions": [
                  "FULL_CONTROL"
                ],
                "type": "CanonicalUser",
                "uri": ""
              }
            ],
            "hosted_zone_id": "Z2M4EHUR26P7ZW",
            "id": "cms-community-frontend-admin",
            "lifecycle_rule": [],
            "logging": [],
            "object_lock_configuration": [],
            "object_lock_enabled": false,
            "policy": "{\"Statement\":[{\"Action\":\"s3:GetObject\",\"Condition\":{\"StringEquals\":{\"AWS:SourceArn\":\"arn:aws:cloudfront::897722691159:distribution/E2650NO9CYI7HY\"}},\"Effect\":\"Allow\",\"Principal\":{\"Service\":\"cloudfront.amazonaws.com\"},\"Resource\":\"arn:aws:s3:::cms-community-frontend-admin/*\"}],\"Version\":\"2012-10-17\"}",
            "region": "ap-northeast-1",
            "replication_configuration": [],
            "request_payer": "BucketOwner",
            "server_side_encryption_configuration": [
              {
                "rule": [
                  {
                    "apply_server_side_encryption_by_default": [
                      {
                        "kms_master_key_id": "",
                        "sse_algorithm": "AES256"
                      }
                    ],
                    "bucket_key_enabled": false
                  }
                ]
              }
            ],
            "tags": {
              "Environment": "prod",
              "Project": "cms-community"
            },
            "tags_all": {
              "Environment": "prod",
              "Project": "cms-community"
            },
            "timeouts": null,
            "versioning": [
              {
                "enabled": false,
                "mfa_delete": false
              }
            ],
            "website": [],
            "website_domain": null,
            "website_endpoint": null
          },
          "sensitive_attributes": [],
          "identity_schema_version": 0,
          "private": "eyJlMmJmYjczMC1lY2FhLTExZTYtOGY4OC0zNDM2M2JjN2M0YzAiOnsiY3JlYXRlIjoxMjAwMDAwMDAwMDAwLCJkZWxldGUiOjM2MDAwMDAwMDAwMDAsInJlYWQiOjEyMDAwMDAwMDAwMDAsInVwZGF0ZSI6MTIwMDAwMDAwMDAwMH19"
        }
      ]
    },
    {
      "mode": "managed",
      "type": "aws_s3_bucket",
      "name": "frontend_user",
      "provider": "provider[\"registry.terraform.io/hashicorp/aws\"]",
      "instances": [
        {
          "schema_version": 0,
          "attributes": {
            "acceleration_status": "",
            "acl": null,
            "arn": "arn:aws:s3:::cms-community-frontend-user",
            "bucket": "cms-community-frontend-user",
            "bucket_domain_name": "cms-community-frontend-user.s3.amazonaws.com",
            "bucket_prefix": "",
            "bucket_regional_domain_name": "cms-community-frontend-user.s3.ap-northeast-1.amazonaws.com",
            "cors_rule": [],
            "force_destroy": true,
            "grant": [
              {
                "id": "7f26bea069a14c41a6a522a9bad9e6885de5ccc880d7be889c6f3e259e54bcaa",
                "permissions": [
                  "FULL_CONTROL"
                ],
                "type": "CanonicalUser",
                "uri": ""
              }
            ],
            "hosted_zone_id": "Z2M4EHUR26P7ZW",
            "id": "cms-community-frontend-user",
            "lifecycle_rule": [],
            "logging": [],
            "object_lock_configuration": [],
            "object_lock_enabled": false,
            "policy": "{\"Statement\":[{\"Action\":\"s3:GetObject\",\"Condition\":{\"StringEquals\":{\"AWS:SourceArn\":\"arn:aws:cloudfront::897722691159:distribution/E5T21JIE159KX\"}},\"Effect\":\"Allow\",\"Principal\":{\"Service\":\"cloudfront.amazonaws.com\"},\"Resource\":\"arn:aws:s3:::cms-community-frontend-user/*\"}],\"Version\":\"2012-10-17\"}",
            "region": "ap-northeast-1",
            "replication_configuration": [],
            "request_payer": "BucketOwner",
            "server_side_encryption_configuration": [
              {
                "rule": [
                  {
                    "apply_server_side_encryption_by_default": [
                      {
                        "kms_master_key_id": "",
                        "sse_algorithm": "AES256"
                      }
                    ],
                    "bucket_key_enabled": false
                  }
                ]
              }
            ],
            "tags": {
              "Environment": "prod",
              "Project": "cms-community"
            },
            "tags_all": {
              "Environment": "prod",
              "Project": "cms-community"
            },
            "timeouts": null,
            "versioning": [
              {
                "enabled": false,
                "mfa_delete": false
              }
            ],
            "website": [],
            "website_domain": null,
            "website_endpoint": null
          },
          "sensitive_attributes": [],
          "identity_schema_version": 0,
          "private": "eyJlMmJmYjczMC1lY2FhLTExZTYtOGY4OC0zNDM2M2JjN2M0YzAiOnsiY3JlYXRlIjoxMjAwMDAwMDAwMDAwLCJkZWxldGUiOjM2MDAwMDAwMDAwMDAsInJlYWQiOjEyMDAwMDAwMDAwMDAsInVwZGF0ZSI6MTIwMDAwMDAwMDAwMH19"
        }
      ]
    },
    {
      "mode": "managed",
      "type": "aws_s3_bucket",
      "name": "media",
      "provider": "provider[\"registry.terraform.io/hashicorp/aws\"]",
      "instances": [
        {
          "schema_version": 0,
          "attributes": {
            "acceleration_status": "",
            "acl": null,
            "arn": "arn:aws:s3:::cms-community-media-a283e378",
            "bucket": "cms-community-media-a283e378",
            "bucket_domain_name": "cms-community-media-a283e378.s3.amazonaws.com",
            "bucket_prefix": "",
            "bucket_regional_domain_name": "cms-community-media-a283e378.s3.ap-northeast-1.amazonaws.com",
            "cors_rule": [
              {
                "allowed_headers": [
                  "*"
                ],
                "allowed_methods": [
                  "GET",
                  "HEAD",
                  "PUT"
                ],
                "allowed_origins": [
                  "https://admin.cms-community.com",
                  "https://user.cms-community.com"
                ],
                "expose_headers": [
                  "ETag"
                ],
                "max_age_seconds": 3600
              }
            ],
            "force_destroy": true,
            "grant": [
              {
                "id": "7f26bea069a14c41a6a522a9bad9e6885de5ccc880d7be889c6f3e259e54bcaa",
                "permissions": [
                  "FULL_CONTROL"
                ],
                "type": "CanonicalUser",
                "uri": ""
              }
            ],
            "hosted_zone_id": "Z2M4EHUR26P7ZW",
            "id": "cms-community-media-a283e378",
            "lifecycle_rule": [],
            "logging": [],
            "object_lock_configuration": [],
            "object_lock_enabled": false,
            "policy": "{\"Statement\":[{\"Action\":\"s3:GetObject\",\"Condition\":{\"StringEquals\":{\"AWS:SourceArn\":\"arn:aws:cloudfront::897722691159:distribution/E1L0ONQUMQ2H0A\"}},\"Effect\":\"Allow\",\"Principal\":{\"Service\":\"cloudfront.amazonaws.com\"},\"Resource\":\"arn:aws:s3:::cms-community-media-a283e378/*\"}],\"Version\":\"2012-10-17\"}",
            "region": "ap-northeast-1",
            "replication_configuration": [],
            "request_payer": "BucketOwner",
            "server_side_encryption_configuration": [
              {
                "rule": [
                  {
                    "apply_server_side_encryption_by_default": [
                      {
                        "kms_master_key_id": "",
                        "sse_algorithm": "AES256"
                      }
                    ],
                    "bucket_key_enabled": false
                  }
                ]
              }
            ],
            "tags": {
              "Environment": "prod",
              "Project": "cms-community"
            },
            "tags_all": {
              "Environment": "prod",
              "Project": "cms-community"
            },
            "timeouts": null,
            "versioning": [
              {
                "enabled": false,
                "mfa_delete": false
              }
            ],
            "website": [],
            "website_domain": null,
            "website_endpoint": null
          },
          "sensitive_attributes": [],
          "identity_schema_version": 0,
          "private": "eyJlMmJmYjczMC1lY2FhLTExZTYtOGY4OC0zNDM2M2JjN2M0YzAiOnsiY3JlYXRlIjoxMjAwMDAwMDAwMDAwLCJkZWxldGUiOjM2MDAwMDAwMDAwMDAsInJlYWQiOjEyMDAwMDAwMDAwMDAsInVwZGF0ZSI6MTIwMDAwMDAwMDAwMH19",
          "dependencies": [
            "random_id.media"
          ]
        }
      ]
    },
    {
      "mode": "managed",
      "type": "aws_s3_bucket_cors_configuration",
      "name": "media",
      "provider": "provider[\"registry.terraform.io/hashicorp/aws\"]",
      "instances": [
        {
          "schema_version": 0,
          "attributes": {
            "bucket": "cms-community-media-a283e378",
            "cors_rule": [
              {
                "allowed_headers": [
                  "*"
                ],
                "allowed_methods": [
                  "GET",
                  "HEAD",
                  "PUT"
                ],
                "allowed_origins": [
                  "https://admin.cms-community.com",
                  "https://user.cms-community.com"
                ],
                "expose_headers": [
                  "ETag"
                ],
                "id": "",
                "max_age_seconds": 3600
              }
            ],
            "expected_bucket_owner": "",
            "id": "cms-community-media-a283e378"
          },
          "sensitive_attributes": [],
          "identity_schema_version": 0,
          "private": "bnVsbA==",
          "dependencies": [
            "aws_s3_bucket.media",
            "random_id.media"
          ]
        }
      ]
    },
    {
      "mode": "managed",
      "type": "aws_s3_bucket_policy",
      "name": "frontend_admin",
      "provider": "provider[\"registry.terraform.io/hashicorp/aws\"]",
      "instances": [
        {
          "schema_version": 0,
          "attributes": {
            "bucket": "cms-community-frontend-admin",
            "id": "cms-community-frontend-admin",
            "policy": "{\"Statement\":[{\"Action\":\"s3:GetObject\",\"Condition\":{\"StringEquals\":{\"AWS:SourceArn\":\"arn:aws:cloudfront::897722691159:distribution/E2650NO9CYI7HY\"}},\"Effect\":\"Allow\",\"Principal\":{\"Service\":\"cloudfront.amazonaws.com\"},\"Resource\":\"arn:aws:s3:::cms-community-frontend-admin/*\"}],\"Version\":\"2012-10-17\"}"
          },
          "sensitive_attributes": [],
          "identity_schema_version": 0,
          "private": "bnVsbA==",
          "dependencies": [
            "aws_acm_certificate.cloudfront",
            "aws_acm_certificate_validation.cloudfront",
            "aws_cloudfront_distribution.admin",
            "aws_cloudfront_origin_access_control.oac",
            "aws_route53_record.cf_validation",
            "aws_s3_bucket.frontend_admin",
            "data.aws_route53_zone.primary"
          ]
        }
      ]
    },
    {
      "mode": "managed",
      "type": "aws_s3_bucket_policy",
      "name": "frontend_user",
      "provider": "provider[\"registry.terraform.io/hashicorp/aws\"]",
      "instances": [
        {
          "schema_version": 0,
          "attributes": {
            "bucket": "cms-community-frontend-user",
            "id": "cms-community-frontend-user",
            "policy": "{\"Statement\":[{\"Action\":\"s3:GetObject\",\"Condition\":{\"StringEquals\":{\"AWS:SourceArn\":\"arn:aws:cloudfront::897722691159:distribution/E5T21JIE159KX\"}},\"Effect\":\"Allow\",\"Principal\":{\"Service\":\"cloudfront.amazonaws.com\"},\"Resource\":\"arn:aws:s3:::cms-community-frontend-user/*\"}],\"Version\":\"2012-10-17\"}"
          },
          "sensitive_attributes": [],
          "identity_schema_version": 0,
          "private": "bnVsbA==",
          "dependencies": [
            "aws_acm_certificate.cloudfront",
            "aws_acm_certificate_validation.cloudfront",
            "aws_cloudfront_distribution.user",
            "aws_cloudfront_origin_access_control.oac",
            "aws_route53_record.cf_validation",
            "aws_s3_bucket.frontend_user",
            "data.aws_route53_zone.primary"
          ]
        }
      ]
    },
    {
      "mode": "managed",
      "type": "aws_s3_bucket_policy",
      "name": "media",
      "provider": "provider[\"registry.terraform.io/hashicorp/aws\"]",
      "instances": [
        {
          "schema_version": 0,
          "attributes": {
            "bucket": "cms-community-media-a283e378",
            "id": "cms-community-media-a283e378",
            "policy": "{\"Statement\":[{\"Action\":\"s3:GetObject\",\"Condition\":{\"StringEquals\":{\"AWS:SourceArn\":\"arn:aws:cloudfront::897722691159:distribution/E1L0ONQUMQ2H0A\"}},\"Effect\":\"Allow\",\"Principal\":{\"Service\":\"cloudfront.amazonaws.com\"},\"Resource\":\"arn:aws:s3:::cms-community-media-a283e378/*\"}],\"Version\":\"2012-10-17\"}"
          },
          "sensitive_attributes": [],
          "identity_schema_version": 0,
          "private": "bnVsbA==",
          "dependencies": [
            "aws_acm_certificate.cloudfront",
            "aws_acm_certificate_validation.cloudfront",
            "aws_cloudfront_distribution.media",
            "aws_cloudfront_origin_access_control.oac",
            "aws_route53_record.cf_validation",
            "aws_s3_bucket.media",
            "data.aws_route53_zone.primary",
            "random_id.media"
          ]
        }
      ]
    },
    {
      "mode": "managed",
      "type": "aws_s3_bucket_public_access_block",
      "name": "media",
      "provider": "provider[\"registry.terraform.io/hashicorp/aws\"]",
      "instances": [
        {
          "schema_version": 0,
          "attributes": {
            "block_public_acls": true,
            "block_public_policy": true,
            "bucket": "cms-community-media-a283e378",
            "id": "cms-community-media-a283e378",
            "ignore_public_acls": true,
            "restrict_public_buckets": true
          },
          "sensitive_attributes": [],
          "identity_schema_version": 0,
          "private": "bnVsbA==",
          "dependencies": [
            "aws_s3_bucket.media",
            "random_id.media"
          ]
        }
      ]
    },
    {
      "mode": "managed",
      "type": "aws_secretsmanager_secret",
      "name": "api_keys",
      "provider": "provider[\"registry.terraform.io/hashicorp/aws\"]",
      "instances": [
        {
          "schema_version": 0,
          "attributes": {
            "arn": "arn:aws:secretsmanager:ap-northeast-1:897722691159:secret:cms-community/s3-l5lSAw",
            "description": "",
            "force_overwrite_replica_secret": false,
            "id": "arn:aws:secretsmanager:ap-northeast-1:897722691159:secret:cms-community/s3-l5lSAw",
            "kms_key_id": "",
            "name": "cms-community/s3",
            "name_prefix": "",
            "policy": "",
            "recovery_window_in_days": 30,
            "replica": [],
            "tags": {
              "Environment": "prod",
              "Project": "cms-community"
            },
            "tags_all": {
              "Environment": "prod",
              "Project": "cms-community"
            }
          },
          "sensitive_attributes": [],
          "identity_schema_version": 0,
          "private": "bnVsbA=="
        }
      ]
    },
    {
      "mode": "managed",
      "type": "aws_secretsmanager_secret",
      "name": "cognito",
      "provider": "provider[\"registry.terraform.io/hashicorp/aws\"]",
      "instances": [
        {
          "schema_version": 0,
          "attributes": {
            "arn": "arn:aws:secretsmanager:ap-northeast-1:897722691159:secret:cms-community/cognito-JRH8hr",
            "description": "",
            "force_overwrite_replica_secret": false,
            "id": "arn:aws:secretsmanager:ap-northeast-1:897722691159:secret:cms-community/cognito-JRH8hr",
            "kms_key_id": "",
            "name": "cms-community/cognito",
            "name_prefix": "",
            "policy": "",
            "recovery_window_in_days": 30,
            "replica": [],
            "tags": {
              "Environment": "prod",
              "Project": "cms-community"
            },
            "tags_all": {
              "Environment": "prod",
              "Project": "cms-community"
            }
          },
          "sensitive_attributes": [],
          "identity_schema_version": 0,
          "private": "bnVsbA=="
        }
      ]
    },
    {
      "mode": "managed",
      "type": "aws_secretsmanager_secret",
      "name": "database",
      "provider": "provider[\"registry.terraform.io/hashicorp/aws\"]",
      "instances": [
        {
          "schema_version": 0,
          "attributes": {
            "arn": "arn:aws:secretsmanager:ap-northeast-1:897722691159:secret:cms-community/db-rzHia8",
            "description": "",
            "force_overwrite_replica_secret": false,
            "id": "arn:aws:secretsmanager:ap-northeast-1:897722691159:secret:cms-community/db-rzHia8",
            "kms_key_id": "",
            "name": "cms-community/db",
            "name_prefix": "",
            "policy": "",
            "recovery_window_in_days": 30,
            "replica": [],
            "tags": {
              "Environment": "prod",
              "Project": "cms-community"
            },
            "tags_all": {
              "Environment": "prod",
              "Project": "cms-community"
            }
          },
          "sensitive_attributes": [],
          "identity_schema_version": 0,
          "private": "bnVsbA=="
        }
      ]
    },
    {
      "mode": "managed",
      "type": "aws_secretsmanager_secret_version",
      "name": "api_keys",
      "provider": "provider[\"registry.terraform.io/hashicorp/aws\"]",
      "instances": [
        {
          "schema_version": 0,
          "attributes": {
            "arn": "arn:aws:secretsmanager:ap-northeast-1:897722691159:secret:cms-community/s3-l5lSAw",
            "has_secret_string_wo": null,
            "id": "arn:aws:secretsmanager:ap-northeast-1:897722691159:secret:cms-community/s3-l5lSAw|terraform-2025111802090038340000000b",
            "secret_binary": "",
            "secret_id": "arn:aws:secretsmanager:ap-northeast-1:897722691159:secret:cms-community/s3-l5lSAw",
            "secret_string": "{\"AWS\":{\"comprehendJob\":\"cms-community\",\"rekognitionProject\":\"cms-community\"},\"cms\":{\"frontend\":{\"adminBucket\":\"cms-community-frontend-admin\",\"userBucket\":\"cms-community-frontend-user\"},\"media\":{\"bucket\":\"cms-community-media-a283e378\"}}}",
            "secret_string_wo": null,
            "secret_string_wo_version": null,
            "version_id": "terraform-2025111802090038340000000b",
            "version_stages": [
              "AWSCURRENT"
            ]
          },
          "sensitive_attributes": [
            [
              {
                "type": "get_attr",
                "value": "secret_binary"
              }
            ],
            [
              {
                "type": "get_attr",
                "value": "secret_string"
              }
            ],
            [
              {
                "type": "get_attr",
                "value": "secret_string_wo"
              }
            ]
          ],
          "identity_schema_version": 0,
          "private": "bnVsbA==",
          "dependencies": [
            "aws_s3_bucket.frontend_admin",
            "aws_s3_bucket.frontend_user",
            "aws_s3_bucket.media",
            "aws_secretsmanager_secret.api_keys",
            "random_id.media"
          ]
        }
      ]
    },
    {
      "mode": "managed",
      "type": "aws_secretsmanager_secret_version",
      "name": "cognito",
      "provider": "provider[\"registry.terraform.io/hashicorp/aws\"]",
      "instances": [
        {
          "schema_version": 0,
          "attributes": {
            "arn": "arn:aws:secretsmanager:ap-northeast-1:897722691159:secret:cms-community/cognito-JRH8hr",
            "has_secret_string_wo": null,
            "id": "arn:aws:secretsmanager:ap-northeast-1:897722691159:secret:cms-community/cognito-JRH8hr|terraform-20251118014832213900000007",
            "secret_binary": "",
            "secret_id": "arn:aws:secretsmanager:ap-northeast-1:897722691159:secret:cms-community/cognito-JRH8hr",
            "secret_string": "{\"AWS_REGION\":\"ap-northeast-1\",\"COGNITO_ADMIN_CLIENT_ID\":\"7j918ehmcoad92d0lmq9c77hlp\",\"COGNITO_CLIENT_ID\":\"5j9aco32eeb6nmjhhgt4dptd1r\",\"COGNITO_DOMAIN\":\"cms-community.auth.ap-northeast-1.amazoncognito.com\",\"COGNITO_ISSUER\":\"https://cognito-idp.ap-northeast-1.amazonaws.com/ap-northeast-1_EvALpmRmg\",\"COGNITO_POOL_ID\":\"ap-northeast-1_EvALpmRmg\"}",
            "secret_string_wo": null,
            "secret_string_wo_version": null,
            "version_id": "terraform-20251118014832213900000007",
            "version_stages": [
              "AWSCURRENT"
            ]
          },
          "sensitive_attributes": [
            [
              {
                "type": "get_attr",
                "value": "secret_binary"
              }
            ],
            [
              {
                "type": "get_attr",
                "value": "secret_string"
              }
            ],
            [
              {
                "type": "get_attr",
                "value": "secret_string_wo"
              }
            ]
          ],
          "identity_schema_version": 0,
          "private": "bnVsbA==",
          "dependencies": [
            "aws_cognito_resource_server.admin",
            "aws_cognito_user_pool.main",
            "aws_cognito_user_pool_client.admin",
            "aws_cognito_user_pool_client.user",
            "aws_secretsmanager_secret.cognito"
          ]
        }
      ]
    },
    {
      "mode": "managed",
      "type": "aws_secretsmanager_secret_version",
      "name": "database",
      "provider": "provider[\"registry.terraform.io/hashicorp/aws\"]",
      "instances": [
        {
          "schema_version": 0,
          "attributes": {
            "arn": "arn:aws:secretsmanager:ap-northeast-1:897722691159:secret:cms-community/db-rzHia8",
            "has_secret_string_wo": null,
            "id": "arn:aws:secretsmanager:ap-northeast-1:897722691159:secret:cms-community/db-rzHia8|terraform-20251118022500718500000005",
            "secret_binary": "",
            "secret_id": "arn:aws:secretsmanager:ap-northeast-1:897722691159:secret:cms-community/db-rzHia8",
            "secret_string": "{\"DB_JDBC_URL\":\"jdbc:mysql://cms-community-mysql.c7smuc224951.ap-northeast-1.rds.amazonaws.com:3306/cmsdb?useSSL=true\",\"DB_NAME\":\"cmsdb\",\"DB_PASSWORD\":\"Kopo1234!!\",\"DB_USERNAME\":\"admin\"}",
            "secret_string_wo": null,
            "secret_string_wo_version": null,
            "version_id": "terraform-20251118022500718500000005",
            "version_stages": [
              "AWSCURRENT"
            ]
          },
          "sensitive_attributes": [
            [
              {
                "type": "get_attr",
                "value": "secret_binary"
              }
            ],
            [
              {
                "type": "get_attr",
                "value": "secret_string"
              }
            ],
            [
              {
                "type": "get_attr",
                "value": "secret_string_wo"
              }
            ]
          ],
          "identity_schema_version": 0,
          "private": "bnVsbA==",
          "dependencies": [
            "aws_db_instance.app",
            "aws_db_subnet_group.mysql",
            "aws_secretsmanager_secret.database",
            "aws_security_group.alb",
            "aws_security_group.bastion",
            "aws_security_group.ecs",
            "aws_security_group.rds",
            "aws_subnet.private",
            "aws_vpc.main",
            "data.aws_availability_zones.available"
          ]
        }
      ]
    },
    {
      "mode": "managed",
      "type": "aws_security_group",
      "name": "alb",
      "provider": "provider[\"registry.terraform.io/hashicorp/aws\"]",
      "instances": [
        {
          "schema_version": 1,
          "attributes": {
            "arn": "arn:aws:ec2:ap-northeast-1:897722691159:security-group/sg-06e488be9db3677ec",
            "description": "Allow HTTPS from internet",
            "egress": [
              {
                "cidr_blocks": [
                  "0.0.0.0/0"
                ],
                "description": "",
                "from_port": 0,
                "ipv6_cidr_blocks": [],
                "prefix_list_ids": [],
                "protocol": "-1",
                "security_groups": [],
                "self": false,
                "to_port": 0
              }
            ],
            "id": "sg-06e488be9db3677ec",
            "ingress": [
              {
                "cidr_blocks": [
                  "0.0.0.0/0"
                ],
                "description": "",
                "from_port": 443,
                "ipv6_cidr_blocks": [],
                "prefix_list_ids": [],
                "protocol": "tcp",
                "security_groups": [],
                "self": false,
                "to_port": 443
              }
            ],
            "name": "cms-community-alb-sg",
            "name_prefix": "",
            "owner_id": "897722691159",
            "revoke_rules_on_delete": false,
            "tags": {
              "Environment": "prod",
              "Name": "cms-community-alb-sg",
              "Project": "cms-community"
            },
            "tags_all": {
              "Environment": "prod",
              "Name": "cms-community-alb-sg",
              "Project": "cms-community"
            },
            "timeouts": null,
            "vpc_id": "vpc-0d0de629c611f3f04"
          },
          "sensitive_attributes": [],
          "identity_schema_version": 0,
          "private": "eyJlMmJmYjczMC1lY2FhLTExZTYtOGY4OC0zNDM2M2JjN2M0YzAiOnsiY3JlYXRlIjo2MDAwMDAwMDAwMDAsImRlbGV0ZSI6OTAwMDAwMDAwMDAwfSwic2NoZW1hX3ZlcnNpb24iOiIxIn0=",
          "dependencies": [
            "aws_vpc.main"
          ]
        }
      ]
    },
    {
      "mode": "managed",
      "type": "aws_security_group",
      "name": "bastion",
      "provider": "provider[\"registry.terraform.io/hashicorp/aws\"]",
      "instances": [
        {
          "schema_version": 1,
          "attributes": {
            "arn": "arn:aws:ec2:ap-northeast-1:897722691159:security-group/sg-099c2c16e36f7229d",
            "description": "Allow SSH from allow list",
            "egress": [
              {
                "cidr_blocks": [
                  "0.0.0.0/0"
                ],
                "description": "",
                "from_port": 0,
                "ipv6_cidr_blocks": [],
                "prefix_list_ids": [],
                "protocol": "-1",
                "security_groups": [],
                "self": false,
                "to_port": 0
              }
            ],
            "id": "sg-099c2c16e36f7229d",
            "ingress": [
              {
                "cidr_blocks": [
                  "0.0.0.0/0"
                ],
                "description": "",
                "from_port": 22,
                "ipv6_cidr_blocks": [],
                "prefix_list_ids": [],
                "protocol": "tcp",
                "security_groups": [],
                "self": false,
                "to_port": 22
              },
              {
                "cidr_blocks": [],
                "description": "Allow ECS tasks to reach Grafana",
                "from_port": 3000,
                "ipv6_cidr_blocks": [],
                "prefix_list_ids": [],
                "protocol": "tcp",
                "security_groups": [
                  "sg-02bcbc38acb908bc3"
                ],
                "self": false,
                "to_port": 3000
              },
              {
                "cidr_blocks": [],
                "description": "Allow ECS tasks to reach Prometheus",
                "from_port": 9090,
                "ipv6_cidr_blocks": [],
                "prefix_list_ids": [],
                "protocol": "tcp",
                "security_groups": [
                  "sg-02bcbc38acb908bc3"
                ],
                "self": false,
                "to_port": 9090
              }
            ],
            "name": "cms-community-bastion-sg",
            "name_prefix": "",
            "owner_id": "897722691159",
            "revoke_rules_on_delete": false,
            "tags": {
              "Environment": "prod",
              "Name": "cms-community-bastion-sg",
              "Project": "cms-community"
            },
            "tags_all": {
              "Environment": "prod",
              "Name": "cms-community-bastion-sg",
              "Project": "cms-community"
            },
            "timeouts": null,
            "vpc_id": "vpc-0d0de629c611f3f04"
          },
          "sensitive_attributes": [],
          "identity_schema_version": 0,
          "private": "eyJlMmJmYjczMC1lY2FhLTExZTYtOGY4OC0zNDM2M2JjN2M0YzAiOnsiY3JlYXRlIjo2MDAwMDAwMDAwMDAsImRlbGV0ZSI6OTAwMDAwMDAwMDAwfSwic2NoZW1hX3ZlcnNpb24iOiIxIn0=",
          "dependencies": [
            "aws_security_group.alb",
            "aws_security_group.ecs",
            "aws_vpc.main"
          ]
        }
      ]
    },
    {
      "mode": "managed",
      "type": "aws_security_group",
      "name": "ecs",
      "provider": "provider[\"registry.terraform.io/hashicorp/aws\"]",
      "instances": [
        {
          "schema_version": 1,
          "attributes": {
            "arn": "arn:aws:ec2:ap-northeast-1:897722691159:security-group/sg-02bcbc38acb908bc3",
            "description": "Allow traffic from ALB",
            "egress": [
              {
                "cidr_blocks": [
                  "0.0.0.0/0"
                ],
                "description": "",
                "from_port": 0,
                "ipv6_cidr_blocks": [],
                "prefix_list_ids": [],
                "protocol": "-1",
                "security_groups": [],
                "self": false,
                "to_port": 0
              }
            ],
            "id": "sg-02bcbc38acb908bc3",
            "ingress": [
              {
                "cidr_blocks": [],
                "description": "ALB to ECS",
                "from_port": 8080,
                "ipv6_cidr_blocks": [],
                "prefix_list_ids": [],
                "protocol": "tcp",
                "security_groups": [
                  "sg-06e488be9db3677ec"
                ],
                "self": false,
                "to_port": 8080
              }
            ],
            "name": "cms-community-ecs-sg",
            "name_prefix": "",
            "owner_id": "897722691159",
            "revoke_rules_on_delete": false,
            "tags": {
              "Environment": "prod",
              "Name": "cms-community-ecs-sg",
              "Project": "cms-community"
            },
            "tags_all": {
              "Environment": "prod",
              "Name": "cms-community-ecs-sg",
              "Project": "cms-community"
            },
            "timeouts": null,
            "vpc_id": "vpc-0d0de629c611f3f04"
          },
          "sensitive_attributes": [],
          "identity_schema_version": 0,
          "private": "eyJlMmJmYjczMC1lY2FhLTExZTYtOGY4OC0zNDM2M2JjN2M0YzAiOnsiY3JlYXRlIjo2MDAwMDAwMDAwMDAsImRlbGV0ZSI6OTAwMDAwMDAwMDAwfSwic2NoZW1hX3ZlcnNpb24iOiIxIn0=",
          "dependencies": [
            "aws_security_group.alb",
            "aws_vpc.main"
          ]
        }
      ]
    },
    {
      "mode": "managed",
      "type": "aws_security_group",
      "name": "monitoring",
      "provider": "provider[\"registry.terraform.io/hashicorp/aws\"]",
      "instances": [
        {
          "schema_version": 1,
          "attributes": {
            "arn": "arn:aws:ec2:ap-northeast-1:897722691159:security-group/sg-0d58c9f0dab55028d",
            "description": "Allow Grafana/Prometheus within VPC",
            "egress": [
              {
                "cidr_blocks": [
                  "0.0.0.0/0"
                ],
                "description": "",
                "from_port": 0,
                "ipv6_cidr_blocks": [],
                "prefix_list_ids": [],
                "protocol": "-1",
                "security_groups": [],
                "self": false,
                "to_port": 0
              }
            ],
            "id": "sg-0d58c9f0dab55028d",
            "ingress": [
              {
                "cidr_blocks": [
                  "10.30.0.0/16"
                ],
                "description": "Grafana",
                "from_port": 3000,
                "ipv6_cidr_blocks": [],
                "prefix_list_ids": [],
                "protocol": "tcp",
                "security_groups": [],
                "self": false,
                "to_port": 3000
              },
              {
                "cidr_blocks": [
                  "10.30.0.0/16"
                ],
                "description": "Prometheus",
                "from_port": 9090,
                "ipv6_cidr_blocks": [],
                "prefix_list_ids": [],
                "protocol": "tcp",
                "security_groups": [],
                "self": false,
                "to_port": 9090
              },
              {
                "cidr_blocks": [],
                "description": "Grafana from backend ECS",
                "from_port": 3000,
                "ipv6_cidr_blocks": [],
                "prefix_list_ids": [],
                "protocol": "tcp",
                "security_groups": [
                  "sg-02bcbc38acb908bc3"
                ],
                "self": false,
                "to_port": 3000
              },
              {
                "cidr_blocks": [],
                "description": "Prometheus from backend ECS",
                "from_port": 9090,
                "ipv6_cidr_blocks": [],
                "prefix_list_ids": [],
                "protocol": "tcp",
                "security_groups": [
                  "sg-02bcbc38acb908bc3"
                ],
                "self": false,
                "to_port": 9090
              }
            ],
            "name": "cms-community-monitoring-sg",
            "name_prefix": "",
            "owner_id": "897722691159",
            "revoke_rules_on_delete": false,
            "tags": {
              "Environment": "prod",
              "Name": "cms-community-monitoring-sg",
              "Project": "cms-community"
            },
            "tags_all": {
              "Environment": "prod",
              "Name": "cms-community-monitoring-sg",
              "Project": "cms-community"
            },
            "timeouts": null,
            "vpc_id": "vpc-0d0de629c611f3f04"
          },
          "sensitive_attributes": [],
          "identity_schema_version": 0,
          "private": "eyJlMmJmYjczMC1lY2FhLTExZTYtOGY4OC0zNDM2M2JjN2M0YzAiOnsiY3JlYXRlIjo2MDAwMDAwMDAwMDAsImRlbGV0ZSI6OTAwMDAwMDAwMDAwfSwic2NoZW1hX3ZlcnNpb24iOiIxIn0=",
          "dependencies": [
            "aws_security_group.alb",
            "aws_security_group.ecs",
            "aws_vpc.main"
          ]
        }
      ]
    },
    {
      "mode": "managed",
      "type": "aws_security_group",
      "name": "rds",
      "provider": "provider[\"registry.terraform.io/hashicorp/aws\"]",
      "instances": [
        {
          "schema_version": 1,
          "attributes": {
            "arn": "arn:aws:ec2:ap-northeast-1:897722691159:security-group/sg-05a5e6845ec793275",
            "description": "Allow MySQL from ECS and bastion",
            "egress": [
              {
                "cidr_blocks": [
                  "0.0.0.0/0"
                ],
                "description": "",
                "from_port": 0,
                "ipv6_cidr_blocks": [],
                "prefix_list_ids": [],
                "protocol": "-1",
                "security_groups": [],
                "self": false,
                "to_port": 0
              }
            ],
            "id": "sg-05a5e6845ec793275",
            "ingress": [
              {
                "cidr_blocks": [],
                "description": "",
                "from_port": 3306,
                "ipv6_cidr_blocks": [],
                "prefix_list_ids": [],
                "protocol": "tcp",
                "security_groups": [
                  "sg-02bcbc38acb908bc3"
                ],
                "self": false,
                "to_port": 3306
              },
              {
                "cidr_blocks": [],
                "description": "",
                "from_port": 3306,
                "ipv6_cidr_blocks": [],
                "prefix_list_ids": [],
                "protocol": "tcp",
                "security_groups": [
                  "sg-099c2c16e36f7229d"
                ],
                "self": false,
                "to_port": 3306
              }
            ],
            "name": "cms-community-rds-sg",
            "name_prefix": "",
            "owner_id": "897722691159",
            "revoke_rules_on_delete": false,
            "tags": {
              "Environment": "prod",
              "Name": "cms-community-rds-sg",
              "Project": "cms-community"
            },
            "tags_all": {
              "Environment": "prod",
              "Name": "cms-community-rds-sg",
              "Project": "cms-community"
            },
            "timeouts": null,
            "vpc_id": "vpc-0d0de629c611f3f04"
          },
          "sensitive_attributes": [],
          "identity_schema_version": 0,
          "private": "eyJlMmJmYjczMC1lY2FhLTExZTYtOGY4OC0zNDM2M2JjN2M0YzAiOnsiY3JlYXRlIjo2MDAwMDAwMDAwMDAsImRlbGV0ZSI6OTAwMDAwMDAwMDAwfSwic2NoZW1hX3ZlcnNpb24iOiIxIn0=",
          "dependencies": [
            "aws_security_group.alb",
            "aws_security_group.bastion",
            "aws_security_group.ecs",
            "aws_vpc.main"
          ]
        }
      ]
    },
    {
      "mode": "managed",
      "type": "aws_sns_topic",
      "name": "moderation",
      "provider": "provider[\"registry.terraform.io/hashicorp/aws\"]",
      "instances": [
        {
          "schema_version": 0,
          "attributes": {
            "application_failure_feedback_role_arn": "",
            "application_success_feedback_role_arn": "",
            "application_success_feedback_sample_rate": 0,
            "archive_policy": "",
            "arn": "arn:aws:sns:ap-northeast-1:897722691159:cms-community-moderation",
            "beginning_archive_time": "",
            "content_based_deduplication": false,
            "delivery_policy": "",
            "display_name": "",
            "fifo_throughput_scope": "",
            "fifo_topic": false,
            "firehose_failure_feedback_role_arn": "",
            "firehose_success_feedback_role_arn": "",
            "firehose_success_feedback_sample_rate": 0,
            "http_failure_feedback_role_arn": "",
            "http_success_feedback_role_arn": "",
            "http_success_feedback_sample_rate": 0,
            "id": "arn:aws:sns:ap-northeast-1:897722691159:cms-community-moderation",
            "kms_master_key_id": "",
            "lambda_failure_feedback_role_arn": "",
            "lambda_success_feedback_role_arn": "",
            "lambda_success_feedback_sample_rate": 0,
            "name": "cms-community-moderation",
            "name_prefix": "",
            "owner": "897722691159",
            "policy": "{\"Id\":\"__default_policy_ID\",\"Statement\":[{\"Action\":[\"SNS:GetTopicAttributes\",\"SNS:SetTopicAttributes\",\"SNS:AddPermission\",\"SNS:RemovePermission\",\"SNS:DeleteTopic\",\"SNS:Subscribe\",\"SNS:ListSubscriptionsByTopic\",\"SNS:Publish\"],\"Condition\":{\"StringEquals\":{\"AWS:SourceOwner\":\"897722691159\"}},\"Effect\":\"Allow\",\"Principal\":{\"AWS\":\"*\"},\"Resource\":\"arn:aws:sns:ap-northeast-1:897722691159:cms-community-moderation\",\"Sid\":\"__default_statement_ID\"}],\"Version\":\"2008-10-17\"}",
            "signature_version": 0,
            "sqs_failure_feedback_role_arn": "",
            "sqs_success_feedback_role_arn": "",
            "sqs_success_feedback_sample_rate": 0,
            "tags": {
              "Environment": "prod",
              "Project": "cms-community"
            },
            "tags_all": {
              "Environment": "prod",
              "Project": "cms-community"
            },
            "tracing_config": ""
          },
          "sensitive_attributes": [],
          "identity_schema_version": 0,
          "private": "bnVsbA=="
        }
      ]
    },
    {
      "mode": "managed",
      "type": "aws_sns_topic_subscription",
      "name": "moderation",
      "provider": "provider[\"registry.terraform.io/hashicorp/aws\"]",
      "instances": [
        {
          "schema_version": 0,
          "attributes": {
            "arn": "arn:aws:sns:ap-northeast-1:897722691159:cms-community-moderation:31fcb040-3d96-43b8-860d-5083099ed636",
            "confirmation_timeout_in_minutes": 1,
            "confirmation_was_authenticated": true,
            "delivery_policy": "",
            "endpoint": "arn:aws:sqs:ap-northeast-1:897722691159:cms-community-moderation",
            "endpoint_auto_confirms": false,
            "filter_policy": "",
            "filter_policy_scope": "",
            "id": "arn:aws:sns:ap-northeast-1:897722691159:cms-community-moderation:31fcb040-3d96-43b8-860d-5083099ed636",
            "owner_id": "897722691159",
            "pending_confirmation": false,
            "protocol": "sqs",
            "raw_message_delivery": true,
            "redrive_policy": "",
            "replay_policy": "",
            "subscription_role_arn": "",
            "topic_arn": "arn:aws:sns:ap-northeast-1:897722691159:cms-community-moderation"
          },
          "sensitive_attributes": [],
          "identity_schema_version": 0,
          "private": "bnVsbA==",
          "dependencies": [
            "aws_sns_topic.moderation",
            "aws_sqs_queue.moderation"
          ]
        }
      ]
    },
    {
      "mode": "managed",
      "type": "aws_sqs_queue",
      "name": "moderation",
      "provider": "provider[\"registry.terraform.io/hashicorp/aws\"]",
      "instances": [
        {
          "schema_version": 0,
          "attributes": {
            "arn": "arn:aws:sqs:ap-northeast-1:897722691159:cms-community-moderation",
            "content_based_deduplication": false,
            "deduplication_scope": "",
            "delay_seconds": 0,
            "fifo_queue": false,
            "fifo_throughput_limit": "",
            "id": "https://sqs.ap-northeast-1.amazonaws.com/897722691159/cms-community-moderation",
            "kms_data_key_reuse_period_seconds": 300,
            "kms_master_key_id": "",
            "max_message_size": 262144,
            "message_retention_seconds": 345600,
            "name": "cms-community-moderation",
            "name_prefix": "",
            "policy": "{\"Statement\":[{\"Action\":\"sqs:SendMessage\",\"Condition\":{\"ArnEquals\":{\"aws:SourceArn\":\"arn:aws:sns:ap-northeast-1:897722691159:cms-community-moderation\"}},\"Effect\":\"Allow\",\"Principal\":\"*\",\"Resource\":\"arn:aws:sqs:ap-northeast-1:897722691159:cms-community-moderation\"}],\"Version\":\"2012-10-17\"}",
            "receive_wait_time_seconds": 0,
            "redrive_allow_policy": "",
            "redrive_policy": "",
            "sqs_managed_sse_enabled": true,
            "tags": {
              "Environment": "prod",
              "Project": "cms-community"
            },
            "tags_all": {
              "Environment": "prod",
              "Project": "cms-community"
            },
            "timeouts": null,
            "url": "https://sqs.ap-northeast-1.amazonaws.com/897722691159/cms-community-moderation",
            "visibility_timeout_seconds": 30
          },
          "sensitive_attributes": [],
          "identity_schema_version": 0,
          "private": "eyJlMmJmYjczMC1lY2FhLTExZTYtOGY4OC0zNDM2M2JjN2M0YzAiOnsiY3JlYXRlIjoxODAwMDAwMDAwMDAsImRlbGV0ZSI6MTgwMDAwMDAwMDAwLCJ1cGRhdGUiOjE4MDAwMDAwMDAwMH19"
        }
      ]
    },
    {
      "mode": "managed",
      "type": "aws_sqs_queue_policy",
      "name": "moderation",
      "provider": "provider[\"registry.terraform.io/hashicorp/aws\"]",
      "instances": [
        {
          "schema_version": 1,
          "attributes": {
            "id": "https://sqs.ap-northeast-1.amazonaws.com/897722691159/cms-community-moderation",
            "policy": "{\"Statement\":[{\"Action\":\"sqs:SendMessage\",\"Condition\":{\"ArnEquals\":{\"aws:SourceArn\":\"arn:aws:sns:ap-northeast-1:897722691159:cms-community-moderation\"}},\"Effect\":\"Allow\",\"Principal\":\"*\",\"Resource\":\"arn:aws:sqs:ap-northeast-1:897722691159:cms-community-moderation\"}],\"Version\":\"2012-10-17\"}",
            "queue_url": "https://sqs.ap-northeast-1.amazonaws.com/897722691159/cms-community-moderation"
          },
          "sensitive_attributes": [],
          "identity_schema_version": 0,
          "private": "eyJzY2hlbWFfdmVyc2lvbiI6IjEifQ==",
          "dependencies": [
            "aws_sns_topic.moderation",
            "aws_sqs_queue.moderation"
          ]
        }
      ]
    },
    {
      "mode": "managed",
      "type": "aws_subnet",
      "name": "private",
      "provider": "provider[\"registry.terraform.io/hashicorp/aws\"]",
      "instances": [
        {
          "index_key": "10.30.11.0/24",
          "schema_version": 1,
          "attributes": {
            "arn": "arn:aws:ec2:ap-northeast-1:897722691159:subnet/subnet-04b7392b801def65b",
            "assign_ipv6_address_on_creation": false,
            "availability_zone": "ap-northeast-1a",
            "availability_zone_id": "apne1-az4",
            "cidr_block": "10.30.11.0/24",
            "customer_owned_ipv4_pool": "",
            "enable_dns64": false,
            "enable_lni_at_device_index": 0,
            "enable_resource_name_dns_a_record_on_launch": false,
            "enable_resource_name_dns_aaaa_record_on_launch": false,
            "id": "subnet-04b7392b801def65b",
            "ipv6_cidr_block": "",
            "ipv6_cidr_block_association_id": "",
            "ipv6_native": false,
            "map_customer_owned_ip_on_launch": false,
            "map_public_ip_on_launch": false,
            "outpost_arn": "",
            "owner_id": "897722691159",
            "private_dns_hostname_type_on_launch": "ip-name",
            "tags": {
              "Environment": "prod",
              "Name": "cms-community-private-1",
              "Project": "cms-community"
            },
            "tags_all": {
              "Environment": "prod",
              "Name": "cms-community-private-1",
              "Project": "cms-community"
            },
            "timeouts": null,
            "vpc_id": "vpc-0d0de629c611f3f04"
          },
          "sensitive_attributes": [],
          "identity_schema_version": 0,
          "private": "eyJlMmJmYjczMC1lY2FhLTExZTYtOGY4OC0zNDM2M2JjN2M0YzAiOnsiY3JlYXRlIjo2MDAwMDAwMDAwMDAsImRlbGV0ZSI6MTIwMDAwMDAwMDAwMH0sInNjaGVtYV92ZXJzaW9uIjoiMSJ9",
          "dependencies": [
            "aws_vpc.main",
            "data.aws_availability_zones.available"
          ]
        },
        {
          "index_key": "10.30.12.0/24",
          "schema_version": 1,
          "attributes": {
            "arn": "arn:aws:ec2:ap-northeast-1:897722691159:subnet/subnet-051eb100160b80207",
            "assign_ipv6_address_on_creation": false,
            "availability_zone": "ap-northeast-1c",
            "availability_zone_id": "apne1-az1",
            "cidr_block": "10.30.12.0/24",
            "customer_owned_ipv4_pool": "",
            "enable_dns64": false,
            "enable_lni_at_device_index": 0,
            "enable_resource_name_dns_a_record_on_launch": false,
            "enable_resource_name_dns_aaaa_record_on_launch": false,
            "id": "subnet-051eb100160b80207",
            "ipv6_cidr_block": "",
            "ipv6_cidr_block_association_id": "",
            "ipv6_native": false,
            "map_customer_owned_ip_on_launch": false,
            "map_public_ip_on_launch": false,
            "outpost_arn": "",
            "owner_id": "897722691159",
            "private_dns_hostname_type_on_launch": "ip-name",
            "tags": {
              "Environment": "prod",
              "Name": "cms-community-private-2",
              "Project": "cms-community"
            },
            "tags_all": {
              "Environment": "prod",
              "Name": "cms-community-private-2",
              "Project": "cms-community"
            },
            "timeouts": null,
            "vpc_id": "vpc-0d0de629c611f3f04"
          },
          "sensitive_attributes": [],
          "identity_schema_version": 0,
          "private": "eyJlMmJmYjczMC1lY2FhLTExZTYtOGY4OC0zNDM2M2JjN2M0YzAiOnsiY3JlYXRlIjo2MDAwMDAwMDAwMDAsImRlbGV0ZSI6MTIwMDAwMDAwMDAwMH0sInNjaGVtYV92ZXJzaW9uIjoiMSJ9",
          "dependencies": [
            "aws_vpc.main",
            "data.aws_availability_zones.available"
          ]
        }
      ]
    },
    {
      "mode": "managed",
      "type": "aws_subnet",
      "name": "public",
      "provider": "provider[\"registry.terraform.io/hashicorp/aws\"]",
      "instances": [
        {
          "index_key": "10.30.1.0/24",
          "schema_version": 1,
          "attributes": {
            "arn": "arn:aws:ec2:ap-northeast-1:897722691159:subnet/subnet-0407a839893680951",
            "assign_ipv6_address_on_creation": false,
            "availability_zone": "ap-northeast-1a",
            "availability_zone_id": "apne1-az4",
            "cidr_block": "10.30.1.0/24",
            "customer_owned_ipv4_pool": "",
            "enable_dns64": false,
            "enable_lni_at_device_index": 0,
            "enable_resource_name_dns_a_record_on_launch": false,
            "enable_resource_name_dns_aaaa_record_on_launch": false,
            "id": "subnet-0407a839893680951",
            "ipv6_cidr_block": "",
            "ipv6_cidr_block_association_id": "",
            "ipv6_native": false,
            "map_customer_owned_ip_on_launch": false,
            "map_public_ip_on_launch": true,
            "outpost_arn": "",
            "owner_id": "897722691159",
            "private_dns_hostname_type_on_launch": "ip-name",
            "tags": {
              "Environment": "prod",
              "Name": "cms-community-public-1",
              "Project": "cms-community"
            },
            "tags_all": {
              "Environment": "prod",
              "Name": "cms-community-public-1",
              "Project": "cms-community"
            },
            "timeouts": null,
            "vpc_id": "vpc-0d0de629c611f3f04"
          },
          "sensitive_attributes": [],
          "identity_schema_version": 0,
          "private": "eyJlMmJmYjczMC1lY2FhLTExZTYtOGY4OC0zNDM2M2JjN2M0YzAiOnsiY3JlYXRlIjo2MDAwMDAwMDAwMDAsImRlbGV0ZSI6MTIwMDAwMDAwMDAwMH0sInNjaGVtYV92ZXJzaW9uIjoiMSJ9",
          "dependencies": [
            "aws_vpc.main",
            "data.aws_availability_zones.available"
          ]
        },
        {
          "index_key": "10.30.2.0/24",
          "schema_version": 1,
          "attributes": {
            "arn": "arn:aws:ec2:ap-northeast-1:897722691159:subnet/subnet-069a672da59928c14",
            "assign_ipv6_address_on_creation": false,
            "availability_zone": "ap-northeast-1c",
            "availability_zone_id": "apne1-az1",
            "cidr_block": "10.30.2.0/24",
            "customer_owned_ipv4_pool": "",
            "enable_dns64": false,
            "enable_lni_at_device_index": 0,
            "enable_resource_name_dns_a_record_on_launch": false,
            "enable_resource_name_dns_aaaa_record_on_launch": false,
            "id": "subnet-069a672da59928c14",
            "ipv6_cidr_block": "",
            "ipv6_cidr_block_association_id": "",
            "ipv6_native": false,
            "map_customer_owned_ip_on_launch": false,
            "map_public_ip_on_launch": true,
            "outpost_arn": "",
            "owner_id": "897722691159",
            "private_dns_hostname_type_on_launch": "ip-name",
            "tags": {
              "Environment": "prod",
              "Name": "cms-community-public-2",
              "Project": "cms-community"
            },
            "tags_all": {
              "Environment": "prod",
              "Name": "cms-community-public-2",
              "Project": "cms-community"
            },
            "timeouts": null,
            "vpc_id": "vpc-0d0de629c611f3f04"
          },
          "sensitive_attributes": [],
          "identity_schema_version": 0,
          "private": "eyJlMmJmYjczMC1lY2FhLTExZTYtOGY4OC0zNDM2M2JjN2M0YzAiOnsiY3JlYXRlIjo2MDAwMDAwMDAwMDAsImRlbGV0ZSI6MTIwMDAwMDAwMDAwMH0sInNjaGVtYV92ZXJzaW9uIjoiMSJ9",
          "dependencies": [
            "aws_vpc.main",
            "data.aws_availability_zones.available"
          ]
        }
      ]
    },
    {
      "mode": "managed",
      "type": "aws_vpc",
      "name": "main",
      "provider": "provider[\"registry.terraform.io/hashicorp/aws\"]",
      "instances": [
        {
          "schema_version": 1,
          "attributes": {
            "arn": "arn:aws:ec2:ap-northeast-1:897722691159:vpc/vpc-0d0de629c611f3f04",
            "assign_generated_ipv6_cidr_block": false,
            "cidr_block": "10.30.0.0/16",
            "default_network_acl_id": "acl-0cee2d3c1f1ad1628",
            "default_route_table_id": "rtb-089df343bc46e0589",
            "default_security_group_id": "sg-0a47c354756e28ac5",
            "dhcp_options_id": "dopt-00f1f9e6b03f1d1e0",
            "enable_dns_hostnames": true,
            "enable_dns_support": true,
            "enable_network_address_usage_metrics": false,
            "id": "vpc-0d0de629c611f3f04",
            "instance_tenancy": "default",
            "ipv4_ipam_pool_id": null,
            "ipv4_netmask_length": null,
            "ipv6_association_id": "",
            "ipv6_cidr_block": "",
            "ipv6_cidr_block_network_border_group": "",
            "ipv6_ipam_pool_id": "",
            "ipv6_netmask_length": 0,
            "main_route_table_id": "rtb-089df343bc46e0589",
            "owner_id": "897722691159",
            "tags": {
              "Environment": "prod",
              "Name": "cms-community-vpc",
              "Project": "cms-community"
            },
            "tags_all": {
              "Environment": "prod",
              "Name": "cms-community-vpc",
              "Project": "cms-community"
            }
          },
          "sensitive_attributes": [],
          "identity_schema_version": 0,
          "private": "eyJzY2hlbWFfdmVyc2lvbiI6IjEifQ==",
          "create_before_destroy": true
        }
      ]
    },
    {
      "mode": "managed",
      "type": "random_id",
      "name": "media",
      "provider": "provider[\"registry.terraform.io/hashicorp/random\"]",
      "instances": [
        {
          "schema_version": 0,
          "attributes": {
            "b64_std": "ooPjeA==",
            "b64_url": "ooPjeA",
            "byte_length": 4,
            "dec": "2726552440",
            "hex": "a283e378",
            "id": "ooPjeA",
            "keepers": null,
            "prefix": null
          },
          "sensitive_attributes": [],
          "identity_schema_version": 0
        }
      ]
    }
  ],
  "check_results": [
    {
      "object_kind": "resource",
      "config_addr": "aws_instance.bastion",
      "status": "pass",
      "objects": [
        {
          "object_addr": "aws_instance.bastion",
          "status": "pass"
        }
      ]
    }
  ]
}
